
Microsoft Visual Studio Solution File, Format Version 12.00
# Visual Studio 14
VisualStudioVersion = 14.0.25420.1
MinimumVisualStudioVersion = 10.0.40219.1
Project("{2150E333-8FDC-42A3-9474-1A3956D46DE8}") = "Infrastructure", "Infrastructure", "{F8FED8D2-E9CC-484B-9794-C60B0191CF7C}"
EndProject
Project("{2150E333-8FDC-42A3-9474-1A3956D46DE8}") = "Managers Layer", "Managers Layer", "{90E75EF0-F385-4AA2-BEC2-706D75A4E363}"
EndProject
Project("{2150E333-8FDC-42A3-9474-1A3956D46DE8}") = "DataAccess Layer", "DataAccess Layer", "{71152D90-9B19-442E-AD44-F385A35B4DD2}"
EndProject
Project("{2150E333-8FDC-42A3-9474-1A3956D46DE8}") = "Presentation Layer", "Presentation Layer", "{AFA994D0-4315-495A-A14A-74BC79DA9A51}"
EndProject
Project("{2150E333-8FDC-42A3-9474-1A3956D46DE8}") = "Engines Layer", "Engines Layer", "{970EB44D-38AF-479F-AFC1-CDDB9C17113A}"
EndProject
Project("{2150E333-8FDC-42A3-9474-1A3956D46DE8}") = "Tests", "Tests", "{D150B452-1254-4C2D-90DA-27765E2C7C0B}"
EndProject
Project("{2150E333-8FDC-42A3-9474-1A3956D46DE8}") = "Utils", "Utils", "{2B7D0649-6899-491F-B4E7-70D163B1F72D}"
EndProject
Project("{2150E333-8FDC-42A3-9474-1A3956D46DE8}") = "Console Hosts", "Console Hosts", "{2B3C3D7D-D36A-47E8-9395-DB1AA2D271EA}"
EndProject
Project("{FAE04EC0-301F-11D3-BF4B-00C04F79EFBC}") = "EntityFX.GdCame.Test.Entity", "EntityFX.GdCame.Test.Entity\EntityFX.GdCame.Test.Entity.csproj", "{6A8CFFC2-2467-4C6E-93DC-6C76B43E0180}"
EndProject
Project("{2150E333-8FDC-42A3-9474-1A3956D46DE8}") = "Common", "Common", "{2ECE9623-BD00-47BF-A617-3104D0E03486}"
EndProject
Project("{2150E333-8FDC-42A3-9474-1A3956D46DE8}") = ".nuget", ".nuget", "{E9B9F151-BD79-46FA-83B9-77CF77455F3A}"
	ProjectSection(SolutionItems) = preProject
		.nuget\NuGet.Config = .nuget\NuGet.Config
		.nuget\NuGet.exe = .nuget\NuGet.exe
		.nuget\NuGet.targets = .nuget\NuGet.targets
	EndProjectSection
EndProject
Project("{2150E333-8FDC-42A3-9474-1A3956D46DE8}") = "Shared", "Shared", "{A76DA6B5-F5DC-4E1F-8B1B-E89BA8216229}"
	ProjectSection(SolutionItems) = preProject
		EntityFX.Gdcame.Test.Shared\ContainerBootstrapper.cs = EntityFX.Gdcame.Test.Shared\ContainerBootstrapper.cs
		EntityFX.GdCame.Test.Shared\GameRunnerBase.cs = EntityFX.GdCame.Test.Shared\GameRunnerBase.cs
		EntityFX.GdCame.Test.Shared\PrettyConsole.cs = EntityFX.GdCame.Test.Shared\PrettyConsole.cs
	EndProjectSection
EndProject
Project("{2150E333-8FDC-42A3-9474-1A3956D46DE8}") = "Notify Consumer Layer", "Notify Consumer Layer", "{5FB81BA3-44E9-4E51-B46D-7EF7BB4C87C1}"
EndProject
Project("{2150E333-8FDC-42A3-9474-1A3956D46DE8}") = "Windows Hosts", "Windows Hosts", "{7E755489-4971-4475-8018-CE2ACC8D182D}"
EndProject
Project("{00D1A9C2-B5F0-4AF3-8072-F6C62B433612}") = "EntityFX.Gdcame.Database.MsSql", "EntityFX.Gdcame.Database.MsSql\EntityFX.Gdcame.Database.MsSql.sqlproj", "{4FF756A4-148E-4E5D-8AAF-7558660F621E}"
EndProject
Project("{FAE04EC0-301F-11D3-BF4B-00C04F79EFBC}") = "EntityFX.Gdcame.DataAccess.Contract", "EntityFX.Gdcame.DataAccess.Contract\EntityFX.Gdcame.DataAccess.Contract.csproj", "{0932D8B3-29EB-4546-987A-B246421A9B87}"
EndProject
Project("{FAE04EC0-301F-11D3-BF4B-00C04F79EFBC}") = "EntityFX.Gdcame.Common.Contract", "EntityFX.Gdcame.Common.Contract\EntityFX.Gdcame.Common.Contract.csproj", "{89F89C37-F564-47EB-839D-C45ACD9D012A}"
EndProject
Project("{FAE04EC0-301F-11D3-BF4B-00C04F79EFBC}") = "EntityFX.Gdcame.Common.Presentation.Model", "EntityFX.Gdcame.Common.Presentation.Model\EntityFX.Gdcame.Common.Presentation.Model.csproj", "{3B44AFC0-F207-44E4-9F91-7F24E1F4D342}"
EndProject
Project("{FAE04EC0-301F-11D3-BF4B-00C04F79EFBC}") = "EntityFX.Gdcame.DataAccess.Repository.Ef", "EntityFX.Gdcame.DataAccess.Repository\EntityFX.Gdcame.DataAccess.Repository.Ef.csproj", "{D5A72A34-5DE5-41E1-B52E-8F70D19CB7BF}"
EndProject
Project("{FAE04EC0-301F-11D3-BF4B-00C04F79EFBC}") = "EntityFX.Gdcame.DataAccess.Service", "EntityFX.Gdcame.DataAccess.Service\EntityFX.Gdcame.DataAccess.Service.csproj", "{2008F2C2-C1FA-4CB9-8A99-A9406AC4967D}"
EndProject
Project("{FAE04EC0-301F-11D3-BF4B-00C04F79EFBC}") = "EntityFX.Gdcame.Infrastructure.Common", "EntityFX.Gdcame.Infrastructure.Common\EntityFX.Gdcame.Infrastructure.Common.csproj", "{924CC67D-9E2B-46BA-BE1D-6C6C780CCFBC}"
EndProject
Project("{FAE04EC0-301F-11D3-BF4B-00C04F79EFBC}") = "EntityFX.Gdcame.Infrastructure.Repository", "EntityFX.Gdcame.Infrastructure.Repository\EntityFX.Gdcame.Infrastructure.Repository.csproj", "{95745C95-A356-4E4A-9AC5-25ABD9659831}"
EndProject
Project("{FAE04EC0-301F-11D3-BF4B-00C04F79EFBC}") = "EntityFX.Gdcame.Infrastructure.Service", "EntityFX.Gdcame.Infrastructure.Service\EntityFX.Gdcame.Infrastructure.Service.csproj", "{2B414418-F3D8-4528-BA9F-6FEFA8B7AA03}"
EndProject
Project("{FAE04EC0-301F-11D3-BF4B-00C04F79EFBC}") = "EntityFX.Gdcame.Manager.Contract", "EntityFX.Gdcame.Manager.Contract\EntityFX.Gdcame.Manager.Contract.csproj", "{41696F24-E345-4599-A0C7-0715F64946D8}"
EndProject
Project("{FAE04EC0-301F-11D3-BF4B-00C04F79EFBC}") = "EntityFX.Gdcame.Manager", "EntityFX.Gdcame.Manager\EntityFX.Gdcame.Manager.csproj", "{56A380DE-2370-4C2D-8C8E-EAF3163C92EC}"
EndProject
Project("{FAE04EC0-301F-11D3-BF4B-00C04F79EFBC}") = "EntityFX.Gdcame.GameEngine.Contract", "EntityFX.Gdcame.GameEngine.Contract\EntityFX.Gdcame.GameEngine.Contract.csproj", "{BEEA0656-542B-4C48-A480-CEFF662DD29F}"
EndProject
Project("{FAE04EC0-301F-11D3-BF4B-00C04F79EFBC}") = "EntityFX.Gdcame.GameEngine", "EntityFX.Gdcame.GameEngine\EntityFX.Gdcame.GameEngine.csproj", "{19D1BC2F-D0EB-4012-BCF2-CED6F3B926B2}"
EndProject
Project("{FAE04EC0-301F-11D3-BF4B-00C04F79EFBC}") = "EntityFX.Gdcame.NotifyConsumer.Contract", "EntityFX.Gdcame.NotifyConsumer.Contract\EntityFX.Gdcame.NotifyConsumer.Contract.csproj", "{AA98B2BE-929C-4BBA-B352-E3095DBEB96B}"
EndProject
Project("{FAE04EC0-301F-11D3-BF4B-00C04F79EFBC}") = "EntityFX.Gdcame.NotifyConsumer", "EntityFX.Gdcame.NotifyConsumer\EntityFX.Gdcame.NotifyConsumer.csproj", "{560B4D9D-4F4C-4659-8860-1C628448D154}"
EndProject
Project("{FAE04EC0-301F-11D3-BF4B-00C04F79EFBC}") = "EntityFX.Gdcame.NotifyConsumer.Signalr", "EntityFX.Gdcame.NotifyConsumer.Signalr\EntityFX.Gdcame.NotifyConsumer.Signalr.csproj", "{6C13790D-5C7A-4D9F-9D8B-4CD28F3536F6}"
EndProject
Project("{FAE04EC0-301F-11D3-BF4B-00C04F79EFBC}") = "EntityFX.Gdcame.Presentation.Contract.Model", "EntityFX.Gdcame.Presentation.Web.Model\EntityFX.Gdcame.Presentation.Contract.Model.csproj", "{0F9C056A-DB5D-48ED-A688-BFD04ED4DFD7}"
EndProject
Project("{FAE04EC0-301F-11D3-BF4B-00C04F79EFBC}") = "EntityFX.Gdcame.Presentation.Web.Controller", "EntityFX.Gdcame.Presentation.Web.Controller\EntityFX.Gdcame.Presentation.Web.Controller.csproj", "{892D6D25-857F-4CA9-A518-526BBF05C011}"
EndProject
Project("{FAE04EC0-301F-11D3-BF4B-00C04F79EFBC}") = "EntityFX.Gdcame.Presentation.Web.Providers", "EntityFX.Gdcame.Presentation.Web.Providers\EntityFX.Gdcame.Presentation.Web.Providers.csproj", "{A6F59753-3065-4BB3-85A8-1E0778205407}"
EndProject
Project("{2150E333-8FDC-42A3-9474-1A3956D46DE8}") = "Web", "Web", "{931A9A36-12BE-414F-81F3-D8E8741E78DC}"
EndProject
Project("{2150E333-8FDC-42A3-9474-1A3956D46DE8}") = "Console", "Console", "{7D99E047-40B6-4BE8-98C5-CB58CBA61596}"
EndProject
Project("{FAE04EC0-301F-11D3-BF4B-00C04F79EFBC}") = "EntityFX.Gdcame.Utils.Common", "EntityFX.Gdcame.Utils.Common\EntityFX.Gdcame.Utils.Common.csproj", "{2AE99E38-4B45-4D8B-B9D5-840B21F82A43}"
EndProject
Project("{FAE04EC0-301F-11D3-BF4B-00C04F79EFBC}") = "EntityFx.Gdcame.Test.PerformanceTest", "EntityFx.Gdcame.Test.PerformanceTest\EntityFx.Gdcame.Test.PerformanceTest.csproj", "{9F0FABF3-4DEB-4389-B659-092A2BA29E7C}"
EndProject
Project("{FAE04EC0-301F-11D3-BF4B-00C04F79EFBC}") = "EntityFX.Gdcame.Infrastructure.Service.Windows", "EntityFX.Gdcame.Infrastructure.Service.Windows\EntityFX.Gdcame.Infrastructure.Service.Windows.csproj", "{7D6673BB-1844-4983-9372-829DA9D3A994}"
EndProject
Project("{FAE04EC0-301F-11D3-BF4B-00C04F79EFBC}") = "EntityFX.Gdcame.Infrastructure.Repository.EF", "EntityFX.Gdcame.Infrastructure.Repository.EF\EntityFX.Gdcame.Infrastructure.Repository.EF.csproj", "{E92BA217-1681-453A-AEF8-888028A12070}"
EndProject
Project("{FAE04EC0-301F-11D3-BF4B-00C04F79EFBC}") = "EntityFX.Gdcame.DataAccess.Repository.Contract", "EntityFX.Gdcame.DataAccess.Repository.Contract\EntityFX.Gdcame.DataAccess.Repository.Contract.csproj", "{C1B1F481-6E3E-464C-A983-CB56AD430C1D}"
EndProject
Project("{FAE04EC0-301F-11D3-BF4B-00C04F79EFBC}") = "EntityFX.Gdcame.DataAccess.Model.Ef", "EntityFX.Gdcame.DataAccess.Model.Ef\EntityFX.Gdcame.DataAccess.Model.Ef.csproj", "{DE1D1C25-F30A-461C-B572-00BFA1C7161E}"
EndProject
Project("{FAE04EC0-301F-11D3-BF4B-00C04F79EFBC}") = "EntityFX.Gdcame.Utils.ConsoleHostApp.AllInOne", "EntityFX.Gdcame.Utils.ConsoleHostApp.AllInOne\EntityFX.Gdcame.Utils.ConsoleHostApp.AllInOne.csproj", "{41B70B30-590D-476D-B58C-6CD05262DDA1}"
EndProject
Project("{FAE04EC0-301F-11D3-BF4B-00C04F79EFBC}") = "EntityFX.Gdcame.Presentation.Web.Api", "EntityFX.Gdcame.Presentation.Web.Api\EntityFX.Gdcame.Presentation.Web.Api.csproj", "{C6C4637E-F0B7-43DF-A692-D8B82245311A}"
EndProject
Project("{2150E333-8FDC-42A3-9474-1A3956D46DE8}") = "Wcf Service Starters", "Wcf Service Starters", "{72781D62-7817-4A0A-8980-309C03020578}"
EndProject
Project("{FAE04EC0-301F-11D3-BF4B-00C04F79EFBC}") = "EntityFX.Gdcame.EngineTestApplication", "EntityFX.Gdcame.EngineTestApplication\EntityFX.Gdcame.EngineTestApplication.csproj", "{24C8E95E-66EA-4E35-8584-C50171B68984}"
EndProject
Project("{2150E333-8FDC-42A3-9474-1A3956D46DE8}") = "Web Api Client", "Web Api Client", "{8B1C755A-7401-43A6-B9EA-FE3625E2AF74}"
EndProject
Project("{FAE04EC0-301F-11D3-BF4B-00C04F79EFBC}") = "EntityFX.Gdcame.Utils.WebApiClient", "EntityFX.Gdcame.Utils.WebApiClient\EntityFX.Gdcame.Utils.WebApiClient.csproj", "{9B4E7B86-5F2F-4F84-9786-3D7CCB2024F8}"
EndProject
Project("{FAE04EC0-301F-11D3-BF4B-00C04F79EFBC}") = "EntityFX.Gdcame.Presentation.WebApiConsoleClient", "EntityFX.Gdcame.Presentation.WebApiConsoleClient\EntityFX.Gdcame.Presentation.WebApiConsoleClient.csproj", "{C0FA7295-375B-4CBE-9790-64BDBCF12A77}"
EndProject
Project("{FAE04EC0-301F-11D3-BF4B-00C04F79EFBC}") = "EntityFX.Gdcame.Presentation.Contract.Controller", "EntityFX.Gdcame.Presentation.Contract.Controller\EntityFX.Gdcame.Presentation.Contract.Controller.csproj", "{B9608A11-F0F0-47AA-BD55-D6E25A310DAA}"
EndProject
Global
	GlobalSection(SolutionConfigurationPlatforms) = preSolution
		Debug|Any CPU = Debug|Any CPU
		Release|Any CPU = Release|Any CPU
	EndGlobalSection
	GlobalSection(ProjectConfigurationPlatforms) = postSolution
		{6A8CFFC2-2467-4C6E-93DC-6C76B43E0180}.Debug|Any CPU.ActiveCfg = Debug|Any CPU
		{6A8CFFC2-2467-4C6E-93DC-6C76B43E0180}.Debug|Any CPU.Build.0 = Debug|Any CPU
		{6A8CFFC2-2467-4C6E-93DC-6C76B43E0180}.Release|Any CPU.ActiveCfg = Release|Any CPU
		{6A8CFFC2-2467-4C6E-93DC-6C76B43E0180}.Release|Any CPU.Build.0 = Release|Any CPU
		{4FF756A4-148E-4E5D-8AAF-7558660F621E}.Debug|Any CPU.ActiveCfg = Debug|Any CPU
		{4FF756A4-148E-4E5D-8AAF-7558660F621E}.Debug|Any CPU.Build.0 = Debug|Any CPU
		{4FF756A4-148E-4E5D-8AAF-7558660F621E}.Debug|Any CPU.Deploy.0 = Debug|Any CPU
		{4FF756A4-148E-4E5D-8AAF-7558660F621E}.Release|Any CPU.ActiveCfg = Release|Any CPU
		{4FF756A4-148E-4E5D-8AAF-7558660F621E}.Release|Any CPU.Build.0 = Release|Any CPU
		{4FF756A4-148E-4E5D-8AAF-7558660F621E}.Release|Any CPU.Deploy.0 = Release|Any CPU
		{0932D8B3-29EB-4546-987A-B246421A9B87}.Debug|Any CPU.ActiveCfg = Debug|Any CPU
		{0932D8B3-29EB-4546-987A-B246421A9B87}.Debug|Any CPU.Build.0 = Debug|Any CPU
		{0932D8B3-29EB-4546-987A-B246421A9B87}.Release|Any CPU.ActiveCfg = Release|Any CPU
		{0932D8B3-29EB-4546-987A-B246421A9B87}.Release|Any CPU.Build.0 = Release|Any CPU
		{89F89C37-F564-47EB-839D-C45ACD9D012A}.Debug|Any CPU.ActiveCfg = Debug|Any CPU
		{89F89C37-F564-47EB-839D-C45ACD9D012A}.Debug|Any CPU.Build.0 = Debug|Any CPU
		{89F89C37-F564-47EB-839D-C45ACD9D012A}.Release|Any CPU.ActiveCfg = Release|Any CPU
		{89F89C37-F564-47EB-839D-C45ACD9D012A}.Release|Any CPU.Build.0 = Release|Any CPU
		{3B44AFC0-F207-44E4-9F91-7F24E1F4D342}.Debug|Any CPU.ActiveCfg = Debug|Any CPU
		{3B44AFC0-F207-44E4-9F91-7F24E1F4D342}.Debug|Any CPU.Build.0 = Debug|Any CPU
		{3B44AFC0-F207-44E4-9F91-7F24E1F4D342}.Release|Any CPU.ActiveCfg = Release|Any CPU
		{3B44AFC0-F207-44E4-9F91-7F24E1F4D342}.Release|Any CPU.Build.0 = Release|Any CPU
		{D5A72A34-5DE5-41E1-B52E-8F70D19CB7BF}.Debug|Any CPU.ActiveCfg = Debug|Any CPU
		{D5A72A34-5DE5-41E1-B52E-8F70D19CB7BF}.Debug|Any CPU.Build.0 = Debug|Any CPU
		{D5A72A34-5DE5-41E1-B52E-8F70D19CB7BF}.Release|Any CPU.ActiveCfg = Release|Any CPU
		{D5A72A34-5DE5-41E1-B52E-8F70D19CB7BF}.Release|Any CPU.Build.0 = Release|Any CPU
		{2008F2C2-C1FA-4CB9-8A99-A9406AC4967D}.Debug|Any CPU.ActiveCfg = Debug|Any CPU
		{2008F2C2-C1FA-4CB9-8A99-A9406AC4967D}.Debug|Any CPU.Build.0 = Debug|Any CPU
		{2008F2C2-C1FA-4CB9-8A99-A9406AC4967D}.Release|Any CPU.ActiveCfg = Release|Any CPU
		{2008F2C2-C1FA-4CB9-8A99-A9406AC4967D}.Release|Any CPU.Build.0 = Release|Any CPU
		{924CC67D-9E2B-46BA-BE1D-6C6C780CCFBC}.Debug|Any CPU.ActiveCfg = Debug|Any CPU
		{924CC67D-9E2B-46BA-BE1D-6C6C780CCFBC}.Debug|Any CPU.Build.0 = Debug|Any CPU
		{924CC67D-9E2B-46BA-BE1D-6C6C780CCFBC}.Release|Any CPU.ActiveCfg = Release|Any CPU
		{924CC67D-9E2B-46BA-BE1D-6C6C780CCFBC}.Release|Any CPU.Build.0 = Release|Any CPU
		{95745C95-A356-4E4A-9AC5-25ABD9659831}.Debug|Any CPU.ActiveCfg = Debug|Any CPU
		{95745C95-A356-4E4A-9AC5-25ABD9659831}.Debug|Any CPU.Build.0 = Debug|Any CPU
		{95745C95-A356-4E4A-9AC5-25ABD9659831}.Release|Any CPU.ActiveCfg = Release|Any CPU
		{95745C95-A356-4E4A-9AC5-25ABD9659831}.Release|Any CPU.Build.0 = Release|Any CPU
		{2B414418-F3D8-4528-BA9F-6FEFA8B7AA03}.Debug|Any CPU.ActiveCfg = Debug|Any CPU
		{2B414418-F3D8-4528-BA9F-6FEFA8B7AA03}.Debug|Any CPU.Build.0 = Debug|Any CPU
		{2B414418-F3D8-4528-BA9F-6FEFA8B7AA03}.Release|Any CPU.ActiveCfg = Release|Any CPU
		{2B414418-F3D8-4528-BA9F-6FEFA8B7AA03}.Release|Any CPU.Build.0 = Release|Any CPU
		{41696F24-E345-4599-A0C7-0715F64946D8}.Debug|Any CPU.ActiveCfg = Debug|Any CPU
		{41696F24-E345-4599-A0C7-0715F64946D8}.Debug|Any CPU.Build.0 = Debug|Any CPU
		{41696F24-E345-4599-A0C7-0715F64946D8}.Release|Any CPU.ActiveCfg = Release|Any CPU
		{41696F24-E345-4599-A0C7-0715F64946D8}.Release|Any CPU.Build.0 = Release|Any CPU
		{56A380DE-2370-4C2D-8C8E-EAF3163C92EC}.Debug|Any CPU.ActiveCfg = Debug|Any CPU
		{56A380DE-2370-4C2D-8C8E-EAF3163C92EC}.Debug|Any CPU.Build.0 = Debug|Any CPU
		{56A380DE-2370-4C2D-8C8E-EAF3163C92EC}.Release|Any CPU.ActiveCfg = Release|Any CPU
		{56A380DE-2370-4C2D-8C8E-EAF3163C92EC}.Release|Any CPU.Build.0 = Release|Any CPU
		{BEEA0656-542B-4C48-A480-CEFF662DD29F}.Debug|Any CPU.ActiveCfg = Debug|Any CPU
		{BEEA0656-542B-4C48-A480-CEFF662DD29F}.Debug|Any CPU.Build.0 = Debug|Any CPU
		{BEEA0656-542B-4C48-A480-CEFF662DD29F}.Release|Any CPU.ActiveCfg = Release|Any CPU
		{BEEA0656-542B-4C48-A480-CEFF662DD29F}.Release|Any CPU.Build.0 = Release|Any CPU
		{19D1BC2F-D0EB-4012-BCF2-CED6F3B926B2}.Debug|Any CPU.ActiveCfg = Debug|Any CPU
		{19D1BC2F-D0EB-4012-BCF2-CED6F3B926B2}.Debug|Any CPU.Build.0 = Debug|Any CPU
		{19D1BC2F-D0EB-4012-BCF2-CED6F3B926B2}.Release|Any CPU.ActiveCfg = Release|Any CPU
		{19D1BC2F-D0EB-4012-BCF2-CED6F3B926B2}.Release|Any CPU.Build.0 = Release|Any CPU
		{AA98B2BE-929C-4BBA-B352-E3095DBEB96B}.Debug|Any CPU.ActiveCfg = Debug|Any CPU
		{AA98B2BE-929C-4BBA-B352-E3095DBEB96B}.Debug|Any CPU.Build.0 = Debug|Any CPU
		{AA98B2BE-929C-4BBA-B352-E3095DBEB96B}.Release|Any CPU.ActiveCfg = Release|Any CPU
		{AA98B2BE-929C-4BBA-B352-E3095DBEB96B}.Release|Any CPU.Build.0 = Release|Any CPU
		{560B4D9D-4F4C-4659-8860-1C628448D154}.Debug|Any CPU.ActiveCfg = Debug|Any CPU
		{560B4D9D-4F4C-4659-8860-1C628448D154}.Debug|Any CPU.Build.0 = Debug|Any CPU
		{560B4D9D-4F4C-4659-8860-1C628448D154}.Release|Any CPU.ActiveCfg = Release|Any CPU
		{560B4D9D-4F4C-4659-8860-1C628448D154}.Release|Any CPU.Build.0 = Release|Any CPU
		{6C13790D-5C7A-4D9F-9D8B-4CD28F3536F6}.Debug|Any CPU.ActiveCfg = Debug|Any CPU
		{6C13790D-5C7A-4D9F-9D8B-4CD28F3536F6}.Debug|Any CPU.Build.0 = Debug|Any CPU
		{6C13790D-5C7A-4D9F-9D8B-4CD28F3536F6}.Release|Any CPU.ActiveCfg = Release|Any CPU
		{6C13790D-5C7A-4D9F-9D8B-4CD28F3536F6}.Release|Any CPU.Build.0 = Release|Any CPU
		{0F9C056A-DB5D-48ED-A688-BFD04ED4DFD7}.Debug|Any CPU.ActiveCfg = Debug|Any CPU
		{0F9C056A-DB5D-48ED-A688-BFD04ED4DFD7}.Debug|Any CPU.Build.0 = Debug|Any CPU
		{0F9C056A-DB5D-48ED-A688-BFD04ED4DFD7}.Release|Any CPU.ActiveCfg = Release|Any CPU
		{0F9C056A-DB5D-48ED-A688-BFD04ED4DFD7}.Release|Any CPU.Build.0 = Release|Any CPU
		{892D6D25-857F-4CA9-A518-526BBF05C011}.Debug|Any CPU.ActiveCfg = Debug|Any CPU
		{892D6D25-857F-4CA9-A518-526BBF05C011}.Debug|Any CPU.Build.0 = Debug|Any CPU
		{892D6D25-857F-4CA9-A518-526BBF05C011}.Release|Any CPU.ActiveCfg = Release|Any CPU
		{892D6D25-857F-4CA9-A518-526BBF05C011}.Release|Any CPU.Build.0 = Release|Any CPU
		{A6F59753-3065-4BB3-85A8-1E0778205407}.Debug|Any CPU.ActiveCfg = Debug|Any CPU
		{A6F59753-3065-4BB3-85A8-1E0778205407}.Debug|Any CPU.Build.0 = Debug|Any CPU
		{A6F59753-3065-4BB3-85A8-1E0778205407}.Release|Any CPU.ActiveCfg = Release|Any CPU
		{A6F59753-3065-4BB3-85A8-1E0778205407}.Release|Any CPU.Build.0 = Release|Any CPU
		{2AE99E38-4B45-4D8B-B9D5-840B21F82A43}.Debug|Any CPU.ActiveCfg = Debug|Any CPU
		{2AE99E38-4B45-4D8B-B9D5-840B21F82A43}.Debug|Any CPU.Build.0 = Debug|Any CPU
		{2AE99E38-4B45-4D8B-B9D5-840B21F82A43}.Release|Any CPU.ActiveCfg = Release|Any CPU
		{2AE99E38-4B45-4D8B-B9D5-840B21F82A43}.Release|Any CPU.Build.0 = Release|Any CPU
		{9F0FABF3-4DEB-4389-B659-092A2BA29E7C}.Debug|Any CPU.ActiveCfg = Debug|Any CPU
		{9F0FABF3-4DEB-4389-B659-092A2BA29E7C}.Debug|Any CPU.Build.0 = Debug|Any CPU
		{9F0FABF3-4DEB-4389-B659-092A2BA29E7C}.Release|Any CPU.ActiveCfg = Release|Any CPU
		{9F0FABF3-4DEB-4389-B659-092A2BA29E7C}.Release|Any CPU.Build.0 = Release|Any CPU
		{7D6673BB-1844-4983-9372-829DA9D3A994}.Debug|Any CPU.ActiveCfg = Debug|Any CPU
		{7D6673BB-1844-4983-9372-829DA9D3A994}.Debug|Any CPU.Build.0 = Debug|Any CPU
		{7D6673BB-1844-4983-9372-829DA9D3A994}.Release|Any CPU.ActiveCfg = Release|Any CPU
		{7D6673BB-1844-4983-9372-829DA9D3A994}.Release|Any CPU.Build.0 = Release|Any CPU
		{E92BA217-1681-453A-AEF8-888028A12070}.Debug|Any CPU.ActiveCfg = Debug|Any CPU
		{E92BA217-1681-453A-AEF8-888028A12070}.Debug|Any CPU.Build.0 = Debug|Any CPU
		{E92BA217-1681-453A-AEF8-888028A12070}.Release|Any CPU.ActiveCfg = Release|Any CPU
		{E92BA217-1681-453A-AEF8-888028A12070}.Release|Any CPU.Build.0 = Release|Any CPU
		{C1B1F481-6E3E-464C-A983-CB56AD430C1D}.Debug|Any CPU.ActiveCfg = Debug|Any CPU
		{C1B1F481-6E3E-464C-A983-CB56AD430C1D}.Debug|Any CPU.Build.0 = Debug|Any CPU
		{C1B1F481-6E3E-464C-A983-CB56AD430C1D}.Release|Any CPU.ActiveCfg = Release|Any CPU
		{C1B1F481-6E3E-464C-A983-CB56AD430C1D}.Release|Any CPU.Build.0 = Release|Any CPU
		{DE1D1C25-F30A-461C-B572-00BFA1C7161E}.Debug|Any CPU.ActiveCfg = Debug|Any CPU
		{DE1D1C25-F30A-461C-B572-00BFA1C7161E}.Debug|Any CPU.Build.0 = Debug|Any CPU
		{DE1D1C25-F30A-461C-B572-00BFA1C7161E}.Release|Any CPU.ActiveCfg = Release|Any CPU
		{DE1D1C25-F30A-461C-B572-00BFA1C7161E}.Release|Any CPU.Build.0 = Release|Any CPU
		{41B70B30-590D-476D-B58C-6CD05262DDA1}.Debug|Any CPU.ActiveCfg = Debug|Any CPU
		{41B70B30-590D-476D-B58C-6CD05262DDA1}.Debug|Any CPU.Build.0 = Debug|Any CPU
		{41B70B30-590D-476D-B58C-6CD05262DDA1}.Release|Any CPU.ActiveCfg = Release|Any CPU
		{41B70B30-590D-476D-B58C-6CD05262DDA1}.Release|Any CPU.Build.0 = Release|Any CPU
		{C6C4637E-F0B7-43DF-A692-D8B82245311A}.Debug|Any CPU.ActiveCfg = Debug|Any CPU
		{C6C4637E-F0B7-43DF-A692-D8B82245311A}.Debug|Any CPU.Build.0 = Debug|Any CPU
		{C6C4637E-F0B7-43DF-A692-D8B82245311A}.Release|Any CPU.ActiveCfg = Release|Any CPU
		{C6C4637E-F0B7-43DF-A692-D8B82245311A}.Release|Any CPU.Build.0 = Release|Any CPU
		{24C8E95E-66EA-4E35-8584-C50171B68984}.Debug|Any CPU.ActiveCfg = Debug|Any CPU
		{24C8E95E-66EA-4E35-8584-C50171B68984}.Debug|Any CPU.Build.0 = Debug|Any CPU
		{24C8E95E-66EA-4E35-8584-C50171B68984}.Release|Any CPU.ActiveCfg = Release|Any CPU
		{24C8E95E-66EA-4E35-8584-C50171B68984}.Release|Any CPU.Build.0 = Release|Any CPU
		{9B4E7B86-5F2F-4F84-9786-3D7CCB2024F8}.Debug|Any CPU.ActiveCfg = Debug|Any CPU
		{9B4E7B86-5F2F-4F84-9786-3D7CCB2024F8}.Debug|Any CPU.Build.0 = Debug|Any CPU
		{9B4E7B86-5F2F-4F84-9786-3D7CCB2024F8}.Release|Any CPU.ActiveCfg = Release|Any CPU
		{9B4E7B86-5F2F-4F84-9786-3D7CCB2024F8}.Release|Any CPU.Build.0 = Release|Any CPU
		{C0FA7295-375B-4CBE-9790-64BDBCF12A77}.Debug|Any CPU.ActiveCfg = Debug|Any CPU
		{C0FA7295-375B-4CBE-9790-64BDBCF12A77}.Debug|Any CPU.Build.0 = Debug|Any CPU
		{C0FA7295-375B-4CBE-9790-64BDBCF12A77}.Release|Any CPU.ActiveCfg = Release|Any CPU
		{C0FA7295-375B-4CBE-9790-64BDBCF12A77}.Release|Any CPU.Build.0 = Release|Any CPU
		{B9608A11-F0F0-47AA-BD55-D6E25A310DAA}.Debug|Any CPU.ActiveCfg = Debug|Any CPU
		{B9608A11-F0F0-47AA-BD55-D6E25A310DAA}.Debug|Any CPU.Build.0 = Debug|Any CPU
		{B9608A11-F0F0-47AA-BD55-D6E25A310DAA}.Release|Any CPU.ActiveCfg = Release|Any CPU
		{B9608A11-F0F0-47AA-BD55-D6E25A310DAA}.Release|Any CPU.Build.0 = Release|Any CPU
	EndGlobalSection
	GlobalSection(SolutionProperties) = preSolution
		HideSolutionNode = FALSE
	EndGlobalSection
	GlobalSection(NestedProjects) = preSolution
		{2B3C3D7D-D36A-47E8-9395-DB1AA2D271EA} = {2B7D0649-6899-491F-B4E7-70D163B1F72D}
		{6A8CFFC2-2467-4C6E-93DC-6C76B43E0180} = {D150B452-1254-4C2D-90DA-27765E2C7C0B}
		{A76DA6B5-F5DC-4E1F-8B1B-E89BA8216229} = {D150B452-1254-4C2D-90DA-27765E2C7C0B}
		{7E755489-4971-4475-8018-CE2ACC8D182D} = {2B7D0649-6899-491F-B4E7-70D163B1F72D}
		{4FF756A4-148E-4E5D-8AAF-7558660F621E} = {71152D90-9B19-442E-AD44-F385A35B4DD2}
		{0932D8B3-29EB-4546-987A-B246421A9B87} = {71152D90-9B19-442E-AD44-F385A35B4DD2}
		{89F89C37-F564-47EB-839D-C45ACD9D012A} = {2ECE9623-BD00-47BF-A617-3104D0E03486}
		{3B44AFC0-F207-44E4-9F91-7F24E1F4D342} = {2ECE9623-BD00-47BF-A617-3104D0E03486}
		{D5A72A34-5DE5-41E1-B52E-8F70D19CB7BF} = {71152D90-9B19-442E-AD44-F385A35B4DD2}
		{2008F2C2-C1FA-4CB9-8A99-A9406AC4967D} = {71152D90-9B19-442E-AD44-F385A35B4DD2}
		{924CC67D-9E2B-46BA-BE1D-6C6C780CCFBC} = {F8FED8D2-E9CC-484B-9794-C60B0191CF7C}
		{95745C95-A356-4E4A-9AC5-25ABD9659831} = {F8FED8D2-E9CC-484B-9794-C60B0191CF7C}
		{2B414418-F3D8-4528-BA9F-6FEFA8B7AA03} = {F8FED8D2-E9CC-484B-9794-C60B0191CF7C}
		{41696F24-E345-4599-A0C7-0715F64946D8} = {90E75EF0-F385-4AA2-BEC2-706D75A4E363}
		{56A380DE-2370-4C2D-8C8E-EAF3163C92EC} = {90E75EF0-F385-4AA2-BEC2-706D75A4E363}
		{BEEA0656-542B-4C48-A480-CEFF662DD29F} = {970EB44D-38AF-479F-AFC1-CDDB9C17113A}
		{19D1BC2F-D0EB-4012-BCF2-CED6F3B926B2} = {970EB44D-38AF-479F-AFC1-CDDB9C17113A}
		{AA98B2BE-929C-4BBA-B352-E3095DBEB96B} = {5FB81BA3-44E9-4E51-B46D-7EF7BB4C87C1}
		{560B4D9D-4F4C-4659-8860-1C628448D154} = {5FB81BA3-44E9-4E51-B46D-7EF7BB4C87C1}
		{6C13790D-5C7A-4D9F-9D8B-4CD28F3536F6} = {5FB81BA3-44E9-4E51-B46D-7EF7BB4C87C1}
		{0F9C056A-DB5D-48ED-A688-BFD04ED4DFD7} = {AFA994D0-4315-495A-A14A-74BC79DA9A51}
		{892D6D25-857F-4CA9-A518-526BBF05C011} = {931A9A36-12BE-414F-81F3-D8E8741E78DC}
		{A6F59753-3065-4BB3-85A8-1E0778205407} = {931A9A36-12BE-414F-81F3-D8E8741E78DC}
		{931A9A36-12BE-414F-81F3-D8E8741E78DC} = {AFA994D0-4315-495A-A14A-74BC79DA9A51}
		{7D99E047-40B6-4BE8-98C5-CB58CBA61596} = {AFA994D0-4315-495A-A14A-74BC79DA9A51}
		{2AE99E38-4B45-4D8B-B9D5-840B21F82A43} = {2B7D0649-6899-491F-B4E7-70D163B1F72D}
		{9F0FABF3-4DEB-4389-B659-092A2BA29E7C} = {D150B452-1254-4C2D-90DA-27765E2C7C0B}
		{7D6673BB-1844-4983-9372-829DA9D3A994} = {F8FED8D2-E9CC-484B-9794-C60B0191CF7C}
		{E92BA217-1681-453A-AEF8-888028A12070} = {F8FED8D2-E9CC-484B-9794-C60B0191CF7C}
		{C1B1F481-6E3E-464C-A983-CB56AD430C1D} = {71152D90-9B19-442E-AD44-F385A35B4DD2}
		{DE1D1C25-F30A-461C-B572-00BFA1C7161E} = {71152D90-9B19-442E-AD44-F385A35B4DD2}
		{41B70B30-590D-476D-B58C-6CD05262DDA1} = {2B3C3D7D-D36A-47E8-9395-DB1AA2D271EA}
		{C6C4637E-F0B7-43DF-A692-D8B82245311A} = {931A9A36-12BE-414F-81F3-D8E8741E78DC}
		{72781D62-7817-4A0A-8980-309C03020578} = {2B7D0649-6899-491F-B4E7-70D163B1F72D}
		{24C8E95E-66EA-4E35-8584-C50171B68984} = {D150B452-1254-4C2D-90DA-27765E2C7C0B}
		{8B1C755A-7401-43A6-B9EA-FE3625E2AF74} = {2B7D0649-6899-491F-B4E7-70D163B1F72D}
		{9B4E7B86-5F2F-4F84-9786-3D7CCB2024F8} = {8B1C755A-7401-43A6-B9EA-FE3625E2AF74}
		{C0FA7295-375B-4CBE-9790-64BDBCF12A77} = {7D99E047-40B6-4BE8-98C5-CB58CBA61596}
		{B9608A11-F0F0-47AA-BD55-D6E25A310DAA} = {AFA994D0-4315-495A-A14A-74BC79DA9A51}
	EndGlobalSection
EndGlobal
