
Microsoft Visual Studio Solution File, Format Version 12.00
# Visual Studio 15
VisualStudioVersion = 15.0.27004.2009
MinimumVisualStudioVersion = 10.0.40219.1
Project("{2150E333-8FDC-42A3-9474-1A3956D46DE8}") = "Infrastructure", "Infrastructure", "{F8FED8D2-E9CC-484B-9794-C60B0191CF7C}"
EndProject
Project("{2150E333-8FDC-42A3-9474-1A3956D46DE8}") = "Managers Layer", "Managers Layer", "{90E75EF0-F385-4AA2-BEC2-706D75A4E363}"
EndProject
Project("{2150E333-8FDC-42A3-9474-1A3956D46DE8}") = "Engines Layer", "Engines Layer", "{970EB44D-38AF-479F-AFC1-CDDB9C17113A}"
EndProject
Project("{2150E333-8FDC-42A3-9474-1A3956D46DE8}") = "Tests", "Tests", "{D150B452-1254-4C2D-90DA-27765E2C7C0B}"
EndProject
Project("{2150E333-8FDC-42A3-9474-1A3956D46DE8}") = "Utils Layer", "Utils Layer", "{2B7D0649-6899-491F-B4E7-70D163B1F72D}"
EndProject
Project("{FAE04EC0-301F-11D3-BF4B-00C04F79EFBC}") = "EntityFX.GdCame.Test.Entity", "EntityFX.GdCame.Test.Entity\EntityFX.GdCame.Test.Entity.csproj", "{6A8CFFC2-2467-4C6E-93DC-6C76B43E0180}"
EndProject
Project("{2150E333-8FDC-42A3-9474-1A3956D46DE8}") = "Common", "Common", "{2ECE9623-BD00-47BF-A617-3104D0E03486}"
EndProject
Project("{2150E333-8FDC-42A3-9474-1A3956D46DE8}") = ".nuget", ".nuget", "{E9B9F151-BD79-46FA-83B9-77CF77455F3A}"
	ProjectSection(SolutionItems) = preProject
		.nuget\NuGet.Config = .nuget\NuGet.Config
		.nuget\NuGet.exe = .nuget\NuGet.exe
		.nuget\NuGet.targets = .nuget\NuGet.targets
	EndProjectSection
EndProject
Project("{00D1A9C2-B5F0-4AF3-8072-F6C62B433612}") = "EntityFX.Gdcame.Database.MsSql", "EntityFX.Gdcame.Database.MsSql\EntityFX.Gdcame.Database.MsSql.sqlproj", "{4FF756A4-148E-4E5D-8AAF-7558660F621E}"
EndProject
Project("{9A19103F-16F7-4668-BE54-9A1E7A4F7556}") = "EntityFX.Gdcame.DataAccess.Contract.MainServer", "EntityFX.Gdcame.DataAccess.Contract\EntityFX.Gdcame.DataAccess.Contract.MainServer.csproj", "{0932D8B3-29EB-4546-987A-B246421A9B87}"
EndProject
Project("{9A19103F-16F7-4668-BE54-9A1E7A4F7556}") = "EntityFX.Gdcame.Contract.Common", "EntityFX.Gdcame.Common.Contract\EntityFX.Gdcame.Contract.Common.csproj", "{89F89C37-F564-47EB-839D-C45ACD9D012A}"
EndProject
Project("{9A19103F-16F7-4668-BE54-9A1E7A4F7556}") = "EntityFX.Gdcame.Common.Application.Model", "EntityFX.Gdcame.Common.Presentation.Model\EntityFX.Gdcame.Common.Application.Model.csproj", "{3B44AFC0-F207-44E4-9F91-7F24E1F4D342}"
EndProject
Project("{9A19103F-16F7-4668-BE54-9A1E7A4F7556}") = "EntityFX.Gdcame.DataAccess.Repository.Ef.MainServer", "EntityFX.Gdcame.DataAccess.Repository\EntityFX.Gdcame.DataAccess.Repository.Ef.MainServer.csproj", "{D5A72A34-5DE5-41E1-B52E-8F70D19CB7BF}"
EndProject
Project("{9A19103F-16F7-4668-BE54-9A1E7A4F7556}") = "EntityFX.Gdcame.DataAccess.Service.MainServer", "EntityFX.Gdcame.DataAccess.Service\EntityFX.Gdcame.DataAccess.Service.MainServer.csproj", "{2008F2C2-C1FA-4CB9-8A99-A9406AC4967D}"
EndProject
Project("{9A19103F-16F7-4668-BE54-9A1E7A4F7556}") = "EntityFX.Gdcame.Infrastructure.Common", "EntityFX.Gdcame.Infrastructure.Common\EntityFX.Gdcame.Infrastructure.Common.csproj", "{924CC67D-9E2B-46BA-BE1D-6C6C780CCFBC}"
EndProject
Project("{9A19103F-16F7-4668-BE54-9A1E7A4F7556}") = "EntityFX.Gdcame.Infrastructure.Repository", "EntityFX.Gdcame.Infrastructure.Repository\EntityFX.Gdcame.Infrastructure.Repository.csproj", "{95745C95-A356-4E4A-9AC5-25ABD9659831}"
EndProject
Project("{9A19103F-16F7-4668-BE54-9A1E7A4F7556}") = "EntityFX.Gdcame.Manager.Contract.MainServer", "EntityFX.Gdcame.Manager.Contract\EntityFX.Gdcame.Manager.Contract.MainServer.csproj", "{41696F24-E345-4599-A0C7-0715F64946D8}"
EndProject
Project("{9A19103F-16F7-4668-BE54-9A1E7A4F7556}") = "EntityFX.Gdcame.Manager.MainServer", "EntityFX.Gdcame.Manager\EntityFX.Gdcame.Manager.MainServer.csproj", "{56A380DE-2370-4C2D-8C8E-EAF3163C92EC}"
EndProject
Project("{9A19103F-16F7-4668-BE54-9A1E7A4F7556}") = "EntityFX.Gdcame.Engine.Contract.GameEngine", "EntityFX.Gdcame.GameEngine.Contract\EntityFX.Gdcame.Engine.Contract.GameEngine.csproj", "{BEEA0656-542B-4C48-A480-CEFF662DD29F}"
EndProject
Project("{9A19103F-16F7-4668-BE54-9A1E7A4F7556}") = "EntityFX.Gdcame.Engine.GameEngine", "EntityFX.Gdcame.GameEngine\EntityFX.Gdcame.Engine.GameEngine.csproj", "{19D1BC2F-D0EB-4012-BCF2-CED6F3B926B2}"
EndProject
Project("{9A19103F-16F7-4668-BE54-9A1E7A4F7556}") = "EntityFX.Gdcame.NotifyConsumer.Contract", "EntityFX.Gdcame.NotifyConsumer.Contract\EntityFX.Gdcame.NotifyConsumer.Contract.csproj", "{AA98B2BE-929C-4BBA-B352-E3095DBEB96B}"
EndProject
Project("{9A19103F-16F7-4668-BE54-9A1E7A4F7556}") = "EntityFX.Gdcame.NotifyConsumer", "EntityFX.Gdcame.NotifyConsumer\EntityFX.Gdcame.NotifyConsumer.csproj", "{560B4D9D-4F4C-4659-8860-1C628448D154}"
EndProject
Project("{9A19103F-16F7-4668-BE54-9A1E7A4F7556}") = "EntityFX.Gdcame.NotifyConsumer.Signalr", "EntityFX.Gdcame.NotifyConsumer.Signalr\EntityFX.Gdcame.NotifyConsumer.Signalr.csproj", "{6C13790D-5C7A-4D9F-9D8B-4CD28F3536F6}"
EndProject
Project("{9A19103F-16F7-4668-BE54-9A1E7A4F7556}") = "EntityFX.Gdcame.Application.Contract.Model.MainServer", "EntityFX.Gdcame.Presentation.Web.Model\EntityFX.Gdcame.Application.Contract.Model.MainServer.csproj", "{0F9C056A-DB5D-48ED-A688-BFD04ED4DFD7}"
EndProject
Project("{FAE04EC0-301F-11D3-BF4B-00C04F79EFBC}") = "EntityFX.Gdcame.Application.Providers.MainServer", "EntityFX.Gdcame.Presentation.Web.Providers\EntityFX.Gdcame.Application.Providers.MainServer.csproj", "{A6F59753-3065-4BB3-85A8-1E0778205407}"
EndProject
Project("{FAE04EC0-301F-11D3-BF4B-00C04F79EFBC}") = "EntityFx.Gdcame.Test.Unit", "EntityFx.Gdcame.Test.PerformanceTest\EntityFx.Gdcame.Test.Unit.csproj", "{9F0FABF3-4DEB-4389-B659-092A2BA29E7C}"
EndProject
Project("{9A19103F-16F7-4668-BE54-9A1E7A4F7556}") = "EntityFX.Gdcame.Infrastructure.Repository.EF", "EntityFX.Gdcame.Infrastructure.Repository.EF\EntityFX.Gdcame.Infrastructure.Repository.EF.csproj", "{E92BA217-1681-453A-AEF8-888028A12070}"
EndProject
Project("{9A19103F-16F7-4668-BE54-9A1E7A4F7556}") = "EntityFX.Gdcame.DataAccess.Repository.Contract.MainServer", "EntityFX.Gdcame.DataAccess.Repository.Contract\EntityFX.Gdcame.DataAccess.Repository.Contract.MainServer.csproj", "{C1B1F481-6E3E-464C-A983-CB56AD430C1D}"
EndProject
Project("{FAE04EC0-301F-11D3-BF4B-00C04F79EFBC}") = "EntityFX.Gdcame.Utils.ConsoleHostApp.AllInOne.MainServer", "EntityFX.Gdcame.Utils.ConsoleHostApp.AllInOne\EntityFX.Gdcame.Utils.ConsoleHostApp.AllInOne.MainServer.csproj", "{41B70B30-590D-476D-B58C-6CD05262DDA1}"
EndProject
Project("{FAE04EC0-301F-11D3-BF4B-00C04F79EFBC}") = "EntityFX.Gdcame.Application.Api.MainServer", "EntityFX.Gdcame.Presentation.Web.Api\EntityFX.Gdcame.Application.Api.MainServer.csproj", "{C6C4637E-F0B7-43DF-A692-D8B82245311A}"
EndProject
Project("{FAE04EC0-301F-11D3-BF4B-00C04F79EFBC}") = "EntityFX.Gdcame.EngineTestApplication", "EntityFX.Gdcame.EngineTestApplication\EntityFX.Gdcame.EngineTestApplication.csproj", "{24C8E95E-66EA-4E35-8584-C50171B68984}"
EndProject
Project("{2150E333-8FDC-42A3-9474-1A3956D46DE8}") = "Web Api Client", "Web Api Client", "{8B1C755A-7401-43A6-B9EA-FE3625E2AF74}"
EndProject
Project("{9A19103F-16F7-4668-BE54-9A1E7A4F7556}") = "EntityFX.Gdcame.Utils.WebApiClient", "EntityFX.Gdcame.Utils.WebApiClient\EntityFX.Gdcame.Utils.WebApiClient.csproj", "{9B4E7B86-5F2F-4F84-9786-3D7CCB2024F8}"
EndProject
Project("{FAE04EC0-301F-11D3-BF4B-00C04F79EFBC}") = "EntityFX.Gdcame.Presentation.ConsoleClient", "EntityFX.Gdcame.Presentation.WebApiConsoleClient\EntityFX.Gdcame.Presentation.ConsoleClient.csproj", "{C0FA7295-375B-4CBE-9790-64BDBCF12A77}"
EndProject
Project("{9A19103F-16F7-4668-BE54-9A1E7A4F7556}") = "EntityFX.Gdcame.Application.Contract.Controller.MainServer", "EntityFX.Gdcame.Presentation.Contract.Controller\EntityFX.Gdcame.Application.Contract.Controller.MainServer.csproj", "{B9608A11-F0F0-47AA-BD55-D6E25A310DAA}"
EndProject
Project("{9A19103F-16F7-4668-BE54-9A1E7A4F7556}") = "EntityFX.Gdcame.DataAccess.Repository.Mongo.MainServer", "EntityFX.Gdcame.DataAccess.Repository.Mongo\EntityFX.Gdcame.DataAccess.Repository.Mongo.MainServer.csproj", "{0F77947A-9E4C-4663-A7EE-C43A4D357217}"
EndProject
Project("{9A19103F-16F7-4668-BE54-9A1E7A4F7556}") = "EntityFX.Gdcame.DataAccess.Repository.LocalStorage.MainServer", "EntityFX.Gdcame.DataAccess.Repository.LocalStorage\EntityFX.Gdcame.DataAccess.Repository.LocalStorage.MainServer.csproj", "{B21F9BDF-E28D-4C42-91D5-008B0833A3FA}"
EndProject
Project("{FAE04EC0-301F-11D3-BF4B-00C04F79EFBC}") = "EntityFx.Gdcame.Test.Perfomance", "EntityFx.Gdcame.Test.Perfomance\EntityFx.Gdcame.Test.Perfomance.csproj", "{A06209E7-56B8-4C02-B47B-776E6E597A56}"
EndProject
Project("{FAE04EC0-301F-11D3-BF4B-00C04F79EFBC}") = "EntityFX.Gdcame.Presentation.WebSite", "EntityFX.Gdcame.Presentation.WebSite\EntityFX.Gdcame.Presentation.WebSite.csproj", "{B711D25A-7B1F-4CEA-9090-AA00523B2DB8}"
EndProject
Project("{2150E333-8FDC-42A3-9474-1A3956D46DE8}") = "Application Layer", "Application Layer", "{5BCA1BB1-86EB-420F-9AA5-465635002627}"
EndProject
Project("{FAE04EC0-301F-11D3-BF4B-00C04F79EFBC}") = "EntityFx.Gdcame.Test.PerfomanceFramework", "EntityFx.Gdcame.Test.PerfomanceFramework\EntityFx.Gdcame.Test.PerfomanceFramework.csproj", "{6D20F8F3-D439-4577-B08D-6268737E6C3F}"
EndProject
Project("{FAE04EC0-301F-11D3-BF4B-00C04F79EFBC}") = "EntityFX.Gdcame.Utils.ConsoleHostApp.Starter.MainServer", "EntityFX.Gdcame.Utils.ConsoleHostApp.Starter\EntityFX.Gdcame.Utils.ConsoleHostApp.Starter.MainServer.csproj", "{44AFF47F-5878-4045-A851-AA882F27F9E8}"
EndProject
Project("{2150E333-8FDC-42A3-9474-1A3956D46DE8}") = "configs", "configs", "{2B7599D2-7071-41AE-94FD-BA0661F59B44}"
	ProjectSection(SolutionItems) = preProject
		configs\servers.json = configs\servers.json
		configs\servers.localhost.json = configs\servers.localhost.json
	EndProjectSection
EndProject
Project("{FAE04EC0-301F-11D3-BF4B-00C04F79EFBC}") = "EntityFX.Gdcame.Utils.ConsoleHostApp.Fast.MainServer", "EntityFX.Gdcame.Utils.ConsoleHostApp.Fast\EntityFX.Gdcame.Utils.ConsoleHostApp.Fast.MainServer.csproj", "{CD28C4B4-D4CC-42D4-9A0B-8E0A346AC2E4}"
EndProject
Project("{FAE04EC0-301F-11D3-BF4B-00C04F79EFBC}") = "EntityFX.Gdcame.Application.Api.Common", "EntityFX.Gdcame.Application.Rating.Controller\EntityFX.Gdcame.Application.Api.Common.csproj", "{E1C99406-19E6-4D12-A7FB-ED5818DAE973}"
EndProject
Project("{FAE04EC0-301F-11D3-BF4B-00C04F79EFBC}") = "EntityFX.Gdcame.Application.Api.Controller.RatingServer", "EntityFX.Gdcame.Application.Rating\EntityFX.Gdcame.Application.Api.Controller.RatingServer.csproj", "{F8064145-66E7-4746-A2AC-946DC14FAB3D}"
EndProject
Project("{9A19103F-16F7-4668-BE54-9A1E7A4F7556}") = "EntityFX.Gdcame.Infrastructure.Api", "EntityFX.Gdcame.Infrastructure.Api\EntityFX.Gdcame.Infrastructure.Api.csproj", "{694C9D89-2BBE-46AE-9953-4A2AB09FF500}"
EndProject
Project("{2150E333-8FDC-42A3-9474-1A3956D46DE8}") = "Performance", "Performance", "{0A594D30-EDF8-4CAC-B99C-E779A6567205}"
EndProject
Project("{2150E333-8FDC-42A3-9474-1A3956D46DE8}") = "Unit", "Unit", "{29D7DF00-E047-4DA1-8AB8-66EE234B0444}"
EndProject
Project("{2150E333-8FDC-42A3-9474-1A3956D46DE8}") = "NotifyConsumer", "NotifyConsumer", "{3D0BB23B-C814-429E-9B69-7BF1231C0F29}"
EndProject
Project("{FAE04EC0-301F-11D3-BF4B-00C04F79EFBC}") = "EntityFX.Gdcame.Utils.ConsoleHostApp.AllInOne.RatingServer", "EntityFX.Gdcame.Utils.ConsoleHostApp.AllInOne.RatingServer\EntityFX.Gdcame.Utils.ConsoleHostApp.AllInOne.RatingServer.csproj", "{153F3D78-258A-4644-BAEF-51EE589080DF}"
EndProject
Project("{FAE04EC0-301F-11D3-BF4B-00C04F79EFBC}") = "EntityFX.Gdcame.Utils.ConsoleHostApp.Starter.RatingServer", "EntityFX.Gdcame.Utils.ConsoleHostApp.Starter.RatingServer\EntityFX.Gdcame.Utils.ConsoleHostApp.Starter.RatingServer.csproj", "{B8E3B80F-5E71-4785-BA18-62E77F74692A}"
EndProject
Project("{9A19103F-16F7-4668-BE54-9A1E7A4F7556}") = "EntityFX.Gdcame.Manager.Contract.Common", "EntityFX.Gdcame.Manager.Contract.Common\EntityFX.Gdcame.Manager.Contract.Common.csproj", "{0E91EB31-4F0A-41A0-A785-006EA68BDA87}"
EndProject
Project("{9A19103F-16F7-4668-BE54-9A1E7A4F7556}") = "EntityFX.Gdcame.Manager.Common", "EntityFX.Gdcame.Manager.Common\EntityFX.Gdcame.Manager.Common.csproj", "{EBD3A77C-453E-4DC7-8616-C75C8580D3F3}"
EndProject
Project("{FAE04EC0-301F-11D3-BF4B-00C04F79EFBC}") = "EntityFX.Gdcame.Utils.MainServer", "EntityFX.Gdcame.Utils.MainServer\EntityFX.Gdcame.Utils.MainServer.csproj", "{2AE99E38-4B45-4D8B-B9D5-840B21F82A43}"
EndProject
Project("{FAE04EC0-301F-11D3-BF4B-00C04F79EFBC}") = "EntityFX.Gdcame.Utils.Common", "EntityFX.Gdcame.Utils.Common\EntityFX.Gdcame.Utils.Common.csproj", "{12C5304D-AE3E-4FF0-8E09-D7B3D3EA90DC}"
EndProject
Project("{9A19103F-16F7-4668-BE54-9A1E7A4F7556}") = "EntityFX.Gdcame.Application.Contract.Controller.Common", "EntityFX.Gdcame.Application.Contract.Controller.Common\EntityFX.Gdcame.Application.Contract.Controller.Common.csproj", "{34DA3755-975D-4194-8B02-7FA0476B23F0}"
EndProject
Project("{FAE04EC0-301F-11D3-BF4B-00C04F79EFBC}") = "EntityFX.Gdcame.Presentation.AdminConsoleClient", "EntityFX.Gdcame.Presentation.AdminConsoleClient\EntityFX.Gdcame.Presentation.AdminConsoleClient.csproj", "{1301F6A5-274D-410C-A633-C1316D5BA8E5}"
EndProject
Project("{9A19103F-16F7-4668-BE54-9A1E7A4F7556}") = "EntityFX.Gdcame.Presentation.ConsoleClient.Common", "EntityFX.Gdcame.Presentation.ConsoleClient.Common\EntityFX.Gdcame.Presentation.ConsoleClient.Common.csproj", "{805FA369-C681-4204-B16B-CFE3AE2FA813}"
EndProject
Project("{9A19103F-16F7-4668-BE54-9A1E7A4F7556}") = "EntityFX.Gdcame.Utils.Hashing", "EntityFX.Gdcame.Utils.Hashing\EntityFX.Gdcame.Utils.Hashing.csproj", "{720E76E7-71E2-4570-BD4A-A38B2858BD56}"
EndProject
Project("{9A19103F-16F7-4668-BE54-9A1E7A4F7556}") = "EntityFX.Gdcame.DataAccess.Contract.Common", "EntityFX.Gdcame.DataAccess.Contract.Common\EntityFX.Gdcame.DataAccess.Contract.Common.csproj", "{5FE7A90C-9319-4A62-955B-8F6F22169679}"
EndProject
Project("{9A19103F-16F7-4668-BE54-9A1E7A4F7556}") = "EntityFX.Gdcame.DataAccess.Contract.RatingServer", "EntityFX.Gdcame.DataAccess.Contract.RatingServer\EntityFX.Gdcame.DataAccess.Contract.RatingServer.csproj", "{18454832-DEE4-484F-9750-F67D46B790E7}"
EndProject
Project("{9A19103F-16F7-4668-BE54-9A1E7A4F7556}") = "EntityFX.Gdcame.DataAccess.Service.RatingServer", "EntityFX.Gdcame.DataAccess.Service.RatingServer\EntityFX.Gdcame.DataAccess.Service.RatingServer.csproj", "{6D064DA4-FE6F-44C1-AC3F-4A6D0C710B81}"
EndProject
Project("{9A19103F-16F7-4668-BE54-9A1E7A4F7556}") = "EntityFX.Gdcame.DataAccess.Service.Common", "EntityFX.Gdcame.DataAccess.Service.Common\EntityFX.Gdcame.DataAccess.Service.Common.csproj", "{2EB4D42C-33CD-48DF-BD28-3E51934851EB}"
EndProject
Project("{9A19103F-16F7-4668-BE54-9A1E7A4F7556}") = "EntityFX.Gdcame.DataAccess.Repository.Contract.Common", "EntityFX.Gdcame.DataAccess.Repository.Contract.Common\EntityFX.Gdcame.DataAccess.Repository.Contract.Common.csproj", "{501D71D8-AE40-46D8-87F8-DF6C60371ADD}"
EndProject
Project("{9A19103F-16F7-4668-BE54-9A1E7A4F7556}") = "EntityFX.Gdcame.DataAccess.Repository.Contract.RatingServer", "EntityFX.Gdcame.DataAccess.Repository.Contract.RatingServer\EntityFX.Gdcame.DataAccess.Repository.Contract.RatingServer.csproj", "{357A1FB3-FFEC-4378-B688-85C4A020A98C}"
EndProject
Project("{9A19103F-16F7-4668-BE54-9A1E7A4F7556}") = "EntityFX.Gdcame.DataAccess.Repository.Mongo.Common", "EntityFX.Gdcame.DataAccess.Repository.Mongo.Common\EntityFX.Gdcame.DataAccess.Repository.Mongo.Common.csproj", "{37453F0B-4612-4DF5-807B-E446D170385F}"
EndProject
Project("{9A19103F-16F7-4668-BE54-9A1E7A4F7556}") = "EntityFX.Gdcame.DataAccess.Repository.Mongo.RatingServer", "EntityFX.Gdcame.DataAccess.Repository.Mongo.RatingServer\EntityFX.Gdcame.DataAccess.Repository.Mongo.RatingServer.csproj", "{9BE9B0D1-CD15-4308-A8ED-186603F776B3}"
EndProject
Project("{9A19103F-16F7-4668-BE54-9A1E7A4F7556}") = "EntityFX.Gdcame.DataAccess.Repository.Ef.RatingServer", "EntityFX.Gdcame.DataAccess.Repository.Ef.RatingServer\EntityFX.Gdcame.DataAccess.Repository.Ef.RatingServer.csproj", "{77C83180-ADC7-4D6C-8DF0-25B0B15D381C}"
EndProject
Project("{9A19103F-16F7-4668-BE54-9A1E7A4F7556}") = "EntityFX.Gdcame.DataAccess.Repository.Ef.Common", "EntityFX.Gdcame.DataAccess.Repository.Ef.Common\EntityFX.Gdcame.DataAccess.Repository.Ef.Common.csproj", "{B755E1B8-2479-4E64-A039-88BA36263BBD}"
EndProject
Project("{9A19103F-16F7-4668-BE54-9A1E7A4F7556}") = "EntityFX.Gdcame.DataAccess.Repository.LocalStorage.Common", "EntityFX.Gdcame.DataAccess.Repository.LocalStorage.Common\EntityFX.Gdcame.DataAccess.Repository.LocalStorage.Common.csproj", "{36BD02F8-CDCF-4B59-B9F4-68D71302F3C7}"
EndProject
Project("{9A19103F-16F7-4668-BE54-9A1E7A4F7556}") = "EntityFX.Gdcame.Engine.Worker.MainServer", "EntityFX.Gdcame.Manager.Worker.MainServer\EntityFX.Gdcame.Engine.Worker.MainServer.csproj", "{F3CC13DE-3D05-4CD2-B895-41DA294E0585}"
EndProject
Project("{9A19103F-16F7-4668-BE54-9A1E7A4F7556}") = "EntityFX.Gdcame.Contract.MainServer", "EntityFX.Gdcame.Contract.MainServer\EntityFX.Gdcame.Contract.MainServer.csproj", "{05B804CB-DA17-4449-88FB-C2DEF96486A7}"
EndProject
Project("{9A19103F-16F7-4668-BE54-9A1E7A4F7556}") = "EntityFX.Gdcame.Kernel.Contract", "EntityFX.Gdcame.Kernel.Contract\EntityFX.Gdcame.Kernel.Contract.csproj", "{CA1A21AB-C915-4101-9FEF-24C76D5F74A9}"
EndProject
Project("{9A19103F-16F7-4668-BE54-9A1E7A4F7556}") = "EntityFX.Gdcame.Kernel", "EntityFX.Gdcame.Kernel\EntityFX.Gdcame.Kernel.csproj", "{C70F8F1A-9FDA-41FF-BFB3-4EAB64907D87}"
EndProject
Project("{9A19103F-16F7-4668-BE54-9A1E7A4F7556}") = "EntityFX.Gdcame.Engine.Common", "EntityFX.Gdcame.Engine.RatingServer\EntityFX.Gdcame.Engine.Common.csproj", "{397FFB04-CD07-4DEA-8B2C-14C97ADD9379}"
EndProject
Project("{9A19103F-16F7-4668-BE54-9A1E7A4F7556}") = "EntityFX.Gdcame.Engine.Contract.Common", "EntityFX.Gdcame.Engine.Contract.Common\EntityFX.Gdcame.Engine.Contract.Common.csproj", "{5E4D635E-5E84-47B1-B638-EF60A1176796}"
EndProject
Project("{9A19103F-16F7-4668-BE54-9A1E7A4F7556}") = "EntityFX.Gdcame.Engine.Worker.RatingServer", "EntityFX.Gdcame.Engine.Worker.RatingServer\EntityFX.Gdcame.Engine.Worker.RatingServer.csproj", "{DD26762C-4F49-4D48-8446-0B66B041D4A0}"
EndProject
Project("{9A19103F-16F7-4668-BE54-9A1E7A4F7556}") = "EntityFX.Gdcame.Utils.WebApiClient.RatingServer", "EntityFX.Gdcame.Utils.WebApiClient.RatingServer\EntityFX.Gdcame.Utils.WebApiClient.RatingServer.csproj", "{8DD9172B-A711-4C8C-B26F-9C5F5C7A1608}"
EndProject
Project("{FAE04EC0-301F-11D3-BF4B-00C04F79EFBC}") = "EntityFX.Gdcame.Utils.RatingServer", "EntityFX.Gdcame.Utils.RatingServer\EntityFX.Gdcame.Utils.RatingServer.csproj", "{82CC4CB7-E4AF-4FD1-B5BF-8F7802D0842C}"
EndProject
Project("{9A19103F-16F7-4668-BE54-9A1E7A4F7556}") = "EntityFX.Gdcame.Engine.Contract.RatingServer", "EntityFX.Gdcame.Engine.Contract.RatingServer\EntityFX.Gdcame.Engine.Contract.RatingServer.csproj", "{FC66CF81-A030-4A43-B446-7B92B5D8708E}"
EndProject
Project("{FAE04EC0-301F-11D3-BF4B-00C04F79EFBC}") = "EntityFX.Gdcame.Application.Api.Controller.MainServer", "EntityFX.Gdcame.Application.Api.Controller.MainServer\EntityFX.Gdcame.Application.Api.Controller.MainServer.csproj", "{DCFFA2F8-442C-4960-8707-5BA0E5D92BC7}"
EndProject
Project("{FAE04EC0-301F-11D3-BF4B-00C04F79EFBC}") = "EntityFX.Gdcame.Infrastructure", "EntityFX.Gdcame.Infrastructure\EntityFX.Gdcame.Infrastructure.csproj", "{797DE92C-5253-45C5-95E4-92786EBF5266}"
EndProject
Project("{9A19103F-16F7-4668-BE54-9A1E7A4F7556}") = "EntityFX.Gdcame.Presentation.NetCoreClient", "EntityFX.Gdcame.Presentation.NetCoreClient\EntityFX.Gdcame.Presentation.NetCoreClient.csproj", "{5CE7B975-8398-4304-BEC8-E0C2A7A4AF8E}"
EndProject
Project("{D954291E-2A0B-460D-934E-DC6B0785DB48}") = "EntityFX.Presentation.Shared", "EntityFX.Presentation.Shared\EntityFX.Presentation.Shared.shproj", "{9A7E1EE4-234A-48AE-A8B2-EF0EDBAAD602}"
EndProject
Project("{D954291E-2A0B-460D-934E-DC6B0785DB48}") = "EntityFX.Presentation.Shared.GameConsole", "EntityFX.Presentation.Shared.GameConsole\EntityFX.Presentation.Shared.GameConsole.shproj", "{8ED6281E-5A18-4C2D-B942-B06092E60D5D}"
EndProject
Project("{9A19103F-16F7-4668-BE54-9A1E7A4F7556}") = "EntityFX.Gdcame.Test.EngineNetCoreApplication", "EntityFX.Gdcame.Test.EngineNetCoreApplication\EntityFX.Gdcame.Test.EngineNetCoreApplication.csproj", "{699B76F1-9656-49AF-A039-DE597B039FB2}"
EndProject
Project("{D954291E-2A0B-460D-934E-DC6B0785DB48}") = "EntityFX.Presentation.Shared.KernelConsole", "EntityFX.Presentation.Shared.KernelConsole\EntityFX.Presentation.Shared.KernelConsole.shproj", "{1A84610C-2DF5-47A3-95A4-BF5954B5C7D5}"
EndProject
Project("{D954291E-2A0B-460D-934E-DC6B0785DB48}") = "EntityFX.Gdcame.Presentation.ClientShared", "EntityFX.Gdcame.Presentation.ClientShared\EntityFX.Gdcame.Presentation.ClientShared.shproj", "{475F14AD-FF41-454D-B2CA-04B15FDDB07F}"
EndProject
Project("{2150E333-8FDC-42A3-9474-1A3956D46DE8}") = "Clients", "Clients", "{574DDC3C-FDFA-4785-BE1B-76B51594A0F6}"
EndProject
Project("{2150E333-8FDC-42A3-9474-1A3956D46DE8}") = "Servers", "Servers", "{FC393CCF-56E4-4207-851B-8E68824C639A}"
EndProject
Project("{2150E333-8FDC-42A3-9474-1A3956D46DE8}") = "MainServer", "MainServer", "{27A6D303-3538-4703-AEF4-A3D9BAD12F63}"
EndProject
Project("{2150E333-8FDC-42A3-9474-1A3956D46DE8}") = "RatingServer", "RatingServer", "{B27A62D2-EC5B-4C0A-B235-87FFC38FCFDF}"
EndProject
Project("{2150E333-8FDC-42A3-9474-1A3956D46DE8}") = "Contracts", "Contracts", "{CEDA36F0-B308-44B5-BAD3-5B87B0C8E27E}"
EndProject
Project("{2150E333-8FDC-42A3-9474-1A3956D46DE8}") = "Admin", "Admin", "{373F0FC5-3C53-41E3-AA93-DE1F1E918C8D}"
EndProject
Project("{2150E333-8FDC-42A3-9474-1A3956D46DE8}") = "ConsoleClient", "ConsoleClient", "{B608C025-79EB-4C04-A6C6-29168FAA9709}"
EndProject
Project("{2150E333-8FDC-42A3-9474-1A3956D46DE8}") = "Presentation Layer", "Presentation Layer", "{AEFD9CA5-4866-4ED7-A0D8-A93E3E5A0E43}"
EndProject
Project("{2150E333-8FDC-42A3-9474-1A3956D46DE8}") = "Presentation Layer", "Presentation Layer", "{3C4C6132-8621-4F1B-BFB8-C3F9C6A0E3DD}"
EndProject
Project("{2150E333-8FDC-42A3-9474-1A3956D46DE8}") = "Presentation Layer", "Presentation Layer", "{92698A9A-2C33-4368-B109-2AE1EEC7DA33}"
EndProject
Project("{2150E333-8FDC-42A3-9474-1A3956D46DE8}") = "WebSite", "WebSite", "{0B02489C-37AD-4DB0-A404-7A0CDCEF2798}"
EndProject
Project("{2150E333-8FDC-42A3-9474-1A3956D46DE8}") = "DataAccess Layer", "DataAccess Layer", "{B53BC403-9AFF-40D4-A279-3D79CF72E71A}"
EndProject
Project("{2150E333-8FDC-42A3-9474-1A3956D46DE8}") = "DataAccess Layer", "DataAccess Layer", "{F0102493-1FA9-4308-AEEB-CB04B14C6E71}"
EndProject
Project("{2150E333-8FDC-42A3-9474-1A3956D46DE8}") = "DataAccess Layer", "DataAccess Layer", "{6840BF2D-089C-463B-8AE7-7F256A7F877D}"
EndProject
Project("{2150E333-8FDC-42A3-9474-1A3956D46DE8}") = "Engines Layer", "Engines Layer", "{644B047A-17E2-40B1-9F1C-D5F25AB876CE}"
EndProject
Project("{2150E333-8FDC-42A3-9474-1A3956D46DE8}") = "Engines Layer", "Engines Layer", "{FB50A0D8-5AD7-4383-A4F2-4AC28C09C78B}"
EndProject
Project("{2150E333-8FDC-42A3-9474-1A3956D46DE8}") = "Managers Layer", "Managers Layer", "{0BAA3E94-F53E-424D-8D50-3838F3DFD502}"
EndProject
Project("{2150E333-8FDC-42A3-9474-1A3956D46DE8}") = "Application Layer", "Application Layer", "{924ADD2E-F01A-465B-90D9-AEEF82A916FA}"
EndProject
Project("{2150E333-8FDC-42A3-9474-1A3956D46DE8}") = "Application Layer", "Application Layer", "{95AD54F3-AF49-4AF4-B9EB-0F9A4D1DF3BF}"
EndProject
Project("{2150E333-8FDC-42A3-9474-1A3956D46DE8}") = "Utils Layer", "Utils Layer", "{98B03C7B-E289-4E85-B54F-A490DAA0D74D}"
EndProject
Project("{2150E333-8FDC-42A3-9474-1A3956D46DE8}") = "Utils Layer", "Utils Layer", "{D9020279-B7E7-4D61-88F4-15F5F33D070A}"
EndProject
Project("{FAE04EC0-301F-11D3-BF4B-00C04F79EFBC}") = "EntityFX.Gdcame.Presentation.NetCoreAdminClient", "EntityFX.Gdcame.Presentation.NetCoreAdminClient\EntityFX.Gdcame.Presentation.NetCoreAdminClient.csproj", "{8CD16E4E-E525-4B8D-848D-437ADA040ECB}"
EndProject
Project("{D954291E-2A0B-460D-934E-DC6B0785DB48}") = "EntityFX.Presentation.Shared.AdminConsole", "EntityFX.Presentation.Shared.AdminConsole\EntityFX.Presentation.Shared.AdminConsole.shproj", "{E69D6DAE-C821-4EFD-A8D9-654D102022F1}"
EndProject
Global
	GlobalSection(SharedMSBuildProjectFiles) = preSolution
		EntityFX.Presentation.Shared.AdminConsole\EntityFX.Presentation.Shared.AdminConsole.projitems*{1301f6a5-274d-410c-a633-c1316d5ba8e5}*SharedItemsImports = 4
		EntityFX.Presentation.Shared\EntityFX.Presentation.Shared.projitems*{1301f6a5-274d-410c-a633-c1316d5ba8e5}*SharedItemsImports = 4
		EntityFX.Presentation.Shared.KernelConsole\EntityFX.Presentation.Shared.KernelConsole.projitems*{1a84610c-2df5-47a3-95a4-bf5954b5c7d5}*SharedItemsImports = 13
		EntityFX.Presentation.Shared.GameConsole\EntityFX.Presentation.Shared.GameConsole.projitems*{24c8e95e-66ea-4e35-8584-c50171b68984}*SharedItemsImports = 4
		EntityFX.Presentation.Shared.KernelConsole\EntityFX.Presentation.Shared.KernelConsole.projitems*{24c8e95e-66ea-4e35-8584-c50171b68984}*SharedItemsImports = 4
		EntityFX.Presentation.Shared\EntityFX.Presentation.Shared.projitems*{24c8e95e-66ea-4e35-8584-c50171b68984}*SharedItemsImports = 4
		EntityFX.Gdcame.Presentation.ClientShared\EntityFX.Gdcame.Presentation.ClientShared.projitems*{475f14ad-ff41-454d-b2ca-04b15fddb07f}*SharedItemsImports = 13
		EntityFX.Presentation.Shared.GameConsole\EntityFX.Presentation.Shared.GameConsole.projitems*{8ed6281e-5a18-4c2d-b942-b06092e60d5d}*SharedItemsImports = 13
		EntityFX.Presentation.Shared\EntityFX.Presentation.Shared.projitems*{9a7e1ee4-234a-48ae-a8b2-ef0edbaad602}*SharedItemsImports = 13
		EntityFX.Gdcame.Presentation.ClientShared\EntityFX.Gdcame.Presentation.ClientShared.projitems*{c0fa7295-375b-4cbe-9790-64bdbcf12a77}*SharedItemsImports = 4
		EntityFX.Presentation.Shared.GameConsole\EntityFX.Presentation.Shared.GameConsole.projitems*{c0fa7295-375b-4cbe-9790-64bdbcf12a77}*SharedItemsImports = 4
		EntityFX.Presentation.Shared\EntityFX.Presentation.Shared.projitems*{c0fa7295-375b-4cbe-9790-64bdbcf12a77}*SharedItemsImports = 4
		EntityFX.Presentation.Shared.AdminConsole\EntityFX.Presentation.Shared.AdminConsole.projitems*{e69d6dae-c821-4efd-a8d9-654d102022f1}*SharedItemsImports = 13
	EndGlobalSection
	GlobalSection(SolutionConfigurationPlatforms) = preSolution
		BuildServer|Any CPU = BuildServer|Any CPU
		Debug|Any CPU = Debug|Any CPU
		Release|Any CPU = Release|Any CPU
	EndGlobalSection
	GlobalSection(ProjectConfigurationPlatforms) = postSolution
		{6A8CFFC2-2467-4C6E-93DC-6C76B43E0180}.BuildServer|Any CPU.ActiveCfg = BuildServer|Any CPU
		{6A8CFFC2-2467-4C6E-93DC-6C76B43E0180}.Debug|Any CPU.ActiveCfg = Debug|Any CPU
		{6A8CFFC2-2467-4C6E-93DC-6C76B43E0180}.Debug|Any CPU.Build.0 = Debug|Any CPU
		{6A8CFFC2-2467-4C6E-93DC-6C76B43E0180}.Release|Any CPU.ActiveCfg = Release|Any CPU
		{6A8CFFC2-2467-4C6E-93DC-6C76B43E0180}.Release|Any CPU.Build.0 = Release|Any CPU
		{4FF756A4-148E-4E5D-8AAF-7558660F621E}.BuildServer|Any CPU.ActiveCfg = BuildServer|Any CPU
		{4FF756A4-148E-4E5D-8AAF-7558660F621E}.BuildServer|Any CPU.Deploy.0 = BuildServer|Any CPU
		{4FF756A4-148E-4E5D-8AAF-7558660F621E}.Debug|Any CPU.ActiveCfg = Debug|Any CPU
		{4FF756A4-148E-4E5D-8AAF-7558660F621E}.Debug|Any CPU.Build.0 = Debug|Any CPU
		{4FF756A4-148E-4E5D-8AAF-7558660F621E}.Debug|Any CPU.Deploy.0 = Debug|Any CPU
		{4FF756A4-148E-4E5D-8AAF-7558660F621E}.Release|Any CPU.ActiveCfg = Release|Any CPU
		{4FF756A4-148E-4E5D-8AAF-7558660F621E}.Release|Any CPU.Build.0 = Release|Any CPU
		{4FF756A4-148E-4E5D-8AAF-7558660F621E}.Release|Any CPU.Deploy.0 = Release|Any CPU
		{0932D8B3-29EB-4546-987A-B246421A9B87}.BuildServer|Any CPU.ActiveCfg = Release|Any CPU
		{0932D8B3-29EB-4546-987A-B246421A9B87}.BuildServer|Any CPU.Build.0 = Release|Any CPU
		{0932D8B3-29EB-4546-987A-B246421A9B87}.Debug|Any CPU.ActiveCfg = Debug|Any CPU
		{0932D8B3-29EB-4546-987A-B246421A9B87}.Debug|Any CPU.Build.0 = Debug|Any CPU
		{0932D8B3-29EB-4546-987A-B246421A9B87}.Release|Any CPU.ActiveCfg = Release|Any CPU
		{0932D8B3-29EB-4546-987A-B246421A9B87}.Release|Any CPU.Build.0 = Release|Any CPU
		{89F89C37-F564-47EB-839D-C45ACD9D012A}.BuildServer|Any CPU.ActiveCfg = Release|Any CPU
		{89F89C37-F564-47EB-839D-C45ACD9D012A}.BuildServer|Any CPU.Build.0 = Release|Any CPU
		{89F89C37-F564-47EB-839D-C45ACD9D012A}.Debug|Any CPU.ActiveCfg = Debug|Any CPU
		{89F89C37-F564-47EB-839D-C45ACD9D012A}.Debug|Any CPU.Build.0 = Debug|Any CPU
		{89F89C37-F564-47EB-839D-C45ACD9D012A}.Release|Any CPU.ActiveCfg = Release|Any CPU
		{89F89C37-F564-47EB-839D-C45ACD9D012A}.Release|Any CPU.Build.0 = Release|Any CPU
		{3B44AFC0-F207-44E4-9F91-7F24E1F4D342}.BuildServer|Any CPU.ActiveCfg = Release|Any CPU
		{3B44AFC0-F207-44E4-9F91-7F24E1F4D342}.BuildServer|Any CPU.Build.0 = Release|Any CPU
		{3B44AFC0-F207-44E4-9F91-7F24E1F4D342}.Debug|Any CPU.ActiveCfg = Debug|Any CPU
		{3B44AFC0-F207-44E4-9F91-7F24E1F4D342}.Debug|Any CPU.Build.0 = Debug|Any CPU
		{3B44AFC0-F207-44E4-9F91-7F24E1F4D342}.Release|Any CPU.ActiveCfg = Release|Any CPU
		{3B44AFC0-F207-44E4-9F91-7F24E1F4D342}.Release|Any CPU.Build.0 = Release|Any CPU
		{D5A72A34-5DE5-41E1-B52E-8F70D19CB7BF}.BuildServer|Any CPU.ActiveCfg = Release|Any CPU
		{D5A72A34-5DE5-41E1-B52E-8F70D19CB7BF}.BuildServer|Any CPU.Build.0 = Release|Any CPU
		{D5A72A34-5DE5-41E1-B52E-8F70D19CB7BF}.Debug|Any CPU.ActiveCfg = Debug|Any CPU
		{D5A72A34-5DE5-41E1-B52E-8F70D19CB7BF}.Debug|Any CPU.Build.0 = Debug|Any CPU
		{D5A72A34-5DE5-41E1-B52E-8F70D19CB7BF}.Release|Any CPU.ActiveCfg = Release|Any CPU
		{D5A72A34-5DE5-41E1-B52E-8F70D19CB7BF}.Release|Any CPU.Build.0 = Release|Any CPU
		{2008F2C2-C1FA-4CB9-8A99-A9406AC4967D}.BuildServer|Any CPU.ActiveCfg = Release|Any CPU
		{2008F2C2-C1FA-4CB9-8A99-A9406AC4967D}.BuildServer|Any CPU.Build.0 = Release|Any CPU
		{2008F2C2-C1FA-4CB9-8A99-A9406AC4967D}.Debug|Any CPU.ActiveCfg = Debug|Any CPU
		{2008F2C2-C1FA-4CB9-8A99-A9406AC4967D}.Debug|Any CPU.Build.0 = Debug|Any CPU
		{2008F2C2-C1FA-4CB9-8A99-A9406AC4967D}.Release|Any CPU.ActiveCfg = Release|Any CPU
		{2008F2C2-C1FA-4CB9-8A99-A9406AC4967D}.Release|Any CPU.Build.0 = Release|Any CPU
		{924CC67D-9E2B-46BA-BE1D-6C6C780CCFBC}.BuildServer|Any CPU.ActiveCfg = Release|Any CPU
		{924CC67D-9E2B-46BA-BE1D-6C6C780CCFBC}.BuildServer|Any CPU.Build.0 = Release|Any CPU
		{924CC67D-9E2B-46BA-BE1D-6C6C780CCFBC}.Debug|Any CPU.ActiveCfg = Debug|Any CPU
		{924CC67D-9E2B-46BA-BE1D-6C6C780CCFBC}.Debug|Any CPU.Build.0 = Debug|Any CPU
		{924CC67D-9E2B-46BA-BE1D-6C6C780CCFBC}.Release|Any CPU.ActiveCfg = Release|Any CPU
		{924CC67D-9E2B-46BA-BE1D-6C6C780CCFBC}.Release|Any CPU.Build.0 = Release|Any CPU
		{95745C95-A356-4E4A-9AC5-25ABD9659831}.BuildServer|Any CPU.ActiveCfg = Release|Any CPU
		{95745C95-A356-4E4A-9AC5-25ABD9659831}.BuildServer|Any CPU.Build.0 = Release|Any CPU
		{95745C95-A356-4E4A-9AC5-25ABD9659831}.Debug|Any CPU.ActiveCfg = Debug|Any CPU
		{95745C95-A356-4E4A-9AC5-25ABD9659831}.Debug|Any CPU.Build.0 = Debug|Any CPU
		{95745C95-A356-4E4A-9AC5-25ABD9659831}.Release|Any CPU.ActiveCfg = Release|Any CPU
		{95745C95-A356-4E4A-9AC5-25ABD9659831}.Release|Any CPU.Build.0 = Release|Any CPU
		{41696F24-E345-4599-A0C7-0715F64946D8}.BuildServer|Any CPU.ActiveCfg = Release|Any CPU
		{41696F24-E345-4599-A0C7-0715F64946D8}.BuildServer|Any CPU.Build.0 = Release|Any CPU
		{41696F24-E345-4599-A0C7-0715F64946D8}.Debug|Any CPU.ActiveCfg = Debug|Any CPU
		{41696F24-E345-4599-A0C7-0715F64946D8}.Debug|Any CPU.Build.0 = Debug|Any CPU
		{41696F24-E345-4599-A0C7-0715F64946D8}.Release|Any CPU.ActiveCfg = Release|Any CPU
		{41696F24-E345-4599-A0C7-0715F64946D8}.Release|Any CPU.Build.0 = Release|Any CPU
		{56A380DE-2370-4C2D-8C8E-EAF3163C92EC}.BuildServer|Any CPU.ActiveCfg = Release|Any CPU
		{56A380DE-2370-4C2D-8C8E-EAF3163C92EC}.BuildServer|Any CPU.Build.0 = Release|Any CPU
		{56A380DE-2370-4C2D-8C8E-EAF3163C92EC}.Debug|Any CPU.ActiveCfg = Debug|Any CPU
		{56A380DE-2370-4C2D-8C8E-EAF3163C92EC}.Debug|Any CPU.Build.0 = Debug|Any CPU
		{56A380DE-2370-4C2D-8C8E-EAF3163C92EC}.Release|Any CPU.ActiveCfg = Release|Any CPU
		{56A380DE-2370-4C2D-8C8E-EAF3163C92EC}.Release|Any CPU.Build.0 = Release|Any CPU
		{BEEA0656-542B-4C48-A480-CEFF662DD29F}.BuildServer|Any CPU.ActiveCfg = Release|Any CPU
		{BEEA0656-542B-4C48-A480-CEFF662DD29F}.BuildServer|Any CPU.Build.0 = Release|Any CPU
		{BEEA0656-542B-4C48-A480-CEFF662DD29F}.Debug|Any CPU.ActiveCfg = Debug|Any CPU
		{BEEA0656-542B-4C48-A480-CEFF662DD29F}.Debug|Any CPU.Build.0 = Debug|Any CPU
		{BEEA0656-542B-4C48-A480-CEFF662DD29F}.Release|Any CPU.ActiveCfg = Release|Any CPU
		{BEEA0656-542B-4C48-A480-CEFF662DD29F}.Release|Any CPU.Build.0 = Release|Any CPU
		{19D1BC2F-D0EB-4012-BCF2-CED6F3B926B2}.BuildServer|Any CPU.ActiveCfg = Release|Any CPU
		{19D1BC2F-D0EB-4012-BCF2-CED6F3B926B2}.BuildServer|Any CPU.Build.0 = Release|Any CPU
		{19D1BC2F-D0EB-4012-BCF2-CED6F3B926B2}.Debug|Any CPU.ActiveCfg = Debug|Any CPU
		{19D1BC2F-D0EB-4012-BCF2-CED6F3B926B2}.Debug|Any CPU.Build.0 = Debug|Any CPU
		{19D1BC2F-D0EB-4012-BCF2-CED6F3B926B2}.Release|Any CPU.ActiveCfg = Release|Any CPU
		{19D1BC2F-D0EB-4012-BCF2-CED6F3B926B2}.Release|Any CPU.Build.0 = Release|Any CPU
		{AA98B2BE-929C-4BBA-B352-E3095DBEB96B}.BuildServer|Any CPU.ActiveCfg = Release|Any CPU
		{AA98B2BE-929C-4BBA-B352-E3095DBEB96B}.BuildServer|Any CPU.Build.0 = Release|Any CPU
		{AA98B2BE-929C-4BBA-B352-E3095DBEB96B}.Debug|Any CPU.ActiveCfg = Debug|Any CPU
		{AA98B2BE-929C-4BBA-B352-E3095DBEB96B}.Debug|Any CPU.Build.0 = Debug|Any CPU
		{AA98B2BE-929C-4BBA-B352-E3095DBEB96B}.Release|Any CPU.ActiveCfg = Release|Any CPU
		{AA98B2BE-929C-4BBA-B352-E3095DBEB96B}.Release|Any CPU.Build.0 = Release|Any CPU
		{560B4D9D-4F4C-4659-8860-1C628448D154}.BuildServer|Any CPU.ActiveCfg = Release|Any CPU
		{560B4D9D-4F4C-4659-8860-1C628448D154}.BuildServer|Any CPU.Build.0 = Release|Any CPU
		{560B4D9D-4F4C-4659-8860-1C628448D154}.Debug|Any CPU.ActiveCfg = Debug|Any CPU
		{560B4D9D-4F4C-4659-8860-1C628448D154}.Debug|Any CPU.Build.0 = Debug|Any CPU
		{560B4D9D-4F4C-4659-8860-1C628448D154}.Release|Any CPU.ActiveCfg = Release|Any CPU
		{560B4D9D-4F4C-4659-8860-1C628448D154}.Release|Any CPU.Build.0 = Release|Any CPU
		{6C13790D-5C7A-4D9F-9D8B-4CD28F3536F6}.BuildServer|Any CPU.ActiveCfg = Release|Any CPU
		{6C13790D-5C7A-4D9F-9D8B-4CD28F3536F6}.BuildServer|Any CPU.Build.0 = Release|Any CPU
		{6C13790D-5C7A-4D9F-9D8B-4CD28F3536F6}.Debug|Any CPU.ActiveCfg = Debug|Any CPU
		{6C13790D-5C7A-4D9F-9D8B-4CD28F3536F6}.Debug|Any CPU.Build.0 = Debug|Any CPU
		{6C13790D-5C7A-4D9F-9D8B-4CD28F3536F6}.Release|Any CPU.ActiveCfg = Release|Any CPU
		{6C13790D-5C7A-4D9F-9D8B-4CD28F3536F6}.Release|Any CPU.Build.0 = Release|Any CPU
		{0F9C056A-DB5D-48ED-A688-BFD04ED4DFD7}.BuildServer|Any CPU.ActiveCfg = Release|Any CPU
		{0F9C056A-DB5D-48ED-A688-BFD04ED4DFD7}.BuildServer|Any CPU.Build.0 = Release|Any CPU
		{0F9C056A-DB5D-48ED-A688-BFD04ED4DFD7}.Debug|Any CPU.ActiveCfg = Debug|Any CPU
		{0F9C056A-DB5D-48ED-A688-BFD04ED4DFD7}.Debug|Any CPU.Build.0 = Debug|Any CPU
		{0F9C056A-DB5D-48ED-A688-BFD04ED4DFD7}.Release|Any CPU.ActiveCfg = Release|Any CPU
		{0F9C056A-DB5D-48ED-A688-BFD04ED4DFD7}.Release|Any CPU.Build.0 = Release|Any CPU
		{A6F59753-3065-4BB3-85A8-1E0778205407}.BuildServer|Any CPU.ActiveCfg = BuildServer|Any CPU
		{A6F59753-3065-4BB3-85A8-1E0778205407}.BuildServer|Any CPU.Build.0 = BuildServer|Any CPU
		{A6F59753-3065-4BB3-85A8-1E0778205407}.Debug|Any CPU.ActiveCfg = Debug|Any CPU
		{A6F59753-3065-4BB3-85A8-1E0778205407}.Debug|Any CPU.Build.0 = Debug|Any CPU
		{A6F59753-3065-4BB3-85A8-1E0778205407}.Release|Any CPU.ActiveCfg = Release|Any CPU
		{A6F59753-3065-4BB3-85A8-1E0778205407}.Release|Any CPU.Build.0 = Release|Any CPU
		{9F0FABF3-4DEB-4389-B659-092A2BA29E7C}.BuildServer|Any CPU.ActiveCfg = BuildServer|Any CPU
		{9F0FABF3-4DEB-4389-B659-092A2BA29E7C}.Debug|Any CPU.ActiveCfg = Debug|Any CPU
		{9F0FABF3-4DEB-4389-B659-092A2BA29E7C}.Debug|Any CPU.Build.0 = Debug|Any CPU
		{9F0FABF3-4DEB-4389-B659-092A2BA29E7C}.Release|Any CPU.ActiveCfg = Release|Any CPU
		{9F0FABF3-4DEB-4389-B659-092A2BA29E7C}.Release|Any CPU.Build.0 = Release|Any CPU
		{E92BA217-1681-453A-AEF8-888028A12070}.BuildServer|Any CPU.ActiveCfg = Release|Any CPU
		{E92BA217-1681-453A-AEF8-888028A12070}.BuildServer|Any CPU.Build.0 = Release|Any CPU
		{E92BA217-1681-453A-AEF8-888028A12070}.Debug|Any CPU.ActiveCfg = Debug|Any CPU
		{E92BA217-1681-453A-AEF8-888028A12070}.Debug|Any CPU.Build.0 = Debug|Any CPU
		{E92BA217-1681-453A-AEF8-888028A12070}.Release|Any CPU.ActiveCfg = Release|Any CPU
		{E92BA217-1681-453A-AEF8-888028A12070}.Release|Any CPU.Build.0 = Release|Any CPU
		{C1B1F481-6E3E-464C-A983-CB56AD430C1D}.BuildServer|Any CPU.ActiveCfg = Release|Any CPU
		{C1B1F481-6E3E-464C-A983-CB56AD430C1D}.BuildServer|Any CPU.Build.0 = Release|Any CPU
		{C1B1F481-6E3E-464C-A983-CB56AD430C1D}.Debug|Any CPU.ActiveCfg = Debug|Any CPU
		{C1B1F481-6E3E-464C-A983-CB56AD430C1D}.Debug|Any CPU.Build.0 = Debug|Any CPU
		{C1B1F481-6E3E-464C-A983-CB56AD430C1D}.Release|Any CPU.ActiveCfg = Release|Any CPU
		{C1B1F481-6E3E-464C-A983-CB56AD430C1D}.Release|Any CPU.Build.0 = Release|Any CPU
		{41B70B30-590D-476D-B58C-6CD05262DDA1}.BuildServer|Any CPU.ActiveCfg = BuildServer|Any CPU
		{41B70B30-590D-476D-B58C-6CD05262DDA1}.BuildServer|Any CPU.Build.0 = BuildServer|Any CPU
		{41B70B30-590D-476D-B58C-6CD05262DDA1}.Debug|Any CPU.ActiveCfg = Debug|Any CPU
		{41B70B30-590D-476D-B58C-6CD05262DDA1}.Debug|Any CPU.Build.0 = Debug|Any CPU
		{41B70B30-590D-476D-B58C-6CD05262DDA1}.Release|Any CPU.ActiveCfg = Release|Any CPU
		{41B70B30-590D-476D-B58C-6CD05262DDA1}.Release|Any CPU.Build.0 = Release|Any CPU
		{C6C4637E-F0B7-43DF-A692-D8B82245311A}.BuildServer|Any CPU.ActiveCfg = BuildServer|Any CPU
		{C6C4637E-F0B7-43DF-A692-D8B82245311A}.BuildServer|Any CPU.Build.0 = BuildServer|Any CPU
		{C6C4637E-F0B7-43DF-A692-D8B82245311A}.Debug|Any CPU.ActiveCfg = Debug|Any CPU
		{C6C4637E-F0B7-43DF-A692-D8B82245311A}.Debug|Any CPU.Build.0 = Debug|Any CPU
		{C6C4637E-F0B7-43DF-A692-D8B82245311A}.Release|Any CPU.ActiveCfg = Release|Any CPU
		{C6C4637E-F0B7-43DF-A692-D8B82245311A}.Release|Any CPU.Build.0 = Release|Any CPU
		{24C8E95E-66EA-4E35-8584-C50171B68984}.BuildServer|Any CPU.ActiveCfg = BuildServer|Any CPU
		{24C8E95E-66EA-4E35-8584-C50171B68984}.BuildServer|Any CPU.Build.0 = BuildServer|Any CPU
		{24C8E95E-66EA-4E35-8584-C50171B68984}.Debug|Any CPU.ActiveCfg = Debug|Any CPU
		{24C8E95E-66EA-4E35-8584-C50171B68984}.Debug|Any CPU.Build.0 = Debug|Any CPU
		{24C8E95E-66EA-4E35-8584-C50171B68984}.Release|Any CPU.ActiveCfg = Release|Any CPU
		{24C8E95E-66EA-4E35-8584-C50171B68984}.Release|Any CPU.Build.0 = Release|Any CPU
		{9B4E7B86-5F2F-4F84-9786-3D7CCB2024F8}.BuildServer|Any CPU.ActiveCfg = Release|Any CPU
		{9B4E7B86-5F2F-4F84-9786-3D7CCB2024F8}.BuildServer|Any CPU.Build.0 = Release|Any CPU
		{9B4E7B86-5F2F-4F84-9786-3D7CCB2024F8}.Debug|Any CPU.ActiveCfg = Debug|Any CPU
		{9B4E7B86-5F2F-4F84-9786-3D7CCB2024F8}.Debug|Any CPU.Build.0 = Debug|Any CPU
		{9B4E7B86-5F2F-4F84-9786-3D7CCB2024F8}.Release|Any CPU.ActiveCfg = Release|Any CPU
		{9B4E7B86-5F2F-4F84-9786-3D7CCB2024F8}.Release|Any CPU.Build.0 = Release|Any CPU
		{C0FA7295-375B-4CBE-9790-64BDBCF12A77}.BuildServer|Any CPU.ActiveCfg = BuildServer|Any CPU
		{C0FA7295-375B-4CBE-9790-64BDBCF12A77}.BuildServer|Any CPU.Build.0 = BuildServer|Any CPU
		{C0FA7295-375B-4CBE-9790-64BDBCF12A77}.Debug|Any CPU.ActiveCfg = Debug|Any CPU
		{C0FA7295-375B-4CBE-9790-64BDBCF12A77}.Debug|Any CPU.Build.0 = Debug|Any CPU
		{C0FA7295-375B-4CBE-9790-64BDBCF12A77}.Release|Any CPU.ActiveCfg = Release|Any CPU
		{C0FA7295-375B-4CBE-9790-64BDBCF12A77}.Release|Any CPU.Build.0 = Release|Any CPU
		{B9608A11-F0F0-47AA-BD55-D6E25A310DAA}.BuildServer|Any CPU.ActiveCfg = Release|Any CPU
		{B9608A11-F0F0-47AA-BD55-D6E25A310DAA}.BuildServer|Any CPU.Build.0 = Release|Any CPU
		{B9608A11-F0F0-47AA-BD55-D6E25A310DAA}.Debug|Any CPU.ActiveCfg = Debug|Any CPU
		{B9608A11-F0F0-47AA-BD55-D6E25A310DAA}.Debug|Any CPU.Build.0 = Debug|Any CPU
		{B9608A11-F0F0-47AA-BD55-D6E25A310DAA}.Release|Any CPU.ActiveCfg = Release|Any CPU
		{B9608A11-F0F0-47AA-BD55-D6E25A310DAA}.Release|Any CPU.Build.0 = Release|Any CPU
		{0F77947A-9E4C-4663-A7EE-C43A4D357217}.BuildServer|Any CPU.ActiveCfg = Release|Any CPU
		{0F77947A-9E4C-4663-A7EE-C43A4D357217}.BuildServer|Any CPU.Build.0 = Release|Any CPU
		{0F77947A-9E4C-4663-A7EE-C43A4D357217}.Debug|Any CPU.ActiveCfg = Debug|Any CPU
		{0F77947A-9E4C-4663-A7EE-C43A4D357217}.Debug|Any CPU.Build.0 = Debug|Any CPU
		{0F77947A-9E4C-4663-A7EE-C43A4D357217}.Release|Any CPU.ActiveCfg = Release|Any CPU
		{0F77947A-9E4C-4663-A7EE-C43A4D357217}.Release|Any CPU.Build.0 = Release|Any CPU
		{B21F9BDF-E28D-4C42-91D5-008B0833A3FA}.BuildServer|Any CPU.ActiveCfg = Release|Any CPU
		{B21F9BDF-E28D-4C42-91D5-008B0833A3FA}.BuildServer|Any CPU.Build.0 = Release|Any CPU
		{B21F9BDF-E28D-4C42-91D5-008B0833A3FA}.Debug|Any CPU.ActiveCfg = Debug|Any CPU
		{B21F9BDF-E28D-4C42-91D5-008B0833A3FA}.Debug|Any CPU.Build.0 = Debug|Any CPU
		{B21F9BDF-E28D-4C42-91D5-008B0833A3FA}.Release|Any CPU.ActiveCfg = Release|Any CPU
		{B21F9BDF-E28D-4C42-91D5-008B0833A3FA}.Release|Any CPU.Build.0 = Release|Any CPU
		{A06209E7-56B8-4C02-B47B-776E6E597A56}.BuildServer|Any CPU.ActiveCfg = BuildServer|Any CPU
		{A06209E7-56B8-4C02-B47B-776E6E597A56}.BuildServer|Any CPU.Build.0 = BuildServer|Any CPU
		{A06209E7-56B8-4C02-B47B-776E6E597A56}.Debug|Any CPU.ActiveCfg = Debug|Any CPU
		{A06209E7-56B8-4C02-B47B-776E6E597A56}.Debug|Any CPU.Build.0 = Debug|Any CPU
		{A06209E7-56B8-4C02-B47B-776E6E597A56}.Release|Any CPU.ActiveCfg = Release|Any CPU
		{A06209E7-56B8-4C02-B47B-776E6E597A56}.Release|Any CPU.Build.0 = Release|Any CPU
		{B711D25A-7B1F-4CEA-9090-AA00523B2DB8}.BuildServer|Any CPU.ActiveCfg = BuildServer|Any CPU
		{B711D25A-7B1F-4CEA-9090-AA00523B2DB8}.BuildServer|Any CPU.Build.0 = BuildServer|Any CPU
		{B711D25A-7B1F-4CEA-9090-AA00523B2DB8}.Debug|Any CPU.ActiveCfg = Debug|Any CPU
		{B711D25A-7B1F-4CEA-9090-AA00523B2DB8}.Debug|Any CPU.Build.0 = Debug|Any CPU
		{B711D25A-7B1F-4CEA-9090-AA00523B2DB8}.Release|Any CPU.ActiveCfg = Release|Any CPU
		{B711D25A-7B1F-4CEA-9090-AA00523B2DB8}.Release|Any CPU.Build.0 = Release|Any CPU
		{6D20F8F3-D439-4577-B08D-6268737E6C3F}.BuildServer|Any CPU.ActiveCfg = BuildServer|Any CPU
		{6D20F8F3-D439-4577-B08D-6268737E6C3F}.BuildServer|Any CPU.Build.0 = BuildServer|Any CPU
		{6D20F8F3-D439-4577-B08D-6268737E6C3F}.Debug|Any CPU.ActiveCfg = Debug|Any CPU
		{6D20F8F3-D439-4577-B08D-6268737E6C3F}.Debug|Any CPU.Build.0 = Debug|Any CPU
		{6D20F8F3-D439-4577-B08D-6268737E6C3F}.Release|Any CPU.ActiveCfg = Release|Any CPU
		{6D20F8F3-D439-4577-B08D-6268737E6C3F}.Release|Any CPU.Build.0 = Release|Any CPU
		{44AFF47F-5878-4045-A851-AA882F27F9E8}.BuildServer|Any CPU.ActiveCfg = BuildServer|Any CPU
		{44AFF47F-5878-4045-A851-AA882F27F9E8}.BuildServer|Any CPU.Build.0 = BuildServer|Any CPU
		{44AFF47F-5878-4045-A851-AA882F27F9E8}.Debug|Any CPU.ActiveCfg = Debug|Any CPU
		{44AFF47F-5878-4045-A851-AA882F27F9E8}.Debug|Any CPU.Build.0 = Debug|Any CPU
		{44AFF47F-5878-4045-A851-AA882F27F9E8}.Release|Any CPU.ActiveCfg = Release|Any CPU
		{44AFF47F-5878-4045-A851-AA882F27F9E8}.Release|Any CPU.Build.0 = Release|Any CPU
		{CD28C4B4-D4CC-42D4-9A0B-8E0A346AC2E4}.BuildServer|Any CPU.ActiveCfg = Release|Any CPU
		{CD28C4B4-D4CC-42D4-9A0B-8E0A346AC2E4}.BuildServer|Any CPU.Build.0 = Release|Any CPU
		{CD28C4B4-D4CC-42D4-9A0B-8E0A346AC2E4}.Debug|Any CPU.ActiveCfg = Debug|Any CPU
		{CD28C4B4-D4CC-42D4-9A0B-8E0A346AC2E4}.Debug|Any CPU.Build.0 = Debug|Any CPU
		{CD28C4B4-D4CC-42D4-9A0B-8E0A346AC2E4}.Release|Any CPU.ActiveCfg = Release|Any CPU
		{CD28C4B4-D4CC-42D4-9A0B-8E0A346AC2E4}.Release|Any CPU.Build.0 = Release|Any CPU
		{E1C99406-19E6-4D12-A7FB-ED5818DAE973}.BuildServer|Any CPU.ActiveCfg = Release|Any CPU
		{E1C99406-19E6-4D12-A7FB-ED5818DAE973}.BuildServer|Any CPU.Build.0 = Release|Any CPU
		{E1C99406-19E6-4D12-A7FB-ED5818DAE973}.Debug|Any CPU.ActiveCfg = Debug|Any CPU
		{E1C99406-19E6-4D12-A7FB-ED5818DAE973}.Debug|Any CPU.Build.0 = Debug|Any CPU
		{E1C99406-19E6-4D12-A7FB-ED5818DAE973}.Release|Any CPU.ActiveCfg = Release|Any CPU
		{E1C99406-19E6-4D12-A7FB-ED5818DAE973}.Release|Any CPU.Build.0 = Release|Any CPU
		{F8064145-66E7-4746-A2AC-946DC14FAB3D}.BuildServer|Any CPU.ActiveCfg = Release|Any CPU
		{F8064145-66E7-4746-A2AC-946DC14FAB3D}.BuildServer|Any CPU.Build.0 = Release|Any CPU
		{F8064145-66E7-4746-A2AC-946DC14FAB3D}.Debug|Any CPU.ActiveCfg = Debug|Any CPU
		{F8064145-66E7-4746-A2AC-946DC14FAB3D}.Debug|Any CPU.Build.0 = Debug|Any CPU
		{F8064145-66E7-4746-A2AC-946DC14FAB3D}.Release|Any CPU.ActiveCfg = Release|Any CPU
		{F8064145-66E7-4746-A2AC-946DC14FAB3D}.Release|Any CPU.Build.0 = Release|Any CPU
		{694C9D89-2BBE-46AE-9953-4A2AB09FF500}.BuildServer|Any CPU.ActiveCfg = Release|Any CPU
		{694C9D89-2BBE-46AE-9953-4A2AB09FF500}.BuildServer|Any CPU.Build.0 = Release|Any CPU
		{694C9D89-2BBE-46AE-9953-4A2AB09FF500}.Debug|Any CPU.ActiveCfg = Debug|Any CPU
		{694C9D89-2BBE-46AE-9953-4A2AB09FF500}.Debug|Any CPU.Build.0 = Debug|Any CPU
		{694C9D89-2BBE-46AE-9953-4A2AB09FF500}.Release|Any CPU.ActiveCfg = Release|Any CPU
		{694C9D89-2BBE-46AE-9953-4A2AB09FF500}.Release|Any CPU.Build.0 = Release|Any CPU
		{153F3D78-258A-4644-BAEF-51EE589080DF}.BuildServer|Any CPU.ActiveCfg = Release|Any CPU
		{153F3D78-258A-4644-BAEF-51EE589080DF}.BuildServer|Any CPU.Build.0 = Release|Any CPU
		{153F3D78-258A-4644-BAEF-51EE589080DF}.Debug|Any CPU.ActiveCfg = Debug|Any CPU
		{153F3D78-258A-4644-BAEF-51EE589080DF}.Debug|Any CPU.Build.0 = Debug|Any CPU
		{153F3D78-258A-4644-BAEF-51EE589080DF}.Release|Any CPU.ActiveCfg = Release|Any CPU
		{153F3D78-258A-4644-BAEF-51EE589080DF}.Release|Any CPU.Build.0 = Release|Any CPU
		{B8E3B80F-5E71-4785-BA18-62E77F74692A}.BuildServer|Any CPU.ActiveCfg = Release|Any CPU
		{B8E3B80F-5E71-4785-BA18-62E77F74692A}.BuildServer|Any CPU.Build.0 = Release|Any CPU
		{B8E3B80F-5E71-4785-BA18-62E77F74692A}.Debug|Any CPU.ActiveCfg = Debug|Any CPU
		{B8E3B80F-5E71-4785-BA18-62E77F74692A}.Debug|Any CPU.Build.0 = Debug|Any CPU
		{B8E3B80F-5E71-4785-BA18-62E77F74692A}.Release|Any CPU.ActiveCfg = Release|Any CPU
		{B8E3B80F-5E71-4785-BA18-62E77F74692A}.Release|Any CPU.Build.0 = Release|Any CPU
		{0E91EB31-4F0A-41A0-A785-006EA68BDA87}.BuildServer|Any CPU.ActiveCfg = Release|Any CPU
		{0E91EB31-4F0A-41A0-A785-006EA68BDA87}.BuildServer|Any CPU.Build.0 = Release|Any CPU
		{0E91EB31-4F0A-41A0-A785-006EA68BDA87}.Debug|Any CPU.ActiveCfg = Debug|Any CPU
		{0E91EB31-4F0A-41A0-A785-006EA68BDA87}.Debug|Any CPU.Build.0 = Debug|Any CPU
		{0E91EB31-4F0A-41A0-A785-006EA68BDA87}.Release|Any CPU.ActiveCfg = Release|Any CPU
		{0E91EB31-4F0A-41A0-A785-006EA68BDA87}.Release|Any CPU.Build.0 = Release|Any CPU
		{EBD3A77C-453E-4DC7-8616-C75C8580D3F3}.BuildServer|Any CPU.ActiveCfg = Release|Any CPU
		{EBD3A77C-453E-4DC7-8616-C75C8580D3F3}.BuildServer|Any CPU.Build.0 = Release|Any CPU
		{EBD3A77C-453E-4DC7-8616-C75C8580D3F3}.Debug|Any CPU.ActiveCfg = Debug|Any CPU
		{EBD3A77C-453E-4DC7-8616-C75C8580D3F3}.Debug|Any CPU.Build.0 = Debug|Any CPU
		{EBD3A77C-453E-4DC7-8616-C75C8580D3F3}.Release|Any CPU.ActiveCfg = Release|Any CPU
		{EBD3A77C-453E-4DC7-8616-C75C8580D3F3}.Release|Any CPU.Build.0 = Release|Any CPU
		{2AE99E38-4B45-4D8B-B9D5-840B21F82A43}.BuildServer|Any CPU.ActiveCfg = BuildServer|Any CPU
		{2AE99E38-4B45-4D8B-B9D5-840B21F82A43}.BuildServer|Any CPU.Build.0 = BuildServer|Any CPU
		{2AE99E38-4B45-4D8B-B9D5-840B21F82A43}.Debug|Any CPU.ActiveCfg = Debug|Any CPU
		{2AE99E38-4B45-4D8B-B9D5-840B21F82A43}.Debug|Any CPU.Build.0 = Debug|Any CPU
		{2AE99E38-4B45-4D8B-B9D5-840B21F82A43}.Release|Any CPU.ActiveCfg = Release|Any CPU
		{2AE99E38-4B45-4D8B-B9D5-840B21F82A43}.Release|Any CPU.Build.0 = Release|Any CPU
		{12C5304D-AE3E-4FF0-8E09-D7B3D3EA90DC}.BuildServer|Any CPU.ActiveCfg = Release|Any CPU
		{12C5304D-AE3E-4FF0-8E09-D7B3D3EA90DC}.BuildServer|Any CPU.Build.0 = Release|Any CPU
		{12C5304D-AE3E-4FF0-8E09-D7B3D3EA90DC}.Debug|Any CPU.ActiveCfg = Debug|Any CPU
		{12C5304D-AE3E-4FF0-8E09-D7B3D3EA90DC}.Debug|Any CPU.Build.0 = Debug|Any CPU
		{12C5304D-AE3E-4FF0-8E09-D7B3D3EA90DC}.Release|Any CPU.ActiveCfg = Release|Any CPU
		{12C5304D-AE3E-4FF0-8E09-D7B3D3EA90DC}.Release|Any CPU.Build.0 = Release|Any CPU
		{34DA3755-975D-4194-8B02-7FA0476B23F0}.BuildServer|Any CPU.ActiveCfg = Release|Any CPU
		{34DA3755-975D-4194-8B02-7FA0476B23F0}.BuildServer|Any CPU.Build.0 = Release|Any CPU
		{34DA3755-975D-4194-8B02-7FA0476B23F0}.Debug|Any CPU.ActiveCfg = Debug|Any CPU
		{34DA3755-975D-4194-8B02-7FA0476B23F0}.Debug|Any CPU.Build.0 = Debug|Any CPU
		{34DA3755-975D-4194-8B02-7FA0476B23F0}.Release|Any CPU.ActiveCfg = Release|Any CPU
		{34DA3755-975D-4194-8B02-7FA0476B23F0}.Release|Any CPU.Build.0 = Release|Any CPU
		{1301F6A5-274D-410C-A633-C1316D5BA8E5}.BuildServer|Any CPU.ActiveCfg = Release|Any CPU
		{1301F6A5-274D-410C-A633-C1316D5BA8E5}.BuildServer|Any CPU.Build.0 = Release|Any CPU
		{1301F6A5-274D-410C-A633-C1316D5BA8E5}.Debug|Any CPU.ActiveCfg = Debug|Any CPU
		{1301F6A5-274D-410C-A633-C1316D5BA8E5}.Debug|Any CPU.Build.0 = Debug|Any CPU
		{1301F6A5-274D-410C-A633-C1316D5BA8E5}.Release|Any CPU.ActiveCfg = Release|Any CPU
		{1301F6A5-274D-410C-A633-C1316D5BA8E5}.Release|Any CPU.Build.0 = Release|Any CPU
		{805FA369-C681-4204-B16B-CFE3AE2FA813}.BuildServer|Any CPU.ActiveCfg = Release|Any CPU
		{805FA369-C681-4204-B16B-CFE3AE2FA813}.BuildServer|Any CPU.Build.0 = Release|Any CPU
		{805FA369-C681-4204-B16B-CFE3AE2FA813}.Debug|Any CPU.ActiveCfg = Debug|Any CPU
		{805FA369-C681-4204-B16B-CFE3AE2FA813}.Debug|Any CPU.Build.0 = Debug|Any CPU
		{805FA369-C681-4204-B16B-CFE3AE2FA813}.Release|Any CPU.ActiveCfg = Release|Any CPU
		{805FA369-C681-4204-B16B-CFE3AE2FA813}.Release|Any CPU.Build.0 = Release|Any CPU
		{720E76E7-71E2-4570-BD4A-A38B2858BD56}.BuildServer|Any CPU.ActiveCfg = Release|Any CPU
		{720E76E7-71E2-4570-BD4A-A38B2858BD56}.BuildServer|Any CPU.Build.0 = Release|Any CPU
		{720E76E7-71E2-4570-BD4A-A38B2858BD56}.Debug|Any CPU.ActiveCfg = Debug|Any CPU
		{720E76E7-71E2-4570-BD4A-A38B2858BD56}.Debug|Any CPU.Build.0 = Debug|Any CPU
		{720E76E7-71E2-4570-BD4A-A38B2858BD56}.Release|Any CPU.ActiveCfg = Release|Any CPU
		{720E76E7-71E2-4570-BD4A-A38B2858BD56}.Release|Any CPU.Build.0 = Release|Any CPU
		{5FE7A90C-9319-4A62-955B-8F6F22169679}.BuildServer|Any CPU.ActiveCfg = Release|Any CPU
		{5FE7A90C-9319-4A62-955B-8F6F22169679}.BuildServer|Any CPU.Build.0 = Release|Any CPU
		{5FE7A90C-9319-4A62-955B-8F6F22169679}.Debug|Any CPU.ActiveCfg = Debug|Any CPU
		{5FE7A90C-9319-4A62-955B-8F6F22169679}.Debug|Any CPU.Build.0 = Debug|Any CPU
		{5FE7A90C-9319-4A62-955B-8F6F22169679}.Release|Any CPU.ActiveCfg = Release|Any CPU
		{5FE7A90C-9319-4A62-955B-8F6F22169679}.Release|Any CPU.Build.0 = Release|Any CPU
		{18454832-DEE4-484F-9750-F67D46B790E7}.BuildServer|Any CPU.ActiveCfg = Release|Any CPU
		{18454832-DEE4-484F-9750-F67D46B790E7}.BuildServer|Any CPU.Build.0 = Release|Any CPU
		{18454832-DEE4-484F-9750-F67D46B790E7}.Debug|Any CPU.ActiveCfg = Debug|Any CPU
		{18454832-DEE4-484F-9750-F67D46B790E7}.Debug|Any CPU.Build.0 = Debug|Any CPU
		{18454832-DEE4-484F-9750-F67D46B790E7}.Release|Any CPU.ActiveCfg = Release|Any CPU
		{18454832-DEE4-484F-9750-F67D46B790E7}.Release|Any CPU.Build.0 = Release|Any CPU
		{6D064DA4-FE6F-44C1-AC3F-4A6D0C710B81}.BuildServer|Any CPU.ActiveCfg = Release|Any CPU
		{6D064DA4-FE6F-44C1-AC3F-4A6D0C710B81}.BuildServer|Any CPU.Build.0 = Release|Any CPU
		{6D064DA4-FE6F-44C1-AC3F-4A6D0C710B81}.Debug|Any CPU.ActiveCfg = Debug|Any CPU
		{6D064DA4-FE6F-44C1-AC3F-4A6D0C710B81}.Debug|Any CPU.Build.0 = Debug|Any CPU
		{6D064DA4-FE6F-44C1-AC3F-4A6D0C710B81}.Release|Any CPU.ActiveCfg = Release|Any CPU
		{6D064DA4-FE6F-44C1-AC3F-4A6D0C710B81}.Release|Any CPU.Build.0 = Release|Any CPU
		{2EB4D42C-33CD-48DF-BD28-3E51934851EB}.BuildServer|Any CPU.ActiveCfg = Release|Any CPU
		{2EB4D42C-33CD-48DF-BD28-3E51934851EB}.BuildServer|Any CPU.Build.0 = Release|Any CPU
		{2EB4D42C-33CD-48DF-BD28-3E51934851EB}.Debug|Any CPU.ActiveCfg = Debug|Any CPU
		{2EB4D42C-33CD-48DF-BD28-3E51934851EB}.Debug|Any CPU.Build.0 = Debug|Any CPU
		{2EB4D42C-33CD-48DF-BD28-3E51934851EB}.Release|Any CPU.ActiveCfg = Release|Any CPU
		{2EB4D42C-33CD-48DF-BD28-3E51934851EB}.Release|Any CPU.Build.0 = Release|Any CPU
		{501D71D8-AE40-46D8-87F8-DF6C60371ADD}.BuildServer|Any CPU.ActiveCfg = Release|Any CPU
		{501D71D8-AE40-46D8-87F8-DF6C60371ADD}.BuildServer|Any CPU.Build.0 = Release|Any CPU
		{501D71D8-AE40-46D8-87F8-DF6C60371ADD}.Debug|Any CPU.ActiveCfg = Debug|Any CPU
		{501D71D8-AE40-46D8-87F8-DF6C60371ADD}.Debug|Any CPU.Build.0 = Debug|Any CPU
		{501D71D8-AE40-46D8-87F8-DF6C60371ADD}.Release|Any CPU.ActiveCfg = Release|Any CPU
		{501D71D8-AE40-46D8-87F8-DF6C60371ADD}.Release|Any CPU.Build.0 = Release|Any CPU
		{357A1FB3-FFEC-4378-B688-85C4A020A98C}.BuildServer|Any CPU.ActiveCfg = Release|Any CPU
		{357A1FB3-FFEC-4378-B688-85C4A020A98C}.BuildServer|Any CPU.Build.0 = Release|Any CPU
		{357A1FB3-FFEC-4378-B688-85C4A020A98C}.Debug|Any CPU.ActiveCfg = Debug|Any CPU
		{357A1FB3-FFEC-4378-B688-85C4A020A98C}.Debug|Any CPU.Build.0 = Debug|Any CPU
		{357A1FB3-FFEC-4378-B688-85C4A020A98C}.Release|Any CPU.ActiveCfg = Release|Any CPU
		{357A1FB3-FFEC-4378-B688-85C4A020A98C}.Release|Any CPU.Build.0 = Release|Any CPU
		{37453F0B-4612-4DF5-807B-E446D170385F}.BuildServer|Any CPU.ActiveCfg = Release|Any CPU
		{37453F0B-4612-4DF5-807B-E446D170385F}.BuildServer|Any CPU.Build.0 = Release|Any CPU
		{37453F0B-4612-4DF5-807B-E446D170385F}.Debug|Any CPU.ActiveCfg = Debug|Any CPU
		{37453F0B-4612-4DF5-807B-E446D170385F}.Debug|Any CPU.Build.0 = Debug|Any CPU
		{37453F0B-4612-4DF5-807B-E446D170385F}.Release|Any CPU.ActiveCfg = Release|Any CPU
		{37453F0B-4612-4DF5-807B-E446D170385F}.Release|Any CPU.Build.0 = Release|Any CPU
		{9BE9B0D1-CD15-4308-A8ED-186603F776B3}.BuildServer|Any CPU.ActiveCfg = Release|Any CPU
		{9BE9B0D1-CD15-4308-A8ED-186603F776B3}.BuildServer|Any CPU.Build.0 = Release|Any CPU
		{9BE9B0D1-CD15-4308-A8ED-186603F776B3}.Debug|Any CPU.ActiveCfg = Debug|Any CPU
		{9BE9B0D1-CD15-4308-A8ED-186603F776B3}.Debug|Any CPU.Build.0 = Debug|Any CPU
		{9BE9B0D1-CD15-4308-A8ED-186603F776B3}.Release|Any CPU.ActiveCfg = Release|Any CPU
		{9BE9B0D1-CD15-4308-A8ED-186603F776B3}.Release|Any CPU.Build.0 = Release|Any CPU
		{77C83180-ADC7-4D6C-8DF0-25B0B15D381C}.BuildServer|Any CPU.ActiveCfg = Release|Any CPU
		{77C83180-ADC7-4D6C-8DF0-25B0B15D381C}.BuildServer|Any CPU.Build.0 = Release|Any CPU
		{77C83180-ADC7-4D6C-8DF0-25B0B15D381C}.Debug|Any CPU.ActiveCfg = Debug|Any CPU
		{77C83180-ADC7-4D6C-8DF0-25B0B15D381C}.Debug|Any CPU.Build.0 = Debug|Any CPU
		{77C83180-ADC7-4D6C-8DF0-25B0B15D381C}.Release|Any CPU.ActiveCfg = Release|Any CPU
		{77C83180-ADC7-4D6C-8DF0-25B0B15D381C}.Release|Any CPU.Build.0 = Release|Any CPU
		{B755E1B8-2479-4E64-A039-88BA36263BBD}.BuildServer|Any CPU.ActiveCfg = Release|Any CPU
		{B755E1B8-2479-4E64-A039-88BA36263BBD}.BuildServer|Any CPU.Build.0 = Release|Any CPU
		{B755E1B8-2479-4E64-A039-88BA36263BBD}.Debug|Any CPU.ActiveCfg = Debug|Any CPU
		{B755E1B8-2479-4E64-A039-88BA36263BBD}.Debug|Any CPU.Build.0 = Debug|Any CPU
		{B755E1B8-2479-4E64-A039-88BA36263BBD}.Release|Any CPU.ActiveCfg = Release|Any CPU
		{B755E1B8-2479-4E64-A039-88BA36263BBD}.Release|Any CPU.Build.0 = Release|Any CPU
		{36BD02F8-CDCF-4B59-B9F4-68D71302F3C7}.BuildServer|Any CPU.ActiveCfg = Release|Any CPU
		{36BD02F8-CDCF-4B59-B9F4-68D71302F3C7}.BuildServer|Any CPU.Build.0 = Release|Any CPU
		{36BD02F8-CDCF-4B59-B9F4-68D71302F3C7}.Debug|Any CPU.ActiveCfg = Debug|Any CPU
		{36BD02F8-CDCF-4B59-B9F4-68D71302F3C7}.Debug|Any CPU.Build.0 = Debug|Any CPU
		{36BD02F8-CDCF-4B59-B9F4-68D71302F3C7}.Release|Any CPU.ActiveCfg = Release|Any CPU
		{36BD02F8-CDCF-4B59-B9F4-68D71302F3C7}.Release|Any CPU.Build.0 = Release|Any CPU
		{F3CC13DE-3D05-4CD2-B895-41DA294E0585}.BuildServer|Any CPU.ActiveCfg = Release|Any CPU
		{F3CC13DE-3D05-4CD2-B895-41DA294E0585}.BuildServer|Any CPU.Build.0 = Release|Any CPU
		{F3CC13DE-3D05-4CD2-B895-41DA294E0585}.Debug|Any CPU.ActiveCfg = Debug|Any CPU
		{F3CC13DE-3D05-4CD2-B895-41DA294E0585}.Debug|Any CPU.Build.0 = Debug|Any CPU
		{F3CC13DE-3D05-4CD2-B895-41DA294E0585}.Release|Any CPU.ActiveCfg = Release|Any CPU
		{F3CC13DE-3D05-4CD2-B895-41DA294E0585}.Release|Any CPU.Build.0 = Release|Any CPU
		{05B804CB-DA17-4449-88FB-C2DEF96486A7}.BuildServer|Any CPU.ActiveCfg = Release|Any CPU
		{05B804CB-DA17-4449-88FB-C2DEF96486A7}.BuildServer|Any CPU.Build.0 = Release|Any CPU
		{05B804CB-DA17-4449-88FB-C2DEF96486A7}.Debug|Any CPU.ActiveCfg = Debug|Any CPU
		{05B804CB-DA17-4449-88FB-C2DEF96486A7}.Debug|Any CPU.Build.0 = Debug|Any CPU
		{05B804CB-DA17-4449-88FB-C2DEF96486A7}.Release|Any CPU.ActiveCfg = Release|Any CPU
		{05B804CB-DA17-4449-88FB-C2DEF96486A7}.Release|Any CPU.Build.0 = Release|Any CPU
		{CA1A21AB-C915-4101-9FEF-24C76D5F74A9}.BuildServer|Any CPU.ActiveCfg = Release|Any CPU
		{CA1A21AB-C915-4101-9FEF-24C76D5F74A9}.BuildServer|Any CPU.Build.0 = Release|Any CPU
		{CA1A21AB-C915-4101-9FEF-24C76D5F74A9}.Debug|Any CPU.ActiveCfg = Debug|Any CPU
		{CA1A21AB-C915-4101-9FEF-24C76D5F74A9}.Debug|Any CPU.Build.0 = Debug|Any CPU
		{CA1A21AB-C915-4101-9FEF-24C76D5F74A9}.Release|Any CPU.ActiveCfg = Release|Any CPU
		{CA1A21AB-C915-4101-9FEF-24C76D5F74A9}.Release|Any CPU.Build.0 = Release|Any CPU
		{C70F8F1A-9FDA-41FF-BFB3-4EAB64907D87}.BuildServer|Any CPU.ActiveCfg = Release|Any CPU
		{C70F8F1A-9FDA-41FF-BFB3-4EAB64907D87}.BuildServer|Any CPU.Build.0 = Release|Any CPU
		{C70F8F1A-9FDA-41FF-BFB3-4EAB64907D87}.Debug|Any CPU.ActiveCfg = Debug|Any CPU
		{C70F8F1A-9FDA-41FF-BFB3-4EAB64907D87}.Debug|Any CPU.Build.0 = Debug|Any CPU
		{C70F8F1A-9FDA-41FF-BFB3-4EAB64907D87}.Release|Any CPU.ActiveCfg = Release|Any CPU
		{C70F8F1A-9FDA-41FF-BFB3-4EAB64907D87}.Release|Any CPU.Build.0 = Release|Any CPU
		{397FFB04-CD07-4DEA-8B2C-14C97ADD9379}.BuildServer|Any CPU.ActiveCfg = Release|Any CPU
		{397FFB04-CD07-4DEA-8B2C-14C97ADD9379}.BuildServer|Any CPU.Build.0 = Release|Any CPU
		{397FFB04-CD07-4DEA-8B2C-14C97ADD9379}.Debug|Any CPU.ActiveCfg = Debug|Any CPU
		{397FFB04-CD07-4DEA-8B2C-14C97ADD9379}.Debug|Any CPU.Build.0 = Debug|Any CPU
		{397FFB04-CD07-4DEA-8B2C-14C97ADD9379}.Release|Any CPU.ActiveCfg = Release|Any CPU
		{397FFB04-CD07-4DEA-8B2C-14C97ADD9379}.Release|Any CPU.Build.0 = Release|Any CPU
		{5E4D635E-5E84-47B1-B638-EF60A1176796}.BuildServer|Any CPU.ActiveCfg = Release|Any CPU
		{5E4D635E-5E84-47B1-B638-EF60A1176796}.BuildServer|Any CPU.Build.0 = Release|Any CPU
		{5E4D635E-5E84-47B1-B638-EF60A1176796}.Debug|Any CPU.ActiveCfg = Debug|Any CPU
		{5E4D635E-5E84-47B1-B638-EF60A1176796}.Debug|Any CPU.Build.0 = Debug|Any CPU
		{5E4D635E-5E84-47B1-B638-EF60A1176796}.Release|Any CPU.ActiveCfg = Release|Any CPU
		{5E4D635E-5E84-47B1-B638-EF60A1176796}.Release|Any CPU.Build.0 = Release|Any CPU
		{DD26762C-4F49-4D48-8446-0B66B041D4A0}.BuildServer|Any CPU.ActiveCfg = Release|Any CPU
		{DD26762C-4F49-4D48-8446-0B66B041D4A0}.BuildServer|Any CPU.Build.0 = Release|Any CPU
		{DD26762C-4F49-4D48-8446-0B66B041D4A0}.Debug|Any CPU.ActiveCfg = Debug|Any CPU
		{DD26762C-4F49-4D48-8446-0B66B041D4A0}.Debug|Any CPU.Build.0 = Debug|Any CPU
		{DD26762C-4F49-4D48-8446-0B66B041D4A0}.Release|Any CPU.ActiveCfg = Release|Any CPU
		{DD26762C-4F49-4D48-8446-0B66B041D4A0}.Release|Any CPU.Build.0 = Release|Any CPU
		{8DD9172B-A711-4C8C-B26F-9C5F5C7A1608}.BuildServer|Any CPU.ActiveCfg = Release|Any CPU
		{8DD9172B-A711-4C8C-B26F-9C5F5C7A1608}.BuildServer|Any CPU.Build.0 = Release|Any CPU
		{8DD9172B-A711-4C8C-B26F-9C5F5C7A1608}.Debug|Any CPU.ActiveCfg = Debug|Any CPU
		{8DD9172B-A711-4C8C-B26F-9C5F5C7A1608}.Debug|Any CPU.Build.0 = Debug|Any CPU
		{8DD9172B-A711-4C8C-B26F-9C5F5C7A1608}.Release|Any CPU.ActiveCfg = Release|Any CPU
		{8DD9172B-A711-4C8C-B26F-9C5F5C7A1608}.Release|Any CPU.Build.0 = Release|Any CPU
		{82CC4CB7-E4AF-4FD1-B5BF-8F7802D0842C}.BuildServer|Any CPU.ActiveCfg = Release|Any CPU
		{82CC4CB7-E4AF-4FD1-B5BF-8F7802D0842C}.BuildServer|Any CPU.Build.0 = Release|Any CPU
		{82CC4CB7-E4AF-4FD1-B5BF-8F7802D0842C}.Debug|Any CPU.ActiveCfg = Debug|Any CPU
		{82CC4CB7-E4AF-4FD1-B5BF-8F7802D0842C}.Debug|Any CPU.Build.0 = Debug|Any CPU
		{82CC4CB7-E4AF-4FD1-B5BF-8F7802D0842C}.Release|Any CPU.ActiveCfg = Release|Any CPU
		{82CC4CB7-E4AF-4FD1-B5BF-8F7802D0842C}.Release|Any CPU.Build.0 = Release|Any CPU
		{FC66CF81-A030-4A43-B446-7B92B5D8708E}.BuildServer|Any CPU.ActiveCfg = Release|Any CPU
		{FC66CF81-A030-4A43-B446-7B92B5D8708E}.BuildServer|Any CPU.Build.0 = Release|Any CPU
		{FC66CF81-A030-4A43-B446-7B92B5D8708E}.Debug|Any CPU.ActiveCfg = Debug|Any CPU
		{FC66CF81-A030-4A43-B446-7B92B5D8708E}.Debug|Any CPU.Build.0 = Debug|Any CPU
		{FC66CF81-A030-4A43-B446-7B92B5D8708E}.Release|Any CPU.ActiveCfg = Release|Any CPU
		{FC66CF81-A030-4A43-B446-7B92B5D8708E}.Release|Any CPU.Build.0 = Release|Any CPU
		{DCFFA2F8-442C-4960-8707-5BA0E5D92BC7}.BuildServer|Any CPU.ActiveCfg = Release|Any CPU
		{DCFFA2F8-442C-4960-8707-5BA0E5D92BC7}.BuildServer|Any CPU.Build.0 = Release|Any CPU
		{DCFFA2F8-442C-4960-8707-5BA0E5D92BC7}.Debug|Any CPU.ActiveCfg = Debug|Any CPU
		{DCFFA2F8-442C-4960-8707-5BA0E5D92BC7}.Debug|Any CPU.Build.0 = Debug|Any CPU
		{DCFFA2F8-442C-4960-8707-5BA0E5D92BC7}.Release|Any CPU.ActiveCfg = Release|Any CPU
		{DCFFA2F8-442C-4960-8707-5BA0E5D92BC7}.Release|Any CPU.Build.0 = Release|Any CPU
		{797DE92C-5253-45C5-95E4-92786EBF5266}.BuildServer|Any CPU.ActiveCfg = Release|Any CPU
		{797DE92C-5253-45C5-95E4-92786EBF5266}.BuildServer|Any CPU.Build.0 = Release|Any CPU
		{797DE92C-5253-45C5-95E4-92786EBF5266}.Debug|Any CPU.ActiveCfg = Debug|Any CPU
		{797DE92C-5253-45C5-95E4-92786EBF5266}.Debug|Any CPU.Build.0 = Debug|Any CPU
		{797DE92C-5253-45C5-95E4-92786EBF5266}.Release|Any CPU.ActiveCfg = Release|Any CPU
		{797DE92C-5253-45C5-95E4-92786EBF5266}.Release|Any CPU.Build.0 = Release|Any CPU
		{5CE7B975-8398-4304-BEC8-E0C2A7A4AF8E}.BuildServer|Any CPU.ActiveCfg = Debug|Any CPU
		{5CE7B975-8398-4304-BEC8-E0C2A7A4AF8E}.BuildServer|Any CPU.Build.0 = Debug|Any CPU
		{5CE7B975-8398-4304-BEC8-E0C2A7A4AF8E}.Debug|Any CPU.ActiveCfg = Debug|Any CPU
		{5CE7B975-8398-4304-BEC8-E0C2A7A4AF8E}.Debug|Any CPU.Build.0 = Debug|Any CPU
		{5CE7B975-8398-4304-BEC8-E0C2A7A4AF8E}.Release|Any CPU.ActiveCfg = Release|Any CPU
		{5CE7B975-8398-4304-BEC8-E0C2A7A4AF8E}.Release|Any CPU.Build.0 = Release|Any CPU
		{699B76F1-9656-49AF-A039-DE597B039FB2}.BuildServer|Any CPU.ActiveCfg = Debug|Any CPU
		{699B76F1-9656-49AF-A039-DE597B039FB2}.BuildServer|Any CPU.Build.0 = Debug|Any CPU
		{699B76F1-9656-49AF-A039-DE597B039FB2}.Debug|Any CPU.ActiveCfg = Debug|Any CPU
		{699B76F1-9656-49AF-A039-DE597B039FB2}.Debug|Any CPU.Build.0 = Debug|Any CPU
		{699B76F1-9656-49AF-A039-DE597B039FB2}.Release|Any CPU.ActiveCfg = Release|Any CPU
		{699B76F1-9656-49AF-A039-DE597B039FB2}.Release|Any CPU.Build.0 = Release|Any CPU
		{8CD16E4E-E525-4B8D-848D-437ADA040ECB}.BuildServer|Any CPU.ActiveCfg = Debug|Any CPU
		{8CD16E4E-E525-4B8D-848D-437ADA040ECB}.BuildServer|Any CPU.Build.0 = Debug|Any CPU
		{8CD16E4E-E525-4B8D-848D-437ADA040ECB}.Debug|Any CPU.ActiveCfg = Debug|Any CPU
		{8CD16E4E-E525-4B8D-848D-437ADA040ECB}.Debug|Any CPU.Build.0 = Debug|Any CPU
		{8CD16E4E-E525-4B8D-848D-437ADA040ECB}.Release|Any CPU.ActiveCfg = Release|Any CPU
		{8CD16E4E-E525-4B8D-848D-437ADA040ECB}.Release|Any CPU.Build.0 = Release|Any CPU
	EndGlobalSection
	GlobalSection(SolutionProperties) = preSolution
		HideSolutionNode = FALSE
	EndGlobalSection
	GlobalSection(NestedProjects) = preSolution
		{F8FED8D2-E9CC-484B-9794-C60B0191CF7C} = {2ECE9623-BD00-47BF-A617-3104D0E03486}
		{90E75EF0-F385-4AA2-BEC2-706D75A4E363} = {2ECE9623-BD00-47BF-A617-3104D0E03486}
		{970EB44D-38AF-479F-AFC1-CDDB9C17113A} = {2ECE9623-BD00-47BF-A617-3104D0E03486}
		{2B7D0649-6899-491F-B4E7-70D163B1F72D} = {2ECE9623-BD00-47BF-A617-3104D0E03486}
		{6A8CFFC2-2467-4C6E-93DC-6C76B43E0180} = {29D7DF00-E047-4DA1-8AB8-66EE234B0444}
		{4FF756A4-148E-4E5D-8AAF-7558660F621E} = {B53BC403-9AFF-40D4-A279-3D79CF72E71A}
		{0932D8B3-29EB-4546-987A-B246421A9B87} = {F0102493-1FA9-4308-AEEB-CB04B14C6E71}
		{89F89C37-F564-47EB-839D-C45ACD9D012A} = {CEDA36F0-B308-44B5-BAD3-5B87B0C8E27E}
		{3B44AFC0-F207-44E4-9F91-7F24E1F4D342} = {5BCA1BB1-86EB-420F-9AA5-465635002627}
		{D5A72A34-5DE5-41E1-B52E-8F70D19CB7BF} = {F0102493-1FA9-4308-AEEB-CB04B14C6E71}
		{2008F2C2-C1FA-4CB9-8A99-A9406AC4967D} = {F0102493-1FA9-4308-AEEB-CB04B14C6E71}
		{924CC67D-9E2B-46BA-BE1D-6C6C780CCFBC} = {F8FED8D2-E9CC-484B-9794-C60B0191CF7C}
		{95745C95-A356-4E4A-9AC5-25ABD9659831} = {F8FED8D2-E9CC-484B-9794-C60B0191CF7C}
		{41696F24-E345-4599-A0C7-0715F64946D8} = {0BAA3E94-F53E-424D-8D50-3838F3DFD502}
		{56A380DE-2370-4C2D-8C8E-EAF3163C92EC} = {0BAA3E94-F53E-424D-8D50-3838F3DFD502}
		{BEEA0656-542B-4C48-A480-CEFF662DD29F} = {644B047A-17E2-40B1-9F1C-D5F25AB876CE}
		{19D1BC2F-D0EB-4012-BCF2-CED6F3B926B2} = {644B047A-17E2-40B1-9F1C-D5F25AB876CE}
		{AA98B2BE-929C-4BBA-B352-E3095DBEB96B} = {3D0BB23B-C814-429E-9B69-7BF1231C0F29}
		{560B4D9D-4F4C-4659-8860-1C628448D154} = {3D0BB23B-C814-429E-9B69-7BF1231C0F29}
		{6C13790D-5C7A-4D9F-9D8B-4CD28F3536F6} = {3D0BB23B-C814-429E-9B69-7BF1231C0F29}
		{0F9C056A-DB5D-48ED-A688-BFD04ED4DFD7} = {924ADD2E-F01A-465B-90D9-AEEF82A916FA}
		{A6F59753-3065-4BB3-85A8-1E0778205407} = {924ADD2E-F01A-465B-90D9-AEEF82A916FA}
		{9F0FABF3-4DEB-4389-B659-092A2BA29E7C} = {29D7DF00-E047-4DA1-8AB8-66EE234B0444}
		{E92BA217-1681-453A-AEF8-888028A12070} = {F8FED8D2-E9CC-484B-9794-C60B0191CF7C}
		{C1B1F481-6E3E-464C-A983-CB56AD430C1D} = {F0102493-1FA9-4308-AEEB-CB04B14C6E71}
		{41B70B30-590D-476D-B58C-6CD05262DDA1} = {98B03C7B-E289-4E85-B54F-A490DAA0D74D}
		{C6C4637E-F0B7-43DF-A692-D8B82245311A} = {924ADD2E-F01A-465B-90D9-AEEF82A916FA}
		{24C8E95E-66EA-4E35-8584-C50171B68984} = {D150B452-1254-4C2D-90DA-27765E2C7C0B}
		{8B1C755A-7401-43A6-B9EA-FE3625E2AF74} = {2B7D0649-6899-491F-B4E7-70D163B1F72D}
		{9B4E7B86-5F2F-4F84-9786-3D7CCB2024F8} = {8B1C755A-7401-43A6-B9EA-FE3625E2AF74}
		{C0FA7295-375B-4CBE-9790-64BDBCF12A77} = {3C4C6132-8621-4F1B-BFB8-C3F9C6A0E3DD}
		{B9608A11-F0F0-47AA-BD55-D6E25A310DAA} = {924ADD2E-F01A-465B-90D9-AEEF82A916FA}
		{0F77947A-9E4C-4663-A7EE-C43A4D357217} = {F0102493-1FA9-4308-AEEB-CB04B14C6E71}
		{B21F9BDF-E28D-4C42-91D5-008B0833A3FA} = {F0102493-1FA9-4308-AEEB-CB04B14C6E71}
		{A06209E7-56B8-4C02-B47B-776E6E597A56} = {0A594D30-EDF8-4CAC-B99C-E779A6567205}
		{B711D25A-7B1F-4CEA-9090-AA00523B2DB8} = {0B02489C-37AD-4DB0-A404-7A0CDCEF2798}
		{5BCA1BB1-86EB-420F-9AA5-465635002627} = {2ECE9623-BD00-47BF-A617-3104D0E03486}
		{6D20F8F3-D439-4577-B08D-6268737E6C3F} = {0A594D30-EDF8-4CAC-B99C-E779A6567205}
		{44AFF47F-5878-4045-A851-AA882F27F9E8} = {98B03C7B-E289-4E85-B54F-A490DAA0D74D}
		{CD28C4B4-D4CC-42D4-9A0B-8E0A346AC2E4} = {D150B452-1254-4C2D-90DA-27765E2C7C0B}
		{E1C99406-19E6-4D12-A7FB-ED5818DAE973} = {5BCA1BB1-86EB-420F-9AA5-465635002627}
		{F8064145-66E7-4746-A2AC-946DC14FAB3D} = {95AD54F3-AF49-4AF4-B9EB-0F9A4D1DF3BF}
		{694C9D89-2BBE-46AE-9953-4A2AB09FF500} = {F8FED8D2-E9CC-484B-9794-C60B0191CF7C}
		{0A594D30-EDF8-4CAC-B99C-E779A6567205} = {D150B452-1254-4C2D-90DA-27765E2C7C0B}
		{29D7DF00-E047-4DA1-8AB8-66EE234B0444} = {D150B452-1254-4C2D-90DA-27765E2C7C0B}
		{3D0BB23B-C814-429E-9B69-7BF1231C0F29} = {5BCA1BB1-86EB-420F-9AA5-465635002627}
		{153F3D78-258A-4644-BAEF-51EE589080DF} = {D9020279-B7E7-4D61-88F4-15F5F33D070A}
		{B8E3B80F-5E71-4785-BA18-62E77F74692A} = {D9020279-B7E7-4D61-88F4-15F5F33D070A}
		{0E91EB31-4F0A-41A0-A785-006EA68BDA87} = {90E75EF0-F385-4AA2-BEC2-706D75A4E363}
		{EBD3A77C-453E-4DC7-8616-C75C8580D3F3} = {90E75EF0-F385-4AA2-BEC2-706D75A4E363}
		{2AE99E38-4B45-4D8B-B9D5-840B21F82A43} = {98B03C7B-E289-4E85-B54F-A490DAA0D74D}
		{12C5304D-AE3E-4FF0-8E09-D7B3D3EA90DC} = {2B7D0649-6899-491F-B4E7-70D163B1F72D}
		{34DA3755-975D-4194-8B02-7FA0476B23F0} = {5BCA1BB1-86EB-420F-9AA5-465635002627}
		{1301F6A5-274D-410C-A633-C1316D5BA8E5} = {AEFD9CA5-4866-4ED7-A0D8-A93E3E5A0E43}
		{805FA369-C681-4204-B16B-CFE3AE2FA813} = {92698A9A-2C33-4368-B109-2AE1EEC7DA33}
		{720E76E7-71E2-4570-BD4A-A38B2858BD56} = {2B7D0649-6899-491F-B4E7-70D163B1F72D}
		{5FE7A90C-9319-4A62-955B-8F6F22169679} = {B53BC403-9AFF-40D4-A279-3D79CF72E71A}
		{18454832-DEE4-484F-9750-F67D46B790E7} = {6840BF2D-089C-463B-8AE7-7F256A7F877D}
		{6D064DA4-FE6F-44C1-AC3F-4A6D0C710B81} = {6840BF2D-089C-463B-8AE7-7F256A7F877D}
		{2EB4D42C-33CD-48DF-BD28-3E51934851EB} = {B53BC403-9AFF-40D4-A279-3D79CF72E71A}
		{501D71D8-AE40-46D8-87F8-DF6C60371ADD} = {B53BC403-9AFF-40D4-A279-3D79CF72E71A}
		{357A1FB3-FFEC-4378-B688-85C4A020A98C} = {6840BF2D-089C-463B-8AE7-7F256A7F877D}
		{37453F0B-4612-4DF5-807B-E446D170385F} = {B53BC403-9AFF-40D4-A279-3D79CF72E71A}
		{9BE9B0D1-CD15-4308-A8ED-186603F776B3} = {6840BF2D-089C-463B-8AE7-7F256A7F877D}
		{77C83180-ADC7-4D6C-8DF0-25B0B15D381C} = {6840BF2D-089C-463B-8AE7-7F256A7F877D}
		{B755E1B8-2479-4E64-A039-88BA36263BBD} = {B53BC403-9AFF-40D4-A279-3D79CF72E71A}
		{36BD02F8-CDCF-4B59-B9F4-68D71302F3C7} = {B53BC403-9AFF-40D4-A279-3D79CF72E71A}
		{F3CC13DE-3D05-4CD2-B895-41DA294E0585} = {644B047A-17E2-40B1-9F1C-D5F25AB876CE}
		{05B804CB-DA17-4449-88FB-C2DEF96486A7} = {CEDA36F0-B308-44B5-BAD3-5B87B0C8E27E}
		{CA1A21AB-C915-4101-9FEF-24C76D5F74A9} = {F0102493-1FA9-4308-AEEB-CB04B14C6E71}
		{C70F8F1A-9FDA-41FF-BFB3-4EAB64907D87} = {F0102493-1FA9-4308-AEEB-CB04B14C6E71}
		{397FFB04-CD07-4DEA-8B2C-14C97ADD9379} = {970EB44D-38AF-479F-AFC1-CDDB9C17113A}
		{5E4D635E-5E84-47B1-B638-EF60A1176796} = {970EB44D-38AF-479F-AFC1-CDDB9C17113A}
		{DD26762C-4F49-4D48-8446-0B66B041D4A0} = {FB50A0D8-5AD7-4383-A4F2-4AC28C09C78B}
		{8DD9172B-A711-4C8C-B26F-9C5F5C7A1608} = {D9020279-B7E7-4D61-88F4-15F5F33D070A}
		{82CC4CB7-E4AF-4FD1-B5BF-8F7802D0842C} = {D9020279-B7E7-4D61-88F4-15F5F33D070A}
		{FC66CF81-A030-4A43-B446-7B92B5D8708E} = {FB50A0D8-5AD7-4383-A4F2-4AC28C09C78B}
		{DCFFA2F8-442C-4960-8707-5BA0E5D92BC7} = {924ADD2E-F01A-465B-90D9-AEEF82A916FA}
		{797DE92C-5253-45C5-95E4-92786EBF5266} = {F8FED8D2-E9CC-484B-9794-C60B0191CF7C}
		{5CE7B975-8398-4304-BEC8-E0C2A7A4AF8E} = {3C4C6132-8621-4F1B-BFB8-C3F9C6A0E3DD}
		{9A7E1EE4-234A-48AE-A8B2-EF0EDBAAD602} = {92698A9A-2C33-4368-B109-2AE1EEC7DA33}
		{8ED6281E-5A18-4C2D-B942-B06092E60D5D} = {92698A9A-2C33-4368-B109-2AE1EEC7DA33}
		{699B76F1-9656-49AF-A039-DE597B039FB2} = {D150B452-1254-4C2D-90DA-27765E2C7C0B}
		{1A84610C-2DF5-47A3-95A4-BF5954B5C7D5} = {92698A9A-2C33-4368-B109-2AE1EEC7DA33}
		{475F14AD-FF41-454D-B2CA-04B15FDDB07F} = {3C4C6132-8621-4F1B-BFB8-C3F9C6A0E3DD}
		{27A6D303-3538-4703-AEF4-A3D9BAD12F63} = {FC393CCF-56E4-4207-851B-8E68824C639A}
		{B27A62D2-EC5B-4C0A-B235-87FFC38FCFDF} = {FC393CCF-56E4-4207-851B-8E68824C639A}
		{CEDA36F0-B308-44B5-BAD3-5B87B0C8E27E} = {2ECE9623-BD00-47BF-A617-3104D0E03486}
		{373F0FC5-3C53-41E3-AA93-DE1F1E918C8D} = {574DDC3C-FDFA-4785-BE1B-76B51594A0F6}
		{B608C025-79EB-4C04-A6C6-29168FAA9709} = {574DDC3C-FDFA-4785-BE1B-76B51594A0F6}
		{AEFD9CA5-4866-4ED7-A0D8-A93E3E5A0E43} = {373F0FC5-3C53-41E3-AA93-DE1F1E918C8D}
		{3C4C6132-8621-4F1B-BFB8-C3F9C6A0E3DD} = {B608C025-79EB-4C04-A6C6-29168FAA9709}
		{92698A9A-2C33-4368-B109-2AE1EEC7DA33} = {2ECE9623-BD00-47BF-A617-3104D0E03486}
		{0B02489C-37AD-4DB0-A404-7A0CDCEF2798} = {574DDC3C-FDFA-4785-BE1B-76B51594A0F6}
		{B53BC403-9AFF-40D4-A279-3D79CF72E71A} = {2ECE9623-BD00-47BF-A617-3104D0E03486}
		{F0102493-1FA9-4308-AEEB-CB04B14C6E71} = {27A6D303-3538-4703-AEF4-A3D9BAD12F63}
		{6840BF2D-089C-463B-8AE7-7F256A7F877D} = {B27A62D2-EC5B-4C0A-B235-87FFC38FCFDF}
		{644B047A-17E2-40B1-9F1C-D5F25AB876CE} = {27A6D303-3538-4703-AEF4-A3D9BAD12F63}
		{FB50A0D8-5AD7-4383-A4F2-4AC28C09C78B} = {B27A62D2-EC5B-4C0A-B235-87FFC38FCFDF}
		{0BAA3E94-F53E-424D-8D50-3838F3DFD502} = {27A6D303-3538-4703-AEF4-A3D9BAD12F63}
		{924ADD2E-F01A-465B-90D9-AEEF82A916FA} = {27A6D303-3538-4703-AEF4-A3D9BAD12F63}
		{95AD54F3-AF49-4AF4-B9EB-0F9A4D1DF3BF} = {B27A62D2-EC5B-4C0A-B235-87FFC38FCFDF}
		{98B03C7B-E289-4E85-B54F-A490DAA0D74D} = {27A6D303-3538-4703-AEF4-A3D9BAD12F63}
		{D9020279-B7E7-4D61-88F4-15F5F33D070A} = {B27A62D2-EC5B-4C0A-B235-87FFC38FCFDF}
		{8CD16E4E-E525-4B8D-848D-437ADA040ECB} = {AEFD9CA5-4866-4ED7-A0D8-A93E3E5A0E43}
		{E69D6DAE-C821-4EFD-A8D9-654D102022F1} = {AEFD9CA5-4866-4ED7-A0D8-A93E3E5A0E43}
	EndGlobalSection
	GlobalSection(ExtensibilityGlobals) = postSolution
		EnterpriseLibraryConfigurationToolBinariesPath = packages\Unity.2.1.505.0\lib\NET35
		SolutionGuid = {78357FC2-AE74-41EE-88BC-A3C6451723A9}
	EndGlobalSection
EndGlobal
