
Microsoft Visual Studio Solution File, Format Version 12.00
# Visual Studio 2013
VisualStudioVersion = 12.0.40629.0
MinimumVisualStudioVersion = 10.0.40219.1
Project("{2150E333-8FDC-42A3-9474-1A3956D46DE8}") = "Infrastructure", "Infrastructure", "{F8FED8D2-E9CC-484B-9794-C60B0191CF7C}"
EndProject
Project("{2150E333-8FDC-42A3-9474-1A3956D46DE8}") = "Managers Layer", "Managers Layer", "{90E75EF0-F385-4AA2-BEC2-706D75A4E363}"
EndProject
Project("{2150E333-8FDC-42A3-9474-1A3956D46DE8}") = "DataAccess Layer", "DataAccess Layer", "{71152D90-9B19-442E-AD44-F385A35B4DD2}"
EndProject
Project("{2150E333-8FDC-42A3-9474-1A3956D46DE8}") = "Presentation Layer", "Presentation Layer", "{AFA994D0-4315-495A-A14A-74BC79DA9A51}"
EndProject
Project("{2150E333-8FDC-42A3-9474-1A3956D46DE8}") = "Engines Layer", "Engines Layer", "{970EB44D-38AF-479F-AFC1-CDDB9C17113A}"
EndProject
Project("{2150E333-8FDC-42A3-9474-1A3956D46DE8}") = "Tests", "Tests", "{D150B452-1254-4C2D-90DA-27765E2C7C0B}"
EndProject
Project("{2150E333-8FDC-42A3-9474-1A3956D46DE8}") = "Utils", "Utils", "{2B7D0649-6899-491F-B4E7-70D163B1F72D}"
EndProject
Project("{2150E333-8FDC-42A3-9474-1A3956D46DE8}") = "ConsoleHost", "ConsoleHost", "{2B3C3D7D-D36A-47E8-9395-DB1AA2D271EA}"
EndProject
Project("{FAE04EC0-301F-11D3-BF4B-00C04F79EFBC}") = "EntityFX.EconomicsArcade.Test.EntityTest", "EntityFX.EconomicsArcade.Test.EntityTest\EntityFX.EconomicsArcade.Test.EntityTest.csproj", "{6A8CFFC2-2467-4C6E-93DC-6C76B43E0180}"
EndProject
Project("{FAE04EC0-301F-11D3-BF4B-00C04F79EFBC}") = "EntityFX.EconomicsArcade.Test.DataAccessTest", "EntityFX.EconomicsArcade.Test.DataAccessTest\EntityFX.EconomicsArcade.Test.DataAccessTest.csproj", "{3DE430F2-1610-49C3-9EAF-E1238F149C3D}"
EndProject
Project("{2150E333-8FDC-42A3-9474-1A3956D46DE8}") = "Common", "Common", "{2ECE9623-BD00-47BF-A617-3104D0E03486}"
EndProject
Project("{2150E333-8FDC-42A3-9474-1A3956D46DE8}") = ".nuget", ".nuget", "{E9B9F151-BD79-46FA-83B9-77CF77455F3A}"
	ProjectSection(SolutionItems) = preProject
		.nuget\NuGet.Config = .nuget\NuGet.Config
		.nuget\NuGet.exe = .nuget\NuGet.exe
		.nuget\NuGet.targets = .nuget\NuGet.targets
	EndProjectSection
EndProject
Project("{2150E333-8FDC-42A3-9474-1A3956D46DE8}") = "Shared", "Shared", "{A76DA6B5-F5DC-4E1F-8B1B-E89BA8216229}"
	ProjectSection(SolutionItems) = preProject
		EntityFX.EconomicsArcade.Test.Shared\ContainerBootstrapper.cs = EntityFX.EconomicsArcade.Test.Shared\ContainerBootstrapper.cs
		EntityFX.EconomicsArcade.Test.Shared\GameRunnerBase.cs = EntityFX.EconomicsArcade.Test.Shared\GameRunnerBase.cs
		EntityFX.EconomicsArcade.Test.Shared\PrettyConsole.cs = EntityFX.EconomicsArcade.Test.Shared\PrettyConsole.cs
	EndProjectSection
EndProject
Project("{2150E333-8FDC-42A3-9474-1A3956D46DE8}") = "Notify Consumer Layer", "Notify Consumer Layer", "{5FB81BA3-44E9-4E51-B46D-7EF7BB4C87C1}"
EndProject
Project("{2150E333-8FDC-42A3-9474-1A3956D46DE8}") = "WindowsHost", "WindowsHost", "{7E755489-4971-4475-8018-CE2ACC8D182D}"
EndProject
Project("{FAE04EC0-301F-11D3-BF4B-00C04F79EFBC}") = "EntityFX.EconomicsArcade.Utils.ServiceHost.DataAccess.WindowsSrv", "EntityFX.EconomicsArcade.Utils.ServiceHost.DataAccess.WindowsSrv\EntityFX.EconomicsArcade.Utils.ServiceHost.DataAccess.WindowsSrv.csproj", "{E9168948-DCE6-4FBC-81E5-1B85419BC0EE}"
EndProject
Project("{FAE04EC0-301F-11D3-BF4B-00C04F79EFBC}") = "EntityFX.EconomicsArcade.Utils.ServiceHost.Manager.WindowsSrv", "EntityFX.EconomicsArcade.Utils.ServiceHost.Manager.WindowsSrv\EntityFX.EconomicsArcade.Utils.ServiceHost.Manager.WindowsSrv.csproj", "{D9F1BFE6-F564-4401-97D1-45758359B432}"
EndProject
Project("{FAE04EC0-301F-11D3-BF4B-00C04F79EFBC}") = "EntityFX.EconomicsArcade.Utils.ServiceHost.NotifyConsumer.WindowsSrv", "EntityFX.EconomicsArcade.Utils.ServiceHost.NotifyConsumer.WindowsSrv\EntityFX.EconomicsArcade.Utils.ServiceHost.NotifyConsumer.WindowsSrv.csproj", "{E5B88D3E-F8F5-4DDE-81D2-6381CF3FD3EA}"
EndProject
Project("{FAE04EC0-301F-11D3-BF4B-00C04F79EFBC}") = "EntityFX.EconomicsArcade.Test.MultiClientManagerTest", "EntityFX.EconomicsArcade.Test.MultiClientManagerTest\EntityFX.EconomicsArcade.Test.MultiClientManagerTest.csproj", "{6BA728A2-4566-4D55-AFA0-E52E5D749287}"
EndProject
Project("{00D1A9C2-B5F0-4AF3-8072-F6C62B433612}") = "EntityFX.Gdcame.Database.MsSql", "EntityFX.Gdcame.Database.MsSql\EntityFX.Gdcame.Database.MsSql.sqlproj", "{4FF756A4-148E-4E5D-8AAF-7558660F621E}"
EndProject
Project("{FAE04EC0-301F-11D3-BF4B-00C04F79EFBC}") = "EntityFX.Gdcame.DataAccess.Contract", "EntityFX.Gdcame.DataAccess.Contract\EntityFX.Gdcame.DataAccess.Contract.csproj", "{0932D8B3-29EB-4546-987A-B246421A9B87}"
EndProject
Project("{FAE04EC0-301F-11D3-BF4B-00C04F79EFBC}") = "EntityFX.Gdcame.Common.Contract", "EntityFX.Gdcame.Common.Contract\EntityFX.Gdcame.Common.Contract.csproj", "{89F89C37-F564-47EB-839D-C45ACD9D012A}"
EndProject
Project("{FAE04EC0-301F-11D3-BF4B-00C04F79EFBC}") = "EntityFX.Gdcame.Common.Presentation.Model", "EntityFX.Gdcame.Common.Presentation.Model\EntityFX.Gdcame.Common.Presentation.Model.csproj", "{3B44AFC0-F207-44E4-9F91-7F24E1F4D342}"
EndProject
Project("{FAE04EC0-301F-11D3-BF4B-00C04F79EFBC}") = "EntityFX.Gdcame.DataAccess.Model", "EntityFX.Gdcame.DataAccess.Model\EntityFX.Gdcame.DataAccess.Model.csproj", "{DE1D1C25-F30A-461C-B572-00BFA1C7161E}"
EndProject
Project("{FAE04EC0-301F-11D3-BF4B-00C04F79EFBC}") = "EntityFX.Gdcame.DataAccess.Repository", "EntityFX.Gdcame.DataAccess.Repository\EntityFX.Gdcame.DataAccess.Repository.csproj", "{D5A72A34-5DE5-41E1-B52E-8F70D19CB7BF}"
EndProject
Project("{FAE04EC0-301F-11D3-BF4B-00C04F79EFBC}") = "EntityFX.Gdcame.DataAccess.Service", "EntityFX.Gdcame.DataAccess.Service\EntityFX.Gdcame.DataAccess.Service.csproj", "{2008F2C2-C1FA-4CB9-8A99-A9406AC4967D}"
EndProject
Project("{FAE04EC0-301F-11D3-BF4B-00C04F79EFBC}") = "EntityFX.Gdcame.Infrastructure.Common", "EntityFX.Gdcame.Infrastructure.Common\EntityFX.Gdcame.Infrastructure.Common.csproj", "{924CC67D-9E2B-46BA-BE1D-6C6C780CCFBC}"
EndProject
Project("{FAE04EC0-301F-11D3-BF4B-00C04F79EFBC}") = "EntityFX.Gdcame.Infrastructure.Repository", "EntityFX.Gdcame.Infrastructure.Repository\EntityFX.Gdcame.Infrastructure.Repository.csproj", "{95745C95-A356-4E4A-9AC5-25ABD9659831}"
EndProject
Project("{FAE04EC0-301F-11D3-BF4B-00C04F79EFBC}") = "EntityFX.Gdcame.Infrastructure.Service", "EntityFX.Gdcame.Infrastructure.Service\EntityFX.Gdcame.Infrastructure.Service.csproj", "{2B414418-F3D8-4528-BA9F-6FEFA8B7AA03}"
EndProject
Project("{FAE04EC0-301F-11D3-BF4B-00C04F79EFBC}") = "EntityFX.Gdcame.Manager.Contract", "EntityFX.Gdcame.Manager.Contract\EntityFX.Gdcame.Manager.Contract.csproj", "{41696F24-E345-4599-A0C7-0715F64946D8}"
EndProject
Project("{FAE04EC0-301F-11D3-BF4B-00C04F79EFBC}") = "EntityFX.Gdcame.Manager", "EntityFX.Gdcame.Manager\EntityFX.Gdcame.Manager.csproj", "{56A380DE-2370-4C2D-8C8E-EAF3163C92EC}"
EndProject
Project("{FAE04EC0-301F-11D3-BF4B-00C04F79EFBC}") = "EntityFX.Gdcame.GameEngine.Contract", "EntityFX.Gdcame.GameEngine.Contract\EntityFX.Gdcame.GameEngine.Contract.csproj", "{BEEA0656-542B-4C48-A480-CEFF662DD29F}"
EndProject
Project("{FAE04EC0-301F-11D3-BF4B-00C04F79EFBC}") = "EntityFX.Gdcame.GameEngine", "EntityFX.Gdcame.GameEngine\EntityFX.Gdcame.GameEngine.csproj", "{19D1BC2F-D0EB-4012-BCF2-CED6F3B926B2}"
EndProject
Project("{FAE04EC0-301F-11D3-BF4B-00C04F79EFBC}") = "EntityFX.Gdcame.NotifyConsumer.Contract", "EntityFX.Gdcame.NotifyConsumer.Contract\EntityFX.Gdcame.NotifyConsumer.Contract.csproj", "{AA98B2BE-929C-4BBA-B352-E3095DBEB96B}"
EndProject
Project("{FAE04EC0-301F-11D3-BF4B-00C04F79EFBC}") = "EntityFX.Gdcame.NotifyConsumer", "EntityFX.Gdcame.NotifyConsumer\EntityFX.Gdcame.NotifyConsumer.csproj", "{560B4D9D-4F4C-4659-8860-1C628448D154}"
EndProject
Project("{FAE04EC0-301F-11D3-BF4B-00C04F79EFBC}") = "EntityFX.Gdcame.NotifyConsumer.Signalr", "EntityFX.Gdcame.NotifyConsumer.Signalr\EntityFX.Gdcame.NotifyConsumer.Signalr.csproj", "{6C13790D-5C7A-4D9F-9D8B-4CD28F3536F6}"
EndProject
Project("{FAE04EC0-301F-11D3-BF4B-00C04F79EFBC}") = "EntityFX.Gdcame.Presentation.Web.Model", "EntityFX.Gdcame.Presentation.Web.Model\EntityFX.Gdcame.Presentation.Web.Model.csproj", "{0F9C056A-DB5D-48ED-A688-BFD04ED4DFD7}"
EndProject
Project("{FAE04EC0-301F-11D3-BF4B-00C04F79EFBC}") = "EntityFX.Gdcame.Presentation.Web.Controller", "EntityFX.Gdcame.Presentation.Web.Controller\EntityFX.Gdcame.Presentation.Web.Controller.csproj", "{892D6D25-857F-4CA9-A518-526BBF05C011}"
EndProject
Project("{FAE04EC0-301F-11D3-BF4B-00C04F79EFBC}") = "EntityFX.Gdcame.Presentation.Web.Providers", "EntityFX.Gdcame.Presentation.Web.Providers\EntityFX.Gdcame.Presentation.Web.Providers.csproj", "{A6F59753-3065-4BB3-85A8-1E0778205407}"
EndProject
Project("{FAE04EC0-301F-11D3-BF4B-00C04F79EFBC}") = "EntityFX.Gdcame.Presentation.Web.IntranetWebApp", "EntityFX.Gdcame.Presentation.Web.IntranetWebApp\EntityFX.Gdcame.Presentation.Web.IntranetWebApp.csproj", "{223F66A2-74A2-4437-B6C6-5F84B28AD62A}"
EndProject
Project("{FAE04EC0-301F-11D3-BF4B-00C04F79EFBC}") = "EntityFX.Gdcame.Presentation.ConsoleClient", "EntityFX.Gdcame.Presentation.ConsoleClient\EntityFX.Gdcame.Presentation.ConsoleClient.csproj", "{3D8D07C2-B2EB-4FD6-869D-1075FD5FB3C3}"
EndProject
Project("{2150E333-8FDC-42A3-9474-1A3956D46DE8}") = "Web", "Web", "{931A9A36-12BE-414F-81F3-D8E8741E78DC}"
EndProject
Project("{2150E333-8FDC-42A3-9474-1A3956D46DE8}") = "Console", "Console", "{7D99E047-40B6-4BE8-98C5-CB58CBA61596}"
EndProject
Project("{FAE04EC0-301F-11D3-BF4B-00C04F79EFBC}") = "EntityFX.Gdcame.Presentation.Web.WebApp", "EntityFX.Gdcame.Presentation.Web.WebApp\EntityFX.Gdcame.Presentation.Web.WebApp.csproj", "{764AFB60-DF93-460F-83DA-0FFE881E1268}"
EndProject
Project("{FAE04EC0-301F-11D3-BF4B-00C04F79EFBC}") = "EntityFX.Gdcame.Utils.Common", "EntityFX.Gdcame.Utils.Common\EntityFX.Gdcame.Utils.Common.csproj", "{2AE99E38-4B45-4D8B-B9D5-840B21F82A43}"
EndProject
Project("{FAE04EC0-301F-11D3-BF4B-00C04F79EFBC}") = "EntityFX.Gdcame.Utils.ServiceStarter.DataAccess", "EntityFX.Gdcame.Utils.ServiceStarter.DataAccess\EntityFX.Gdcame.Utils.ServiceStarter.DataAccess.csproj", "{1515C66C-C963-4249-B1AC-A1A1110EAF6A}"
EndProject
Project("{FAE04EC0-301F-11D3-BF4B-00C04F79EFBC}") = "EntityFX.Gdcame.Utils.ServiceStarter.Manager", "EntityFX.Gdcame.Utils.ServiceStarter.Manager\EntityFX.Gdcame.Utils.ServiceStarter.Manager.csproj", "{F025D4A4-CDC8-437D-848C-5B71A8249BD2}"
EndProject
Project("{FAE04EC0-301F-11D3-BF4B-00C04F79EFBC}") = "EntityFX.Gdcame.Utils.ServiceStarter.Collapsed", "EntityFX.Gdcame.Utils.ServiceStarter.Collapsed\EntityFX.Gdcame.Utils.ServiceStarter.Collapsed.csproj", "{D017E82C-12BF-4EBD-AE66-E88611CE94E4}"
EndProject
Project("{FAE04EC0-301F-11D3-BF4B-00C04F79EFBC}") = "EntityFX.Gdcame.Utils.ClientProxy.DataAccess", "EntityFX.Gdcame.Utils.ClientProxy.DataAccess\EntityFX.Gdcame.Utils.ClientProxy.DataAccess.csproj", "{CEAD1C8C-20A4-4E48-969A-9AFCD104D109}"
EndProject
Project("{FAE04EC0-301F-11D3-BF4B-00C04F79EFBC}") = "EntityFX.Gdcame.Utils.ClientProxy.Manager", "EntityFX.Gdcame.Utils.ClientProxy.Manager\EntityFX.Gdcame.Utils.ClientProxy.Manager.csproj", "{234EB70F-3E7D-4F66-82B0-2B506518B027}"
EndProject
Project("{FAE04EC0-301F-11D3-BF4B-00C04F79EFBC}") = "EntityFX.Gdcame.Utils.ServiceStarter.NotifyConsumer", "EntityFX.Gdcame.Utils.ServiceStarter.NotifyConsumer\EntityFX.Gdcame.Utils.ServiceStarter.NotifyConsumer.csproj", "{639B148B-D38B-46FA-AEC6-B3883A114C25}"
EndProject
Project("{FAE04EC0-301F-11D3-BF4B-00C04F79EFBC}") = "EntityFX.Gdcame.Utils.ClientProxy.NotifyConsumer", "EntityFX.Gdcame.Utils.ClientProxy.NotifyConsumer\EntityFX.Gdcame.Utils.ClientProxy.NotifyConsumer.csproj", "{F1EC6494-BA8E-406D-BC6C-89E32FAB7769}"
EndProject
Project("{FAE04EC0-301F-11D3-BF4B-00C04F79EFBC}") = "EntityFX.Gdcame.Utils.ConsoleHostApp.Manager", "EntityFX.Gdcame.Utils.ConsoleHostApp.Manager\EntityFX.Gdcame.Utils.ConsoleHostApp.Manager.csproj", "{B21B6E54-ED6B-401B-9460-328F9B3151C5}"
EndProject
Project("{FAE04EC0-301F-11D3-BF4B-00C04F79EFBC}") = "EntityFX.Gdcame.Utils.ConsoleHostApp.DataAccess", "EntityFX.Gdcame.Utils.ConsoleHostApp.DataAccess\EntityFX.Gdcame.Utils.ConsoleHostApp.DataAccess.csproj", "{1436D37D-C109-46C3-BC4D-1FCD444794EF}"
EndProject
Project("{FAE04EC0-301F-11D3-BF4B-00C04F79EFBC}") = "EntityFX.Gdcame.Utils.ConsoleHostApp.NotifyConsumer", "EntityFX.Gdcame.Utils.ConsoleHostApp.NotifyConsumer\EntityFX.Gdcame.Utils.ConsoleHostApp.NotifyConsumer.csproj", "{AAB1EE6C-77C1-49E3-B55F-62F4980BE45B}"
EndProject
Project("{FAE04EC0-301F-11D3-BF4B-00C04F79EFBC}") = "EntityFX.Gdcame.Utils.ConsoleHostApp.Collapsed", "EntityFX.Gdcame.Utils.ConsoleHostApp.Collapsed\EntityFX.Gdcame.Utils.ConsoleHostApp.Collapsed.csproj", "{66C8CFB3-A50F-42C3-A8B8-9B3ACA054340}"
EndProject
Project("{FAE04EC0-301F-11D3-BF4B-00C04F79EFBC}") = "EntityFX.Gdcame.Utils.ConsoleHostApp.FullCollapsed", "EntityFX.Gdcame.Utils.ConsoleHostApp.FullCollapsed\EntityFX.Gdcame.Utils.ConsoleHostApp.FullCollapsed.csproj", "{C69D51CF-8BEA-43CB-8C40-588A9586E757}"
EndProject
Project("{FAE04EC0-301F-11D3-BF4B-00C04F79EFBC}") = "EntityFx.Gdcame.TestApplication", "EntityFx.Gdcame.TestApplication\EntityFx.Gdcame.TestApplication.csproj", "{24C8E95E-66EA-4E35-8584-C50171B68984}"
EndProject
Project("{FAE04EC0-301F-11D3-BF4B-00C04F79EFBC}") = "EntityFx.Gdcame.Test.PerformanceTest", "EntityFx.Gdcame.Test.PerformanceTest\EntityFx.Gdcame.Test.PerformanceTest.csproj", "{9F0FABF3-4DEB-4389-B659-092A2BA29E7C}"
EndProject
Global
	GlobalSection(SolutionConfigurationPlatforms) = preSolution
		Debug|Any CPU = Debug|Any CPU
		Release|Any CPU = Release|Any CPU
	EndGlobalSection
	GlobalSection(ProjectConfigurationPlatforms) = postSolution
		{6A8CFFC2-2467-4C6E-93DC-6C76B43E0180}.Debug|Any CPU.ActiveCfg = Debug|Any CPU
		{6A8CFFC2-2467-4C6E-93DC-6C76B43E0180}.Debug|Any CPU.Build.0 = Debug|Any CPU
		{6A8CFFC2-2467-4C6E-93DC-6C76B43E0180}.Release|Any CPU.ActiveCfg = Release|Any CPU
		{6A8CFFC2-2467-4C6E-93DC-6C76B43E0180}.Release|Any CPU.Build.0 = Release|Any CPU
		{3DE430F2-1610-49C3-9EAF-E1238F149C3D}.Debug|Any CPU.ActiveCfg = Debug|Any CPU
		{3DE430F2-1610-49C3-9EAF-E1238F149C3D}.Debug|Any CPU.Build.0 = Debug|Any CPU
		{3DE430F2-1610-49C3-9EAF-E1238F149C3D}.Release|Any CPU.ActiveCfg = Release|Any CPU
		{3DE430F2-1610-49C3-9EAF-E1238F149C3D}.Release|Any CPU.Build.0 = Release|Any CPU
		{E9168948-DCE6-4FBC-81E5-1B85419BC0EE}.Debug|Any CPU.ActiveCfg = Debug|Any CPU
		{E9168948-DCE6-4FBC-81E5-1B85419BC0EE}.Debug|Any CPU.Build.0 = Debug|Any CPU
		{E9168948-DCE6-4FBC-81E5-1B85419BC0EE}.Release|Any CPU.ActiveCfg = Release|Any CPU
		{E9168948-DCE6-4FBC-81E5-1B85419BC0EE}.Release|Any CPU.Build.0 = Release|Any CPU
		{D9F1BFE6-F564-4401-97D1-45758359B432}.Debug|Any CPU.ActiveCfg = Debug|Any CPU
		{D9F1BFE6-F564-4401-97D1-45758359B432}.Debug|Any CPU.Build.0 = Debug|Any CPU
		{D9F1BFE6-F564-4401-97D1-45758359B432}.Release|Any CPU.ActiveCfg = Release|Any CPU
		{D9F1BFE6-F564-4401-97D1-45758359B432}.Release|Any CPU.Build.0 = Release|Any CPU
		{E5B88D3E-F8F5-4DDE-81D2-6381CF3FD3EA}.Debug|Any CPU.ActiveCfg = Debug|Any CPU
		{E5B88D3E-F8F5-4DDE-81D2-6381CF3FD3EA}.Debug|Any CPU.Build.0 = Debug|Any CPU
		{E5B88D3E-F8F5-4DDE-81D2-6381CF3FD3EA}.Release|Any CPU.ActiveCfg = Release|Any CPU
		{E5B88D3E-F8F5-4DDE-81D2-6381CF3FD3EA}.Release|Any CPU.Build.0 = Release|Any CPU
		{6BA728A2-4566-4D55-AFA0-E52E5D749287}.Debug|Any CPU.ActiveCfg = Debug|Any CPU
		{6BA728A2-4566-4D55-AFA0-E52E5D749287}.Debug|Any CPU.Build.0 = Debug|Any CPU
		{6BA728A2-4566-4D55-AFA0-E52E5D749287}.Release|Any CPU.ActiveCfg = Release|Any CPU
		{6BA728A2-4566-4D55-AFA0-E52E5D749287}.Release|Any CPU.Build.0 = Release|Any CPU
		{4FF756A4-148E-4E5D-8AAF-7558660F621E}.Debug|Any CPU.ActiveCfg = Debug|Any CPU
		{4FF756A4-148E-4E5D-8AAF-7558660F621E}.Debug|Any CPU.Build.0 = Debug|Any CPU
		{4FF756A4-148E-4E5D-8AAF-7558660F621E}.Debug|Any CPU.Deploy.0 = Debug|Any CPU
		{4FF756A4-148E-4E5D-8AAF-7558660F621E}.Release|Any CPU.ActiveCfg = Release|Any CPU
		{4FF756A4-148E-4E5D-8AAF-7558660F621E}.Release|Any CPU.Build.0 = Release|Any CPU
		{4FF756A4-148E-4E5D-8AAF-7558660F621E}.Release|Any CPU.Deploy.0 = Release|Any CPU
		{0932D8B3-29EB-4546-987A-B246421A9B87}.Debug|Any CPU.ActiveCfg = Debug|Any CPU
		{0932D8B3-29EB-4546-987A-B246421A9B87}.Debug|Any CPU.Build.0 = Debug|Any CPU
		{0932D8B3-29EB-4546-987A-B246421A9B87}.Release|Any CPU.ActiveCfg = Release|Any CPU
		{0932D8B3-29EB-4546-987A-B246421A9B87}.Release|Any CPU.Build.0 = Release|Any CPU
		{89F89C37-F564-47EB-839D-C45ACD9D012A}.Debug|Any CPU.ActiveCfg = Debug|Any CPU
		{89F89C37-F564-47EB-839D-C45ACD9D012A}.Debug|Any CPU.Build.0 = Debug|Any CPU
		{89F89C37-F564-47EB-839D-C45ACD9D012A}.Release|Any CPU.ActiveCfg = Release|Any CPU
		{89F89C37-F564-47EB-839D-C45ACD9D012A}.Release|Any CPU.Build.0 = Release|Any CPU
		{3B44AFC0-F207-44E4-9F91-7F24E1F4D342}.Debug|Any CPU.ActiveCfg = Debug|Any CPU
		{3B44AFC0-F207-44E4-9F91-7F24E1F4D342}.Debug|Any CPU.Build.0 = Debug|Any CPU
		{3B44AFC0-F207-44E4-9F91-7F24E1F4D342}.Release|Any CPU.ActiveCfg = Release|Any CPU
		{3B44AFC0-F207-44E4-9F91-7F24E1F4D342}.Release|Any CPU.Build.0 = Release|Any CPU
		{DE1D1C25-F30A-461C-B572-00BFA1C7161E}.Debug|Any CPU.ActiveCfg = Debug|Any CPU
		{DE1D1C25-F30A-461C-B572-00BFA1C7161E}.Debug|Any CPU.Build.0 = Debug|Any CPU
		{DE1D1C25-F30A-461C-B572-00BFA1C7161E}.Release|Any CPU.ActiveCfg = Release|Any CPU
		{DE1D1C25-F30A-461C-B572-00BFA1C7161E}.Release|Any CPU.Build.0 = Release|Any CPU
		{D5A72A34-5DE5-41E1-B52E-8F70D19CB7BF}.Debug|Any CPU.ActiveCfg = Debug|Any CPU
		{D5A72A34-5DE5-41E1-B52E-8F70D19CB7BF}.Debug|Any CPU.Build.0 = Debug|Any CPU
		{D5A72A34-5DE5-41E1-B52E-8F70D19CB7BF}.Release|Any CPU.ActiveCfg = Release|Any CPU
		{D5A72A34-5DE5-41E1-B52E-8F70D19CB7BF}.Release|Any CPU.Build.0 = Release|Any CPU
		{2008F2C2-C1FA-4CB9-8A99-A9406AC4967D}.Debug|Any CPU.ActiveCfg = Debug|Any CPU
		{2008F2C2-C1FA-4CB9-8A99-A9406AC4967D}.Debug|Any CPU.Build.0 = Debug|Any CPU
		{2008F2C2-C1FA-4CB9-8A99-A9406AC4967D}.Release|Any CPU.ActiveCfg = Release|Any CPU
		{2008F2C2-C1FA-4CB9-8A99-A9406AC4967D}.Release|Any CPU.Build.0 = Release|Any CPU
		{924CC67D-9E2B-46BA-BE1D-6C6C780CCFBC}.Debug|Any CPU.ActiveCfg = Debug|Any CPU
		{924CC67D-9E2B-46BA-BE1D-6C6C780CCFBC}.Debug|Any CPU.Build.0 = Debug|Any CPU
		{924CC67D-9E2B-46BA-BE1D-6C6C780CCFBC}.Release|Any CPU.ActiveCfg = Release|Any CPU
		{924CC67D-9E2B-46BA-BE1D-6C6C780CCFBC}.Release|Any CPU.Build.0 = Release|Any CPU
		{95745C95-A356-4E4A-9AC5-25ABD9659831}.Debug|Any CPU.ActiveCfg = Debug|Any CPU
		{95745C95-A356-4E4A-9AC5-25ABD9659831}.Debug|Any CPU.Build.0 = Debug|Any CPU
		{95745C95-A356-4E4A-9AC5-25ABD9659831}.Release|Any CPU.ActiveCfg = Release|Any CPU
		{95745C95-A356-4E4A-9AC5-25ABD9659831}.Release|Any CPU.Build.0 = Release|Any CPU
		{2B414418-F3D8-4528-BA9F-6FEFA8B7AA03}.Debug|Any CPU.ActiveCfg = Debug|Any CPU
		{2B414418-F3D8-4528-BA9F-6FEFA8B7AA03}.Debug|Any CPU.Build.0 = Debug|Any CPU
		{2B414418-F3D8-4528-BA9F-6FEFA8B7AA03}.Release|Any CPU.ActiveCfg = Release|Any CPU
		{2B414418-F3D8-4528-BA9F-6FEFA8B7AA03}.Release|Any CPU.Build.0 = Release|Any CPU
		{41696F24-E345-4599-A0C7-0715F64946D8}.Debug|Any CPU.ActiveCfg = Debug|Any CPU
		{41696F24-E345-4599-A0C7-0715F64946D8}.Debug|Any CPU.Build.0 = Debug|Any CPU
		{41696F24-E345-4599-A0C7-0715F64946D8}.Release|Any CPU.ActiveCfg = Release|Any CPU
		{41696F24-E345-4599-A0C7-0715F64946D8}.Release|Any CPU.Build.0 = Release|Any CPU
		{56A380DE-2370-4C2D-8C8E-EAF3163C92EC}.Debug|Any CPU.ActiveCfg = Debug|Any CPU
		{56A380DE-2370-4C2D-8C8E-EAF3163C92EC}.Debug|Any CPU.Build.0 = Debug|Any CPU
		{56A380DE-2370-4C2D-8C8E-EAF3163C92EC}.Release|Any CPU.ActiveCfg = Release|Any CPU
		{56A380DE-2370-4C2D-8C8E-EAF3163C92EC}.Release|Any CPU.Build.0 = Release|Any CPU
		{BEEA0656-542B-4C48-A480-CEFF662DD29F}.Debug|Any CPU.ActiveCfg = Debug|Any CPU
		{BEEA0656-542B-4C48-A480-CEFF662DD29F}.Debug|Any CPU.Build.0 = Debug|Any CPU
		{BEEA0656-542B-4C48-A480-CEFF662DD29F}.Release|Any CPU.ActiveCfg = Release|Any CPU
		{BEEA0656-542B-4C48-A480-CEFF662DD29F}.Release|Any CPU.Build.0 = Release|Any CPU
		{19D1BC2F-D0EB-4012-BCF2-CED6F3B926B2}.Debug|Any CPU.ActiveCfg = Debug|Any CPU
		{19D1BC2F-D0EB-4012-BCF2-CED6F3B926B2}.Debug|Any CPU.Build.0 = Debug|Any CPU
		{19D1BC2F-D0EB-4012-BCF2-CED6F3B926B2}.Release|Any CPU.ActiveCfg = Release|Any CPU
		{19D1BC2F-D0EB-4012-BCF2-CED6F3B926B2}.Release|Any CPU.Build.0 = Release|Any CPU
		{AA98B2BE-929C-4BBA-B352-E3095DBEB96B}.Debug|Any CPU.ActiveCfg = Debug|Any CPU
		{AA98B2BE-929C-4BBA-B352-E3095DBEB96B}.Debug|Any CPU.Build.0 = Debug|Any CPU
		{AA98B2BE-929C-4BBA-B352-E3095DBEB96B}.Release|Any CPU.ActiveCfg = Release|Any CPU
		{AA98B2BE-929C-4BBA-B352-E3095DBEB96B}.Release|Any CPU.Build.0 = Release|Any CPU
		{560B4D9D-4F4C-4659-8860-1C628448D154}.Debug|Any CPU.ActiveCfg = Debug|Any CPU
		{560B4D9D-4F4C-4659-8860-1C628448D154}.Debug|Any CPU.Build.0 = Debug|Any CPU
		{560B4D9D-4F4C-4659-8860-1C628448D154}.Release|Any CPU.ActiveCfg = Release|Any CPU
		{560B4D9D-4F4C-4659-8860-1C628448D154}.Release|Any CPU.Build.0 = Release|Any CPU
		{6C13790D-5C7A-4D9F-9D8B-4CD28F3536F6}.Debug|Any CPU.ActiveCfg = Debug|Any CPU
		{6C13790D-5C7A-4D9F-9D8B-4CD28F3536F6}.Debug|Any CPU.Build.0 = Debug|Any CPU
		{6C13790D-5C7A-4D9F-9D8B-4CD28F3536F6}.Release|Any CPU.ActiveCfg = Release|Any CPU
		{6C13790D-5C7A-4D9F-9D8B-4CD28F3536F6}.Release|Any CPU.Build.0 = Release|Any CPU
		{0F9C056A-DB5D-48ED-A688-BFD04ED4DFD7}.Debug|Any CPU.ActiveCfg = Debug|Any CPU
		{0F9C056A-DB5D-48ED-A688-BFD04ED4DFD7}.Debug|Any CPU.Build.0 = Debug|Any CPU
		{0F9C056A-DB5D-48ED-A688-BFD04ED4DFD7}.Release|Any CPU.ActiveCfg = Release|Any CPU
		{0F9C056A-DB5D-48ED-A688-BFD04ED4DFD7}.Release|Any CPU.Build.0 = Release|Any CPU
		{892D6D25-857F-4CA9-A518-526BBF05C011}.Debug|Any CPU.ActiveCfg = Debug|Any CPU
		{892D6D25-857F-4CA9-A518-526BBF05C011}.Debug|Any CPU.Build.0 = Debug|Any CPU
		{892D6D25-857F-4CA9-A518-526BBF05C011}.Release|Any CPU.ActiveCfg = Release|Any CPU
		{892D6D25-857F-4CA9-A518-526BBF05C011}.Release|Any CPU.Build.0 = Release|Any CPU
		{A6F59753-3065-4BB3-85A8-1E0778205407}.Debug|Any CPU.ActiveCfg = Debug|Any CPU
		{A6F59753-3065-4BB3-85A8-1E0778205407}.Debug|Any CPU.Build.0 = Debug|Any CPU
		{A6F59753-3065-4BB3-85A8-1E0778205407}.Release|Any CPU.ActiveCfg = Release|Any CPU
		{A6F59753-3065-4BB3-85A8-1E0778205407}.Release|Any CPU.Build.0 = Release|Any CPU
		{223F66A2-74A2-4437-B6C6-5F84B28AD62A}.Debug|Any CPU.ActiveCfg = Debug|Any CPU
		{223F66A2-74A2-4437-B6C6-5F84B28AD62A}.Debug|Any CPU.Build.0 = Debug|Any CPU
		{223F66A2-74A2-4437-B6C6-5F84B28AD62A}.Release|Any CPU.ActiveCfg = Release|Any CPU
		{223F66A2-74A2-4437-B6C6-5F84B28AD62A}.Release|Any CPU.Build.0 = Release|Any CPU
		{3D8D07C2-B2EB-4FD6-869D-1075FD5FB3C3}.Debug|Any CPU.ActiveCfg = Debug|Any CPU
		{3D8D07C2-B2EB-4FD6-869D-1075FD5FB3C3}.Debug|Any CPU.Build.0 = Debug|Any CPU
		{3D8D07C2-B2EB-4FD6-869D-1075FD5FB3C3}.Release|Any CPU.ActiveCfg = Release|Any CPU
		{3D8D07C2-B2EB-4FD6-869D-1075FD5FB3C3}.Release|Any CPU.Build.0 = Release|Any CPU
		{764AFB60-DF93-460F-83DA-0FFE881E1268}.Debug|Any CPU.ActiveCfg = Debug|Any CPU
		{764AFB60-DF93-460F-83DA-0FFE881E1268}.Debug|Any CPU.Build.0 = Debug|Any CPU
		{764AFB60-DF93-460F-83DA-0FFE881E1268}.Release|Any CPU.ActiveCfg = Release|Any CPU
		{764AFB60-DF93-460F-83DA-0FFE881E1268}.Release|Any CPU.Build.0 = Release|Any CPU
		{2AE99E38-4B45-4D8B-B9D5-840B21F82A43}.Debug|Any CPU.ActiveCfg = Debug|Any CPU
		{2AE99E38-4B45-4D8B-B9D5-840B21F82A43}.Debug|Any CPU.Build.0 = Debug|Any CPU
		{2AE99E38-4B45-4D8B-B9D5-840B21F82A43}.Release|Any CPU.ActiveCfg = Release|Any CPU
		{2AE99E38-4B45-4D8B-B9D5-840B21F82A43}.Release|Any CPU.Build.0 = Release|Any CPU
		{1515C66C-C963-4249-B1AC-A1A1110EAF6A}.Debug|Any CPU.ActiveCfg = Debug|Any CPU
		{1515C66C-C963-4249-B1AC-A1A1110EAF6A}.Debug|Any CPU.Build.0 = Debug|Any CPU
		{1515C66C-C963-4249-B1AC-A1A1110EAF6A}.Release|Any CPU.ActiveCfg = Release|Any CPU
		{1515C66C-C963-4249-B1AC-A1A1110EAF6A}.Release|Any CPU.Build.0 = Release|Any CPU
		{F025D4A4-CDC8-437D-848C-5B71A8249BD2}.Debug|Any CPU.ActiveCfg = Debug|Any CPU
		{F025D4A4-CDC8-437D-848C-5B71A8249BD2}.Debug|Any CPU.Build.0 = Debug|Any CPU
		{F025D4A4-CDC8-437D-848C-5B71A8249BD2}.Release|Any CPU.ActiveCfg = Release|Any CPU
		{F025D4A4-CDC8-437D-848C-5B71A8249BD2}.Release|Any CPU.Build.0 = Release|Any CPU
		{D017E82C-12BF-4EBD-AE66-E88611CE94E4}.Debug|Any CPU.ActiveCfg = Debug|Any CPU
		{D017E82C-12BF-4EBD-AE66-E88611CE94E4}.Debug|Any CPU.Build.0 = Debug|Any CPU
		{D017E82C-12BF-4EBD-AE66-E88611CE94E4}.Release|Any CPU.ActiveCfg = Release|Any CPU
		{D017E82C-12BF-4EBD-AE66-E88611CE94E4}.Release|Any CPU.Build.0 = Release|Any CPU
		{CEAD1C8C-20A4-4E48-969A-9AFCD104D109}.Debug|Any CPU.ActiveCfg = Debug|Any CPU
		{CEAD1C8C-20A4-4E48-969A-9AFCD104D109}.Debug|Any CPU.Build.0 = Debug|Any CPU
		{CEAD1C8C-20A4-4E48-969A-9AFCD104D109}.Release|Any CPU.ActiveCfg = Release|Any CPU
		{CEAD1C8C-20A4-4E48-969A-9AFCD104D109}.Release|Any CPU.Build.0 = Release|Any CPU
		{234EB70F-3E7D-4F66-82B0-2B506518B027}.Debug|Any CPU.ActiveCfg = Debug|Any CPU
		{234EB70F-3E7D-4F66-82B0-2B506518B027}.Debug|Any CPU.Build.0 = Debug|Any CPU
		{234EB70F-3E7D-4F66-82B0-2B506518B027}.Release|Any CPU.ActiveCfg = Release|Any CPU
		{234EB70F-3E7D-4F66-82B0-2B506518B027}.Release|Any CPU.Build.0 = Release|Any CPU
		{639B148B-D38B-46FA-AEC6-B3883A114C25}.Debug|Any CPU.ActiveCfg = Debug|Any CPU
		{639B148B-D38B-46FA-AEC6-B3883A114C25}.Debug|Any CPU.Build.0 = Debug|Any CPU
		{639B148B-D38B-46FA-AEC6-B3883A114C25}.Release|Any CPU.ActiveCfg = Release|Any CPU
		{639B148B-D38B-46FA-AEC6-B3883A114C25}.Release|Any CPU.Build.0 = Release|Any CPU
		{F1EC6494-BA8E-406D-BC6C-89E32FAB7769}.Debug|Any CPU.ActiveCfg = Debug|Any CPU
		{F1EC6494-BA8E-406D-BC6C-89E32FAB7769}.Debug|Any CPU.Build.0 = Debug|Any CPU
		{F1EC6494-BA8E-406D-BC6C-89E32FAB7769}.Release|Any CPU.ActiveCfg = Release|Any CPU
		{F1EC6494-BA8E-406D-BC6C-89E32FAB7769}.Release|Any CPU.Build.0 = Release|Any CPU
		{B21B6E54-ED6B-401B-9460-328F9B3151C5}.Debug|Any CPU.ActiveCfg = Debug|Any CPU
		{B21B6E54-ED6B-401B-9460-328F9B3151C5}.Debug|Any CPU.Build.0 = Debug|Any CPU
		{B21B6E54-ED6B-401B-9460-328F9B3151C5}.Release|Any CPU.ActiveCfg = Release|Any CPU
		{B21B6E54-ED6B-401B-9460-328F9B3151C5}.Release|Any CPU.Build.0 = Release|Any CPU
		{1436D37D-C109-46C3-BC4D-1FCD444794EF}.Debug|Any CPU.ActiveCfg = Debug|Any CPU
		{1436D37D-C109-46C3-BC4D-1FCD444794EF}.Debug|Any CPU.Build.0 = Debug|Any CPU
		{1436D37D-C109-46C3-BC4D-1FCD444794EF}.Release|Any CPU.ActiveCfg = Release|Any CPU
		{1436D37D-C109-46C3-BC4D-1FCD444794EF}.Release|Any CPU.Build.0 = Release|Any CPU
		{AAB1EE6C-77C1-49E3-B55F-62F4980BE45B}.Debug|Any CPU.ActiveCfg = Debug|Any CPU
		{AAB1EE6C-77C1-49E3-B55F-62F4980BE45B}.Debug|Any CPU.Build.0 = Debug|Any CPU
		{AAB1EE6C-77C1-49E3-B55F-62F4980BE45B}.Release|Any CPU.ActiveCfg = Release|Any CPU
		{AAB1EE6C-77C1-49E3-B55F-62F4980BE45B}.Release|Any CPU.Build.0 = Release|Any CPU
		{66C8CFB3-A50F-42C3-A8B8-9B3ACA054340}.Debug|Any CPU.ActiveCfg = Debug|Any CPU
		{66C8CFB3-A50F-42C3-A8B8-9B3ACA054340}.Debug|Any CPU.Build.0 = Debug|Any CPU
		{66C8CFB3-A50F-42C3-A8B8-9B3ACA054340}.Release|Any CPU.ActiveCfg = Release|Any CPU
		{66C8CFB3-A50F-42C3-A8B8-9B3ACA054340}.Release|Any CPU.Build.0 = Release|Any CPU
		{C69D51CF-8BEA-43CB-8C40-588A9586E757}.Debug|Any CPU.ActiveCfg = Debug|Any CPU
		{C69D51CF-8BEA-43CB-8C40-588A9586E757}.Debug|Any CPU.Build.0 = Debug|Any CPU
		{C69D51CF-8BEA-43CB-8C40-588A9586E757}.Release|Any CPU.ActiveCfg = Release|Any CPU
		{C69D51CF-8BEA-43CB-8C40-588A9586E757}.Release|Any CPU.Build.0 = Release|Any CPU
		{24C8E95E-66EA-4E35-8584-C50171B68984}.Debug|Any CPU.ActiveCfg = Debug|Any CPU
		{24C8E95E-66EA-4E35-8584-C50171B68984}.Debug|Any CPU.Build.0 = Debug|Any CPU
		{24C8E95E-66EA-4E35-8584-C50171B68984}.Release|Any CPU.ActiveCfg = Release|Any CPU
		{24C8E95E-66EA-4E35-8584-C50171B68984}.Release|Any CPU.Build.0 = Release|Any CPU
		{9F0FABF3-4DEB-4389-B659-092A2BA29E7C}.Debug|Any CPU.ActiveCfg = Debug|Any CPU
		{9F0FABF3-4DEB-4389-B659-092A2BA29E7C}.Debug|Any CPU.Build.0 = Debug|Any CPU
		{9F0FABF3-4DEB-4389-B659-092A2BA29E7C}.Release|Any CPU.ActiveCfg = Release|Any CPU
		{9F0FABF3-4DEB-4389-B659-092A2BA29E7C}.Release|Any CPU.Build.0 = Release|Any CPU
	EndGlobalSection
	GlobalSection(SolutionProperties) = preSolution
		HideSolutionNode = FALSE
	EndGlobalSection
	GlobalSection(NestedProjects) = preSolution
		{2B3C3D7D-D36A-47E8-9395-DB1AA2D271EA} = {2B7D0649-6899-491F-B4E7-70D163B1F72D}
		{6A8CFFC2-2467-4C6E-93DC-6C76B43E0180} = {D150B452-1254-4C2D-90DA-27765E2C7C0B}
		{3DE430F2-1610-49C3-9EAF-E1238F149C3D} = {D150B452-1254-4C2D-90DA-27765E2C7C0B}
		{A76DA6B5-F5DC-4E1F-8B1B-E89BA8216229} = {D150B452-1254-4C2D-90DA-27765E2C7C0B}
		{7E755489-4971-4475-8018-CE2ACC8D182D} = {2B7D0649-6899-491F-B4E7-70D163B1F72D}
		{E9168948-DCE6-4FBC-81E5-1B85419BC0EE} = {7E755489-4971-4475-8018-CE2ACC8D182D}
		{D9F1BFE6-F564-4401-97D1-45758359B432} = {7E755489-4971-4475-8018-CE2ACC8D182D}
		{E5B88D3E-F8F5-4DDE-81D2-6381CF3FD3EA} = {7E755489-4971-4475-8018-CE2ACC8D182D}
		{6BA728A2-4566-4D55-AFA0-E52E5D749287} = {D150B452-1254-4C2D-90DA-27765E2C7C0B}
		{4FF756A4-148E-4E5D-8AAF-7558660F621E} = {71152D90-9B19-442E-AD44-F385A35B4DD2}
		{0932D8B3-29EB-4546-987A-B246421A9B87} = {71152D90-9B19-442E-AD44-F385A35B4DD2}
		{89F89C37-F564-47EB-839D-C45ACD9D012A} = {2ECE9623-BD00-47BF-A617-3104D0E03486}
		{3B44AFC0-F207-44E4-9F91-7F24E1F4D342} = {2ECE9623-BD00-47BF-A617-3104D0E03486}
		{DE1D1C25-F30A-461C-B572-00BFA1C7161E} = {71152D90-9B19-442E-AD44-F385A35B4DD2}
		{D5A72A34-5DE5-41E1-B52E-8F70D19CB7BF} = {71152D90-9B19-442E-AD44-F385A35B4DD2}
		{2008F2C2-C1FA-4CB9-8A99-A9406AC4967D} = {71152D90-9B19-442E-AD44-F385A35B4DD2}
		{924CC67D-9E2B-46BA-BE1D-6C6C780CCFBC} = {F8FED8D2-E9CC-484B-9794-C60B0191CF7C}
		{95745C95-A356-4E4A-9AC5-25ABD9659831} = {F8FED8D2-E9CC-484B-9794-C60B0191CF7C}
		{2B414418-F3D8-4528-BA9F-6FEFA8B7AA03} = {F8FED8D2-E9CC-484B-9794-C60B0191CF7C}
		{41696F24-E345-4599-A0C7-0715F64946D8} = {90E75EF0-F385-4AA2-BEC2-706D75A4E363}
		{56A380DE-2370-4C2D-8C8E-EAF3163C92EC} = {90E75EF0-F385-4AA2-BEC2-706D75A4E363}
		{BEEA0656-542B-4C48-A480-CEFF662DD29F} = {970EB44D-38AF-479F-AFC1-CDDB9C17113A}
		{19D1BC2F-D0EB-4012-BCF2-CED6F3B926B2} = {970EB44D-38AF-479F-AFC1-CDDB9C17113A}
		{AA98B2BE-929C-4BBA-B352-E3095DBEB96B} = {5FB81BA3-44E9-4E51-B46D-7EF7BB4C87C1}
		{560B4D9D-4F4C-4659-8860-1C628448D154} = {5FB81BA3-44E9-4E51-B46D-7EF7BB4C87C1}
		{6C13790D-5C7A-4D9F-9D8B-4CD28F3536F6} = {5FB81BA3-44E9-4E51-B46D-7EF7BB4C87C1}
		{0F9C056A-DB5D-48ED-A688-BFD04ED4DFD7} = {931A9A36-12BE-414F-81F3-D8E8741E78DC}
		{892D6D25-857F-4CA9-A518-526BBF05C011} = {931A9A36-12BE-414F-81F3-D8E8741E78DC}
		{A6F59753-3065-4BB3-85A8-1E0778205407} = {931A9A36-12BE-414F-81F3-D8E8741E78DC}
		{223F66A2-74A2-4437-B6C6-5F84B28AD62A} = {931A9A36-12BE-414F-81F3-D8E8741E78DC}
		{3D8D07C2-B2EB-4FD6-869D-1075FD5FB3C3} = {7D99E047-40B6-4BE8-98C5-CB58CBA61596}
		{931A9A36-12BE-414F-81F3-D8E8741E78DC} = {AFA994D0-4315-495A-A14A-74BC79DA9A51}
		{7D99E047-40B6-4BE8-98C5-CB58CBA61596} = {AFA994D0-4315-495A-A14A-74BC79DA9A51}
		{764AFB60-DF93-460F-83DA-0FFE881E1268} = {931A9A36-12BE-414F-81F3-D8E8741E78DC}
		{2AE99E38-4B45-4D8B-B9D5-840B21F82A43} = {2B7D0649-6899-491F-B4E7-70D163B1F72D}
		{1515C66C-C963-4249-B1AC-A1A1110EAF6A} = {2B7D0649-6899-491F-B4E7-70D163B1F72D}
		{F025D4A4-CDC8-437D-848C-5B71A8249BD2} = {2B7D0649-6899-491F-B4E7-70D163B1F72D}
		{D017E82C-12BF-4EBD-AE66-E88611CE94E4} = {2B7D0649-6899-491F-B4E7-70D163B1F72D}
		{CEAD1C8C-20A4-4E48-969A-9AFCD104D109} = {2B7D0649-6899-491F-B4E7-70D163B1F72D}
		{234EB70F-3E7D-4F66-82B0-2B506518B027} = {2B7D0649-6899-491F-B4E7-70D163B1F72D}
		{639B148B-D38B-46FA-AEC6-B3883A114C25} = {2B7D0649-6899-491F-B4E7-70D163B1F72D}
		{F1EC6494-BA8E-406D-BC6C-89E32FAB7769} = {2B7D0649-6899-491F-B4E7-70D163B1F72D}
		{B21B6E54-ED6B-401B-9460-328F9B3151C5} = {2B3C3D7D-D36A-47E8-9395-DB1AA2D271EA}
		{1436D37D-C109-46C3-BC4D-1FCD444794EF} = {2B3C3D7D-D36A-47E8-9395-DB1AA2D271EA}
		{AAB1EE6C-77C1-49E3-B55F-62F4980BE45B} = {2B3C3D7D-D36A-47E8-9395-DB1AA2D271EA}
		{66C8CFB3-A50F-42C3-A8B8-9B3ACA054340} = {2B3C3D7D-D36A-47E8-9395-DB1AA2D271EA}
		{C69D51CF-8BEA-43CB-8C40-588A9586E757} = {2B3C3D7D-D36A-47E8-9395-DB1AA2D271EA}
		{24C8E95E-66EA-4E35-8584-C50171B68984} = {D150B452-1254-4C2D-90DA-27765E2C7C0B}
		{9F0FABF3-4DEB-4389-B659-092A2BA29E7C} = {D150B452-1254-4C2D-90DA-27765E2C7C0B}
	EndGlobalSection
	GlobalSection(Performance) = preSolution
		HasPerformanceSessions = true
	EndGlobalSection
EndGlobal
